// !$*UTF8*$!
{
	archiveVersion = 1;
	classes = {
	};
	objectVersion = 46;
	objects = {

/* Begin PBXBuildFile section */
		F50FE6A01410C6F60051FC7E /* UIKit.framework in Frameworks */ = {isa = PBXBuildFile; fileRef = F50FE69F1410C6F60051FC7E /* UIKit.framework */; };
		F50FE6A21410C6F60051FC7E /* Foundation.framework in Frameworks */ = {isa = PBXBuildFile; fileRef = F50FE6A11410C6F60051FC7E /* Foundation.framework */; };
		F50FE6A41410C6F60051FC7E /* CoreGraphics.framework in Frameworks */ = {isa = PBXBuildFile; fileRef = F50FE6A31410C6F60051FC7E /* CoreGraphics.framework */; };
		F50FE6AA1410C6F60051FC7E /* InfoPlist.strings in Resources */ = {isa = PBXBuildFile; fileRef = F50FE6A81410C6F60051FC7E /* InfoPlist.strings */; };
		F50FE6AC1410C6F60051FC7E /* main.m in Sources */ = {isa = PBXBuildFile; fileRef = F50FE6AB1410C6F60051FC7E /* main.m */; };
		F50FE6DF1410CC250051FC7E /* LjsDateHelperTests.m in Sources */ = {isa = PBXBuildFile; fileRef = F50FE6D91410CC250051FC7E /* LjsDateHelperTests.m */; };
		F50FE6E01410CC250051FC7E /* LjsDecimalAideTests.m in Sources */ = {isa = PBXBuildFile; fileRef = F50FE6DA1410CC250051FC7E /* LjsDecimalAideTests.m */; };
		F50FE6E11410CC250051FC7E /* LjsFormattersTests.m in Sources */ = {isa = PBXBuildFile; fileRef = F50FE6DB1410CC250051FC7E /* LjsFormattersTests.m */; };
		F50FE6E21410CC250051FC7E /* LjsIdGeneratorTests.m in Sources */ = {isa = PBXBuildFile; fileRef = F50FE6DC1410CC250051FC7E /* LjsIdGeneratorTests.m */; };
		F50FE6E31410CC250051FC7E /* LjsKeychainTests.m in Sources */ = {isa = PBXBuildFile; fileRef = F50FE6DD1410CC250051FC7E /* LjsKeychainTests.m */; };
		F50FE6E41410CC250051FC7E /* LjsVariatesTests.m in Sources */ = {isa = PBXBuildFile; fileRef = F50FE6DE1410CC250051FC7E /* LjsVariatesTests.m */; };
		F50FE6FF1410CC420051FC7E /* LjsDateHelper.m in Sources */ = {isa = PBXBuildFile; fileRef = F50FE6EA1410CC420051FC7E /* LjsDateHelper.m */; };
		F50FE7001410CC420051FC7E /* LjsDecimalAide.m in Sources */ = {isa = PBXBuildFile; fileRef = F50FE6EC1410CC420051FC7E /* LjsDecimalAide.m */; };
		F50FE7011410CC420051FC7E /* LjsDNHandler.m in Sources */ = {isa = PBXBuildFile; fileRef = F50FE6EE1410CC420051FC7E /* LjsDNHandler.m */; };
		F50FE7021410CC420051FC7E /* LjsFileUtilities.m in Sources */ = {isa = PBXBuildFile; fileRef = F50FE6F01410CC420051FC7E /* LjsFileUtilities.m */; };
		F50FE7041410CC420051FC7E /* LjsIdGenerator.m in Sources */ = {isa = PBXBuildFile; fileRef = F50FE6F41410CC420051FC7E /* LjsIdGenerator.m */; };
		F50FE7051410CC420051FC7E /* LjsObjectWithUUID.m in Sources */ = {isa = PBXBuildFile; fileRef = F50FE6F61410CC420051FC7E /* LjsObjectWithUUID.m */; };
		F50FE7061410CC420051FC7E /* LjsVariates.m in Sources */ = {isa = PBXBuildFile; fileRef = F50FE6F81410CC420051FC7E /* LjsVariates.m */; };
		F50FE72C1410CD570051FC7E /* LjsFormatters.m in Sources */ = {isa = PBXBuildFile; fileRef = F50FE72B1410CD560051FC7E /* LjsFormatters.m */; };
		F50FE7321410D2D60051FC7E /* LjsGlobals.m in Sources */ = {isa = PBXBuildFile; fileRef = F50FE7311410D2D50051FC7E /* LjsGlobals.m */; };
		F50FE7351410D3160051FC7E /* Security.framework in Frameworks */ = {isa = PBXBuildFile; fileRef = F50FE7331410D30D0051FC7E /* Security.framework */; };
		F529524514232EB5009C67EE /* LjsValidator.m in Sources */ = {isa = PBXBuildFile; fileRef = F529524414232EB5009C67EE /* LjsValidator.m */; };
		F529524814232F47009C67EE /* LjsValidatorTests.m in Sources */ = {isa = PBXBuildFile; fileRef = F529524714232F47009C67EE /* LjsValidatorTests.m */; };
		F529524A14234EA4009C67EE /* LjsFormatter.m in Sources */ = {isa = PBXBuildFile; fileRef = F529524914234EA4009C67EE /* LjsFormatter.m */; };
		F5448ACA1450B63B0065E516 /* config-for-debug-and-release-block.txt in Resources */ = {isa = PBXBuildFile; fileRef = F5448AB91450B63B0065E516 /* config-for-debug-and-release-block.txt */; };
		F5448ACB1450B63B0065E516 /* LjsDefaultFormatter.m in Sources */ = {isa = PBXBuildFile; fileRef = F5448ABB1450B63B0065E516 /* LjsDefaultFormatter.m */; };
		F5448ACC1450B63B0065E516 /* LjsMessageBuilder.m in Sources */ = {isa = PBXBuildFile; fileRef = F5448ABE1450B63B0065E516 /* LjsMessageBuilder.m */; };
		F5448ACD1450B63B0065E516 /* LjsTailingFileManager.m in Sources */ = {isa = PBXBuildFile; fileRef = F5448AC01450B63B0065E516 /* LjsTailingFileManager.m */; };
		F5448ACE1450B63B0065E516 /* main.m-for-cocoa-app.txt in Resources */ = {isa = PBXBuildFile; fileRef = F5448AC21450B63B0065E516 /* main.m-for-cocoa-app.txt */; };
		F5448ACF1450B63B0065E516 /* Reporter.m in Sources */ = {isa = PBXBuildFile; fileRef = F5448AC61450B63B0065E516 /* Reporter.m */; };
		F5448AD01450B63B0065E516 /* SFHFKeychainUtils.m in Sources */ = {isa = PBXBuildFile; fileRef = F5448AC91450B63B0065E516 /* SFHFKeychainUtils.m */; };
		F5448AD31450B6590065E516 /* LjsKeychainManager.m in Sources */ = {isa = PBXBuildFile; fileRef = F5448AD21450B6590065E516 /* LjsKeychainManager.m */; };
		F5448AD71450B6FB0065E516 /* FTSWAbstractSingleton.m in Sources */ = {isa = PBXBuildFile; fileRef = F5448AD61450B6FB0065E516 /* FTSWAbstractSingleton.m */; };
		F5448AE91450B86E0065E516 /* DDAbstractDatabaseLogger.m in Sources */ = {isa = PBXBuildFile; fileRef = F5448ADA1450B86E0065E516 /* DDAbstractDatabaseLogger.m */; };
		F5448AEA1450B86E0065E516 /* DDASLLogger.m in Sources */ = {isa = PBXBuildFile; fileRef = F5448ADC1450B86E0065E516 /* DDASLLogger.m */; };
		F5448AEB1450B86E0065E516 /* DDFileLogger.m in Sources */ = {isa = PBXBuildFile; fileRef = F5448ADE1450B86E0065E516 /* DDFileLogger.m */; };
		F5448AEC1450B86E0065E516 /* DDLog.m in Sources */ = {isa = PBXBuildFile; fileRef = F5448AE01450B86E0065E516 /* DDLog.m */; };
		F5448AED1450B86E0065E516 /* DDTTYLogger.m in Sources */ = {isa = PBXBuildFile; fileRef = F5448AE21450B86E0065E516 /* DDTTYLogger.m */; };
		F5448AEE1450B86E0065E516 /* ContextFilterLogFormatter.m in Sources */ = {isa = PBXBuildFile; fileRef = F5448AE51450B86E0065E516 /* ContextFilterLogFormatter.m */; };
		F5448AEF1450B86E0065E516 /* DispatchQueueLogFormatter.m in Sources */ = {isa = PBXBuildFile; fileRef = F5448AE71450B86E0065E516 /* DispatchQueueLogFormatter.m */; };
		F5448AF01450B86E0065E516 /* README.txt in Resources */ = {isa = PBXBuildFile; fileRef = F5448AE81450B86E0065E516 /* README.txt */; };
		F54E39761450E22C0059BF53 /* LjsJsonRpcReply.m in Sources */ = {isa = PBXBuildFile; fileRef = F54E39751450E22C0059BF53 /* LjsJsonRpcReply.m */; };
		F54E39781450E2530059BF53 /* LjsJsonRpcReplyTests.m in Sources */ = {isa = PBXBuildFile; fileRef = F54E39771450E2530059BF53 /* LjsJsonRpcReplyTests.m */; };
		F54E39A21450E4570059BF53 /* ASIHTTPResponseUtils.m in Sources */ = {isa = PBXBuildFile; fileRef = F54E39A11450E4570059BF53 /* ASIHTTPResponseUtils.m */; };
		F54E3A521450E6C90059BF53 /* ASIAuthenticationDialog.m in Sources */ = {isa = PBXBuildFile; fileRef = F54E3A1F1450E6C90059BF53 /* ASIAuthenticationDialog.m */; };
		F54E3A531450E6C90059BF53 /* ASIDataCompressor.m in Sources */ = {isa = PBXBuildFile; fileRef = F54E3A221450E6C90059BF53 /* ASIDataCompressor.m */; };
		F54E3A541450E6C90059BF53 /* ASIDataDecompressor.m in Sources */ = {isa = PBXBuildFile; fileRef = F54E3A241450E6C90059BF53 /* ASIDataDecompressor.m */; };
		F54E3A551450E6C90059BF53 /* ASIDownloadCache.m in Sources */ = {isa = PBXBuildFile; fileRef = F54E3A261450E6C90059BF53 /* ASIDownloadCache.m */; };
		F54E3A561450E6C90059BF53 /* ASIFormDataRequest.m in Sources */ = {isa = PBXBuildFile; fileRef = F54E3A281450E6C90059BF53 /* ASIFormDataRequest.m */; };
		F54E3A571450E6C90059BF53 /* ASIHTTPRequest.m in Sources */ = {isa = PBXBuildFile; fileRef = F54E3A2A1450E6C90059BF53 /* ASIHTTPRequest.m */; };
		F54E3A581450E6C90059BF53 /* ASIInputStream.m in Sources */ = {isa = PBXBuildFile; fileRef = F54E3A2E1450E6C90059BF53 /* ASIInputStream.m */; };
		F54E3A591450E6C90059BF53 /* ASINetworkQueue.m in Sources */ = {isa = PBXBuildFile; fileRef = F54E3A301450E6C90059BF53 /* ASINetworkQueue.m */; };
		F54E3A5A1450E6C90059BF53 /* ASIWebPageRequest.m in Sources */ = {isa = PBXBuildFile; fileRef = F54E3A341450E6C90059BF53 /* ASIWebPageRequest.m */; };
		F54E3A5B1450E6C90059BF53 /* ASICloudFilesCDNRequest.m in Sources */ = {isa = PBXBuildFile; fileRef = F54E3A371450E6C90059BF53 /* ASICloudFilesCDNRequest.m */; };
		F54E3A5C1450E6C90059BF53 /* ASICloudFilesContainer.m in Sources */ = {isa = PBXBuildFile; fileRef = F54E3A391450E6C90059BF53 /* ASICloudFilesContainer.m */; };
		F54E3A5D1450E6C90059BF53 /* ASICloudFilesContainerRequest.m in Sources */ = {isa = PBXBuildFile; fileRef = F54E3A3B1450E6C90059BF53 /* ASICloudFilesContainerRequest.m */; };
		F54E3A5E1450E6C90059BF53 /* ASICloudFilesContainerXMLParserDelegate.m in Sources */ = {isa = PBXBuildFile; fileRef = F54E3A3D1450E6C90059BF53 /* ASICloudFilesContainerXMLParserDelegate.m */; };
		F54E3A5F1450E6C90059BF53 /* ASICloudFilesObject.m in Sources */ = {isa = PBXBuildFile; fileRef = F54E3A3F1450E6C90059BF53 /* ASICloudFilesObject.m */; };
		F54E3A601450E6C90059BF53 /* ASICloudFilesObjectRequest.m in Sources */ = {isa = PBXBuildFile; fileRef = F54E3A411450E6C90059BF53 /* ASICloudFilesObjectRequest.m */; };
		F54E3A611450E6C90059BF53 /* ASICloudFilesRequest.m in Sources */ = {isa = PBXBuildFile; fileRef = F54E3A431450E6C90059BF53 /* ASICloudFilesRequest.m */; };
		F54E3A621450E6C90059BF53 /* ASIS3Bucket.m in Sources */ = {isa = PBXBuildFile; fileRef = F54E3A471450E6C90059BF53 /* ASIS3Bucket.m */; };
		F54E3A631450E6C90059BF53 /* ASIS3BucketObject.m in Sources */ = {isa = PBXBuildFile; fileRef = F54E3A491450E6C90059BF53 /* ASIS3BucketObject.m */; };
		F54E3A641450E6C90059BF53 /* ASIS3BucketRequest.m in Sources */ = {isa = PBXBuildFile; fileRef = F54E3A4B1450E6C90059BF53 /* ASIS3BucketRequest.m */; };
		F54E3A651450E6C90059BF53 /* ASIS3ObjectRequest.m in Sources */ = {isa = PBXBuildFile; fileRef = F54E3A4D1450E6C90059BF53 /* ASIS3ObjectRequest.m */; };
		F54E3A661450E6C90059BF53 /* ASIS3Request.m in Sources */ = {isa = PBXBuildFile; fileRef = F54E3A4F1450E6C90059BF53 /* ASIS3Request.m */; };
		F54E3A671450E6C90059BF53 /* ASIS3ServiceRequest.m in Sources */ = {isa = PBXBuildFile; fileRef = F54E3A511450E6C90059BF53 /* ASIS3ServiceRequest.m */; };
		F54E3A821450E6E80059BF53 /* NSObject+SBJson.m in Sources */ = {isa = PBXBuildFile; fileRef = F54E3A6A1450E6E80059BF53 /* NSObject+SBJson.m */; };
		F54E3A831450E6E80059BF53 /* SBJsonParser.m in Sources */ = {isa = PBXBuildFile; fileRef = F54E3A6D1450E6E80059BF53 /* SBJsonParser.m */; };
		F54E3A841450E6E80059BF53 /* SBJsonStreamParser.m in Sources */ = {isa = PBXBuildFile; fileRef = F54E3A6F1450E6E80059BF53 /* SBJsonStreamParser.m */; };
		F54E3A851450E6E80059BF53 /* SBJsonStreamParserAccumulator.m in Sources */ = {isa = PBXBuildFile; fileRef = F54E3A711450E6E80059BF53 /* SBJsonStreamParserAccumulator.m */; };
		F54E3A861450E6E80059BF53 /* SBJsonStreamParserAdapter.m in Sources */ = {isa = PBXBuildFile; fileRef = F54E3A731450E6E80059BF53 /* SBJsonStreamParserAdapter.m */; };
		F54E3A871450E6E80059BF53 /* SBJsonStreamParserState.m in Sources */ = {isa = PBXBuildFile; fileRef = F54E3A751450E6E80059BF53 /* SBJsonStreamParserState.m */; };
		F54E3A881450E6E80059BF53 /* SBJsonStreamWriter.m in Sources */ = {isa = PBXBuildFile; fileRef = F54E3A771450E6E80059BF53 /* SBJsonStreamWriter.m */; };
		F54E3A891450E6E80059BF53 /* SBJsonStreamWriterAccumulator.m in Sources */ = {isa = PBXBuildFile; fileRef = F54E3A791450E6E80059BF53 /* SBJsonStreamWriterAccumulator.m */; };
		F54E3A8A1450E6E80059BF53 /* SBJsonStreamWriterState.m in Sources */ = {isa = PBXBuildFile; fileRef = F54E3A7B1450E6E80059BF53 /* SBJsonStreamWriterState.m */; };
		F54E3A8B1450E6E80059BF53 /* SBJsonTokeniser.m in Sources */ = {isa = PBXBuildFile; fileRef = F54E3A7D1450E6E80059BF53 /* SBJsonTokeniser.m */; };
		F54E3A8C1450E6E80059BF53 /* SBJsonUTF8Stream.m in Sources */ = {isa = PBXBuildFile; fileRef = F54E3A7F1450E6E80059BF53 /* SBJsonUTF8Stream.m */; };
		F54E3A8D1450E6E80059BF53 /* SBJsonWriter.m in Sources */ = {isa = PBXBuildFile; fileRef = F54E3A811450E6E80059BF53 /* SBJsonWriter.m */; };
		F54E3A911450EA340059BF53 /* Reachability.m in Sources */ = {isa = PBXBuildFile; fileRef = F54E3A901450EA340059BF53 /* Reachability.m */; };
		F54E3A991450EAD40059BF53 /* CFNetwork.framework in Frameworks */ = {isa = PBXBuildFile; fileRef = F54E3A981450EAD40059BF53 /* CFNetwork.framework */; };
		F54E3A9B1450EAE10059BF53 /* SystemConfiguration.framework in Frameworks */ = {isa = PBXBuildFile; fileRef = F54E3A9A1450EAE10059BF53 /* SystemConfiguration.framework */; };
		F54E3A9D1450EAEA0059BF53 /* MobileCoreServices.framework in Frameworks */ = {isa = PBXBuildFile; fileRef = F54E3A9C1450EAEA0059BF53 /* MobileCoreServices.framework */; };
		F54E3A9F1450EB000059BF53 /* libz.dylib in Frameworks */ = {isa = PBXBuildFile; fileRef = F54E3A9E1450EB000059BF53 /* libz.dylib */; };
		F54E3AA11450EB080059BF53 /* libxml2.dylib in Frameworks */ = {isa = PBXBuildFile; fileRef = F54E3AA01450EB080059BF53 /* libxml2.dylib */; };
		F56147AD1450BFB800D2653A /* GHUnitIOS.framework in Frameworks */ = {isa = PBXBuildFile; fileRef = F56147AC1450BFB800D2653A /* GHUnitIOS.framework */; };
		F56147B91450C72A00D2653A /* libOCMock.a in Frameworks */ = {isa = PBXBuildFile; fileRef = F56147B81450C72A00D2653A /* libOCMock.a */; };
		F56147BB1450C86700D2653A /* OCMockWorkingTest.m in Sources */ = {isa = PBXBuildFile; fileRef = F56147BA1450C86700D2653A /* OCMockWorkingTest.m */; };
		F56147BD1450CCC700D2653A /* LjsSecurityManagerTests.m in Sources */ = {isa = PBXBuildFile; fileRef = F56147BC1450CCC700D2653A /* LjsSecurityManagerTests.m */; };
/* End PBXBuildFile section */

/* Begin PBXFileReference section */
		F50FE69B1410C6F60051FC7E /* Tests-iOS.app */ = {isa = PBXFileReference; explicitFileType = wrapper.application; includeInIndex = 0; path = "Tests-iOS.app"; sourceTree = BUILT_PRODUCTS_DIR; };
		F50FE69F1410C6F60051FC7E /* UIKit.framework */ = {isa = PBXFileReference; lastKnownFileType = wrapper.framework; name = UIKit.framework; path = System/Library/Frameworks/UIKit.framework; sourceTree = SDKROOT; };
		F50FE6A11410C6F60051FC7E /* Foundation.framework */ = {isa = PBXFileReference; lastKnownFileType = wrapper.framework; name = Foundation.framework; path = System/Library/Frameworks/Foundation.framework; sourceTree = SDKROOT; };
		F50FE6A31410C6F60051FC7E /* CoreGraphics.framework */ = {isa = PBXFileReference; lastKnownFileType = wrapper.framework; name = CoreGraphics.framework; path = System/Library/Frameworks/CoreGraphics.framework; sourceTree = SDKROOT; };
		F50FE6A71410C6F60051FC7E /* Tests-iOS-Info.plist */ = {isa = PBXFileReference; lastKnownFileType = text.plist.xml; path = "Tests-iOS-Info.plist"; sourceTree = "<group>"; };
		F50FE6A91410C6F60051FC7E /* en */ = {isa = PBXFileReference; lastKnownFileType = text.plist.strings; name = en; path = en.lproj/InfoPlist.strings; sourceTree = "<group>"; };
		F50FE6AB1410C6F60051FC7E /* main.m */ = {isa = PBXFileReference; lastKnownFileType = sourcecode.c.objc; path = main.m; sourceTree = "<group>"; };
		F50FE6AD1410C6F60051FC7E /* Tests-iOS-Prefix.pch */ = {isa = PBXFileReference; lastKnownFileType = sourcecode.c.h; path = "Tests-iOS-Prefix.pch"; sourceTree = "<group>"; };
		F50FE6C51410C7BD0051FC7E /* GHUnitIOS.framework */ = {isa = PBXFileReference; lastKnownFileType = wrapper.framework; path = GHUnitIOS.framework; sourceTree = "<group>"; };
		F50FE6D91410CC250051FC7E /* LjsDateHelperTests.m */ = {isa = PBXFileReference; fileEncoding = 4; lastKnownFileType = sourcecode.c.objc; path = LjsDateHelperTests.m; sourceTree = "<group>"; };
		F50FE6DA1410CC250051FC7E /* LjsDecimalAideTests.m */ = {isa = PBXFileReference; fileEncoding = 4; lastKnownFileType = sourcecode.c.objc; path = LjsDecimalAideTests.m; sourceTree = "<group>"; };
		F50FE6DB1410CC250051FC7E /* LjsFormattersTests.m */ = {isa = PBXFileReference; fileEncoding = 4; lastKnownFileType = sourcecode.c.objc; path = LjsFormattersTests.m; sourceTree = "<group>"; };
		F50FE6DC1410CC250051FC7E /* LjsIdGeneratorTests.m */ = {isa = PBXFileReference; fileEncoding = 4; lastKnownFileType = sourcecode.c.objc; path = LjsIdGeneratorTests.m; sourceTree = "<group>"; };
		F50FE6DD1410CC250051FC7E /* LjsKeychainTests.m */ = {isa = PBXFileReference; fileEncoding = 4; lastKnownFileType = sourcecode.c.objc; path = LjsKeychainTests.m; sourceTree = "<group>"; };
		F50FE6DE1410CC250051FC7E /* LjsVariatesTests.m */ = {isa = PBXFileReference; fileEncoding = 4; lastKnownFileType = sourcecode.c.objc; path = LjsVariatesTests.m; sourceTree = "<group>"; };
		F50FE6E91410CC420051FC7E /* LjsDateHelper.h */ = {isa = PBXFileReference; fileEncoding = 4; lastKnownFileType = sourcecode.c.h; path = LjsDateHelper.h; sourceTree = "<group>"; };
		F50FE6EA1410CC420051FC7E /* LjsDateHelper.m */ = {isa = PBXFileReference; fileEncoding = 4; lastKnownFileType = sourcecode.c.objc; path = LjsDateHelper.m; sourceTree = "<group>"; };
		F50FE6EB1410CC420051FC7E /* LjsDecimalAide.h */ = {isa = PBXFileReference; fileEncoding = 4; lastKnownFileType = sourcecode.c.h; path = LjsDecimalAide.h; sourceTree = "<group>"; };
		F50FE6EC1410CC420051FC7E /* LjsDecimalAide.m */ = {isa = PBXFileReference; fileEncoding = 4; lastKnownFileType = sourcecode.c.objc; path = LjsDecimalAide.m; sourceTree = "<group>"; };
		F50FE6ED1410CC420051FC7E /* LjsDNHandler.h */ = {isa = PBXFileReference; fileEncoding = 4; lastKnownFileType = sourcecode.c.h; path = LjsDNHandler.h; sourceTree = "<group>"; };
		F50FE6EE1410CC420051FC7E /* LjsDNHandler.m */ = {isa = PBXFileReference; fileEncoding = 4; lastKnownFileType = sourcecode.c.objc; path = LjsDNHandler.m; sourceTree = "<group>"; };
		F50FE6EF1410CC420051FC7E /* LjsFileUtilities.h */ = {isa = PBXFileReference; fileEncoding = 4; lastKnownFileType = sourcecode.c.h; path = LjsFileUtilities.h; sourceTree = "<group>"; };
		F50FE6F01410CC420051FC7E /* LjsFileUtilities.m */ = {isa = PBXFileReference; fileEncoding = 4; lastKnownFileType = sourcecode.c.objc; path = LjsFileUtilities.m; sourceTree = "<group>"; };
		F50FE6F11410CC420051FC7E /* LjsFormatter.h */ = {isa = PBXFileReference; fileEncoding = 4; lastKnownFileType = sourcecode.c.h; path = LjsFormatter.h; sourceTree = "<group>"; };
		F50FE6F31410CC420051FC7E /* LjsIdGenerator.h */ = {isa = PBXFileReference; fileEncoding = 4; lastKnownFileType = sourcecode.c.h; path = LjsIdGenerator.h; sourceTree = "<group>"; };
		F50FE6F41410CC420051FC7E /* LjsIdGenerator.m */ = {isa = PBXFileReference; fileEncoding = 4; lastKnownFileType = sourcecode.c.objc; path = LjsIdGenerator.m; sourceTree = "<group>"; };
		F50FE6F51410CC420051FC7E /* LjsObjectWithUUID.h */ = {isa = PBXFileReference; fileEncoding = 4; lastKnownFileType = sourcecode.c.h; path = LjsObjectWithUUID.h; sourceTree = "<group>"; };
		F50FE6F61410CC420051FC7E /* LjsObjectWithUUID.m */ = {isa = PBXFileReference; fileEncoding = 4; lastKnownFileType = sourcecode.c.objc; path = LjsObjectWithUUID.m; sourceTree = "<group>"; };
		F50FE6F71410CC420051FC7E /* LjsVariates.h */ = {isa = PBXFileReference; fileEncoding = 4; lastKnownFileType = sourcecode.c.h; path = LjsVariates.h; sourceTree = "<group>"; };
		F50FE6F81410CC420051FC7E /* LjsVariates.m */ = {isa = PBXFileReference; fileEncoding = 4; lastKnownFileType = sourcecode.c.objc; path = LjsVariates.m; sourceTree = "<group>"; };
		F50FE72A1410CD560051FC7E /* LjsFormatters.h */ = {isa = PBXFileReference; fileEncoding = 4; lastKnownFileType = sourcecode.c.h; path = LjsFormatters.h; sourceTree = "<group>"; };
		F50FE72B1410CD560051FC7E /* LjsFormatters.m */ = {isa = PBXFileReference; fileEncoding = 4; lastKnownFileType = sourcecode.c.objc; path = LjsFormatters.m; sourceTree = "<group>"; };
		F50FE7301410D2D40051FC7E /* LjsGlobals.h */ = {isa = PBXFileReference; fileEncoding = 4; lastKnownFileType = sourcecode.c.h; path = LjsGlobals.h; sourceTree = "<group>"; };
		F50FE7311410D2D50051FC7E /* LjsGlobals.m */ = {isa = PBXFileReference; fileEncoding = 4; lastKnownFileType = sourcecode.c.objc; path = LjsGlobals.m; sourceTree = "<group>"; };
		F50FE7331410D30D0051FC7E /* Security.framework */ = {isa = PBXFileReference; lastKnownFileType = wrapper.framework; name = Security.framework; path = System/Library/Frameworks/Security.framework; sourceTree = SDKROOT; };
		F529524314232EB5009C67EE /* LjsValidator.h */ = {isa = PBXFileReference; fileEncoding = 4; lastKnownFileType = sourcecode.c.h; path = LjsValidator.h; sourceTree = "<group>"; };
		F529524414232EB5009C67EE /* LjsValidator.m */ = {isa = PBXFileReference; fileEncoding = 4; lastKnownFileType = sourcecode.c.objc; path = LjsValidator.m; sourceTree = "<group>"; };
		F529524714232F47009C67EE /* LjsValidatorTests.m */ = {isa = PBXFileReference; fileEncoding = 4; lastKnownFileType = sourcecode.c.objc; path = LjsValidatorTests.m; sourceTree = "<group>"; };
		F529524914234EA4009C67EE /* LjsFormatter.m */ = {isa = PBXFileReference; fileEncoding = 4; lastKnownFileType = sourcecode.c.objc; path = LjsFormatter.m; sourceTree = "<group>"; };
		F5448AB91450B63B0065E516 /* config-for-debug-and-release-block.txt */ = {isa = PBXFileReference; fileEncoding = 4; lastKnownFileType = text; path = "config-for-debug-and-release-block.txt"; sourceTree = "<group>"; };
		F5448ABA1450B63B0065E516 /* LjsDefaultFormatter.h */ = {isa = PBXFileReference; fileEncoding = 4; lastKnownFileType = sourcecode.c.h; path = LjsDefaultFormatter.h; sourceTree = "<group>"; };
		F5448ABB1450B63B0065E516 /* LjsDefaultFormatter.m */ = {isa = PBXFileReference; fileEncoding = 4; lastKnownFileType = sourcecode.c.objc; path = LjsDefaultFormatter.m; sourceTree = "<group>"; };
		F5448ABC1450B63B0065E516 /* LjsLog.h */ = {isa = PBXFileReference; fileEncoding = 4; lastKnownFileType = sourcecode.c.h; path = LjsLog.h; sourceTree = "<group>"; };
		F5448ABD1450B63B0065E516 /* LjsMessageBuilder.h */ = {isa = PBXFileReference; fileEncoding = 4; lastKnownFileType = sourcecode.c.h; path = LjsMessageBuilder.h; sourceTree = "<group>"; };
		F5448ABE1450B63B0065E516 /* LjsMessageBuilder.m */ = {isa = PBXFileReference; fileEncoding = 4; lastKnownFileType = sourcecode.c.objc; path = LjsMessageBuilder.m; sourceTree = "<group>"; };
		F5448ABF1450B63B0065E516 /* LjsTailingFileManager.h */ = {isa = PBXFileReference; fileEncoding = 4; lastKnownFileType = sourcecode.c.h; path = LjsTailingFileManager.h; sourceTree = "<group>"; };
		F5448AC01450B63B0065E516 /* LjsTailingFileManager.m */ = {isa = PBXFileReference; fileEncoding = 4; lastKnownFileType = sourcecode.c.objc; path = LjsTailingFileManager.m; sourceTree = "<group>"; };
		F5448AC11450B63B0065E516 /* Lumberjack.h */ = {isa = PBXFileReference; fileEncoding = 4; lastKnownFileType = sourcecode.c.h; path = Lumberjack.h; sourceTree = "<group>"; };
		F5448AC21450B63B0065E516 /* main.m-for-cocoa-app.txt */ = {isa = PBXFileReference; fileEncoding = 4; lastKnownFileType = text; path = "main.m-for-cocoa-app.txt"; sourceTree = "<group>"; };
		F5448AC51450B63B0065E516 /* Reporter.h */ = {isa = PBXFileReference; fileEncoding = 4; lastKnownFileType = sourcecode.c.h; path = Reporter.h; sourceTree = "<group>"; };
		F5448AC61450B63B0065E516 /* Reporter.m */ = {isa = PBXFileReference; fileEncoding = 4; lastKnownFileType = sourcecode.c.objc; path = Reporter.m; sourceTree = "<group>"; };
		F5448AC81450B63B0065E516 /* SFHFKeychainUtils.h */ = {isa = PBXFileReference; fileEncoding = 4; lastKnownFileType = sourcecode.c.h; path = SFHFKeychainUtils.h; sourceTree = "<group>"; };
		F5448AC91450B63B0065E516 /* SFHFKeychainUtils.m */ = {isa = PBXFileReference; fileEncoding = 4; lastKnownFileType = sourcecode.c.objc; path = SFHFKeychainUtils.m; sourceTree = "<group>"; };
		F5448AD11450B6590065E516 /* LjsKeychainManager.h */ = {isa = PBXFileReference; fileEncoding = 4; lastKnownFileType = sourcecode.c.h; path = LjsKeychainManager.h; sourceTree = "<group>"; };
		F5448AD21450B6590065E516 /* LjsKeychainManager.m */ = {isa = PBXFileReference; fileEncoding = 4; lastKnownFileType = sourcecode.c.objc; path = LjsKeychainManager.m; sourceTree = "<group>"; };
		F5448AD51450B6FB0065E516 /* FTSWAbstractSingleton.h */ = {isa = PBXFileReference; fileEncoding = 4; lastKnownFileType = sourcecode.c.h; path = FTSWAbstractSingleton.h; sourceTree = "<group>"; };
		F5448AD61450B6FB0065E516 /* FTSWAbstractSingleton.m */ = {isa = PBXFileReference; fileEncoding = 4; lastKnownFileType = sourcecode.c.objc; path = FTSWAbstractSingleton.m; sourceTree = "<group>"; };
		F5448AD91450B86E0065E516 /* DDAbstractDatabaseLogger.h */ = {isa = PBXFileReference; fileEncoding = 4; lastKnownFileType = sourcecode.c.h; path = DDAbstractDatabaseLogger.h; sourceTree = "<group>"; };
		F5448ADA1450B86E0065E516 /* DDAbstractDatabaseLogger.m */ = {isa = PBXFileReference; fileEncoding = 4; lastKnownFileType = sourcecode.c.objc; path = DDAbstractDatabaseLogger.m; sourceTree = "<group>"; };
		F5448ADB1450B86E0065E516 /* DDASLLogger.h */ = {isa = PBXFileReference; fileEncoding = 4; lastKnownFileType = sourcecode.c.h; path = DDASLLogger.h; sourceTree = "<group>"; };
		F5448ADC1450B86E0065E516 /* DDASLLogger.m */ = {isa = PBXFileReference; fileEncoding = 4; lastKnownFileType = sourcecode.c.objc; path = DDASLLogger.m; sourceTree = "<group>"; };
		F5448ADD1450B86E0065E516 /* DDFileLogger.h */ = {isa = PBXFileReference; fileEncoding = 4; lastKnownFileType = sourcecode.c.h; path = DDFileLogger.h; sourceTree = "<group>"; };
		F5448ADE1450B86E0065E516 /* DDFileLogger.m */ = {isa = PBXFileReference; fileEncoding = 4; lastKnownFileType = sourcecode.c.objc; path = DDFileLogger.m; sourceTree = "<group>"; };
		F5448ADF1450B86E0065E516 /* DDLog.h */ = {isa = PBXFileReference; fileEncoding = 4; lastKnownFileType = sourcecode.c.h; path = DDLog.h; sourceTree = "<group>"; };
		F5448AE01450B86E0065E516 /* DDLog.m */ = {isa = PBXFileReference; fileEncoding = 4; lastKnownFileType = sourcecode.c.objc; path = DDLog.m; sourceTree = "<group>"; };
		F5448AE11450B86E0065E516 /* DDTTYLogger.h */ = {isa = PBXFileReference; fileEncoding = 4; lastKnownFileType = sourcecode.c.h; path = DDTTYLogger.h; sourceTree = "<group>"; };
		F5448AE21450B86E0065E516 /* DDTTYLogger.m */ = {isa = PBXFileReference; fileEncoding = 4; lastKnownFileType = sourcecode.c.objc; path = DDTTYLogger.m; sourceTree = "<group>"; };
		F5448AE41450B86E0065E516 /* ContextFilterLogFormatter.h */ = {isa = PBXFileReference; fileEncoding = 4; lastKnownFileType = sourcecode.c.h; path = ContextFilterLogFormatter.h; sourceTree = "<group>"; };
		F5448AE51450B86E0065E516 /* ContextFilterLogFormatter.m */ = {isa = PBXFileReference; fileEncoding = 4; lastKnownFileType = sourcecode.c.objc; path = ContextFilterLogFormatter.m; sourceTree = "<group>"; };
		F5448AE61450B86E0065E516 /* DispatchQueueLogFormatter.h */ = {isa = PBXFileReference; fileEncoding = 4; lastKnownFileType = sourcecode.c.h; path = DispatchQueueLogFormatter.h; sourceTree = "<group>"; };
		F5448AE71450B86E0065E516 /* DispatchQueueLogFormatter.m */ = {isa = PBXFileReference; fileEncoding = 4; lastKnownFileType = sourcecode.c.objc; path = DispatchQueueLogFormatter.m; sourceTree = "<group>"; };
		F5448AE81450B86E0065E516 /* README.txt */ = {isa = PBXFileReference; fileEncoding = 4; lastKnownFileType = text; path = README.txt; sourceTree = "<group>"; };
		F54E39741450E22C0059BF53 /* LjsJsonRpcReply.h */ = {isa = PBXFileReference; fileEncoding = 4; lastKnownFileType = sourcecode.c.h; path = LjsJsonRpcReply.h; sourceTree = "<group>"; };
		F54E39751450E22C0059BF53 /* LjsJsonRpcReply.m */ = {isa = PBXFileReference; fileEncoding = 4; lastKnownFileType = sourcecode.c.objc; path = LjsJsonRpcReply.m; sourceTree = "<group>"; };
		F54E39771450E2530059BF53 /* LjsJsonRpcReplyTests.m */ = {isa = PBXFileReference; fileEncoding = 4; lastKnownFileType = sourcecode.c.objc; path = LjsJsonRpcReplyTests.m; sourceTree = "<group>"; };
		F54E39A01450E4570059BF53 /* ASIHTTPResponseUtils.h */ = {isa = PBXFileReference; fileEncoding = 4; lastKnownFileType = sourcecode.c.h; path = ASIHTTPResponseUtils.h; sourceTree = "<group>"; };
		F54E39A11450E4570059BF53 /* ASIHTTPResponseUtils.m */ = {isa = PBXFileReference; fileEncoding = 4; lastKnownFileType = sourcecode.c.objc; path = ASIHTTPResponseUtils.m; sourceTree = "<group>"; };
		F54E3A1E1450E6C90059BF53 /* ASIAuthenticationDialog.h */ = {isa = PBXFileReference; fileEncoding = 4; lastKnownFileType = sourcecode.c.h; name = ASIAuthenticationDialog.h; path = "../asi-http-request/Classes/ASIAuthenticationDialog.h"; sourceTree = "<group>"; };
		F54E3A1F1450E6C90059BF53 /* ASIAuthenticationDialog.m */ = {isa = PBXFileReference; fileEncoding = 4; lastKnownFileType = sourcecode.c.objc; name = ASIAuthenticationDialog.m; path = "../asi-http-request/Classes/ASIAuthenticationDialog.m"; sourceTree = "<group>"; };
		F54E3A201450E6C90059BF53 /* ASICacheDelegate.h */ = {isa = PBXFileReference; fileEncoding = 4; lastKnownFileType = sourcecode.c.h; name = ASICacheDelegate.h; path = "../asi-http-request/Classes/ASICacheDelegate.h"; sourceTree = "<group>"; };
		F54E3A211450E6C90059BF53 /* ASIDataCompressor.h */ = {isa = PBXFileReference; fileEncoding = 4; lastKnownFileType = sourcecode.c.h; name = ASIDataCompressor.h; path = "../asi-http-request/Classes/ASIDataCompressor.h"; sourceTree = "<group>"; };
		F54E3A221450E6C90059BF53 /* ASIDataCompressor.m */ = {isa = PBXFileReference; fileEncoding = 4; lastKnownFileType = sourcecode.c.objc; name = ASIDataCompressor.m; path = "../asi-http-request/Classes/ASIDataCompressor.m"; sourceTree = "<group>"; };
		F54E3A231450E6C90059BF53 /* ASIDataDecompressor.h */ = {isa = PBXFileReference; fileEncoding = 4; lastKnownFileType = sourcecode.c.h; name = ASIDataDecompressor.h; path = "../asi-http-request/Classes/ASIDataDecompressor.h"; sourceTree = "<group>"; };
		F54E3A241450E6C90059BF53 /* ASIDataDecompressor.m */ = {isa = PBXFileReference; fileEncoding = 4; lastKnownFileType = sourcecode.c.objc; name = ASIDataDecompressor.m; path = "../asi-http-request/Classes/ASIDataDecompressor.m"; sourceTree = "<group>"; };
		F54E3A251450E6C90059BF53 /* ASIDownloadCache.h */ = {isa = PBXFileReference; fileEncoding = 4; lastKnownFileType = sourcecode.c.h; name = ASIDownloadCache.h; path = "../asi-http-request/Classes/ASIDownloadCache.h"; sourceTree = "<group>"; };
		F54E3A261450E6C90059BF53 /* ASIDownloadCache.m */ = {isa = PBXFileReference; fileEncoding = 4; lastKnownFileType = sourcecode.c.objc; name = ASIDownloadCache.m; path = "../asi-http-request/Classes/ASIDownloadCache.m"; sourceTree = "<group>"; };
		F54E3A271450E6C90059BF53 /* ASIFormDataRequest.h */ = {isa = PBXFileReference; fileEncoding = 4; lastKnownFileType = sourcecode.c.h; name = ASIFormDataRequest.h; path = "../asi-http-request/Classes/ASIFormDataRequest.h"; sourceTree = "<group>"; };
		F54E3A281450E6C90059BF53 /* ASIFormDataRequest.m */ = {isa = PBXFileReference; fileEncoding = 4; lastKnownFileType = sourcecode.c.objc; name = ASIFormDataRequest.m; path = "../asi-http-request/Classes/ASIFormDataRequest.m"; sourceTree = "<group>"; };
		F54E3A291450E6C90059BF53 /* ASIHTTPRequest.h */ = {isa = PBXFileReference; fileEncoding = 4; lastKnownFileType = sourcecode.c.h; name = ASIHTTPRequest.h; path = "../asi-http-request/Classes/ASIHTTPRequest.h"; sourceTree = "<group>"; };
		F54E3A2A1450E6C90059BF53 /* ASIHTTPRequest.m */ = {isa = PBXFileReference; fileEncoding = 4; lastKnownFileType = sourcecode.c.objc; name = ASIHTTPRequest.m; path = "../asi-http-request/Classes/ASIHTTPRequest.m"; sourceTree = "<group>"; };
		F54E3A2B1450E6C90059BF53 /* ASIHTTPRequestConfig.h */ = {isa = PBXFileReference; fileEncoding = 4; lastKnownFileType = sourcecode.c.h; name = ASIHTTPRequestConfig.h; path = "../asi-http-request/Classes/ASIHTTPRequestConfig.h"; sourceTree = "<group>"; };
		F54E3A2C1450E6C90059BF53 /* ASIHTTPRequestDelegate.h */ = {isa = PBXFileReference; fileEncoding = 4; lastKnownFileType = sourcecode.c.h; name = ASIHTTPRequestDelegate.h; path = "../asi-http-request/Classes/ASIHTTPRequestDelegate.h"; sourceTree = "<group>"; };
		F54E3A2D1450E6C90059BF53 /* ASIInputStream.h */ = {isa = PBXFileReference; fileEncoding = 4; lastKnownFileType = sourcecode.c.h; name = ASIInputStream.h; path = "../asi-http-request/Classes/ASIInputStream.h"; sourceTree = "<group>"; };
		F54E3A2E1450E6C90059BF53 /* ASIInputStream.m */ = {isa = PBXFileReference; fileEncoding = 4; lastKnownFileType = sourcecode.c.objc; name = ASIInputStream.m; path = "../asi-http-request/Classes/ASIInputStream.m"; sourceTree = "<group>"; };
		F54E3A2F1450E6C90059BF53 /* ASINetworkQueue.h */ = {isa = PBXFileReference; fileEncoding = 4; lastKnownFileType = sourcecode.c.h; name = ASINetworkQueue.h; path = "../asi-http-request/Classes/ASINetworkQueue.h"; sourceTree = "<group>"; };
		F54E3A301450E6C90059BF53 /* ASINetworkQueue.m */ = {isa = PBXFileReference; fileEncoding = 4; lastKnownFileType = sourcecode.c.objc; name = ASINetworkQueue.m; path = "../asi-http-request/Classes/ASINetworkQueue.m"; sourceTree = "<group>"; };
		F54E3A311450E6C90059BF53 /* ASIProgressDelegate.h */ = {isa = PBXFileReference; fileEncoding = 4; lastKnownFileType = sourcecode.c.h; name = ASIProgressDelegate.h; path = "../asi-http-request/Classes/ASIProgressDelegate.h"; sourceTree = "<group>"; };
		F54E3A331450E6C90059BF53 /* ASIWebPageRequest.h */ = {isa = PBXFileReference; fileEncoding = 4; lastKnownFileType = sourcecode.c.h; path = ASIWebPageRequest.h; sourceTree = "<group>"; };
		F54E3A341450E6C90059BF53 /* ASIWebPageRequest.m */ = {isa = PBXFileReference; fileEncoding = 4; lastKnownFileType = sourcecode.c.objc; path = ASIWebPageRequest.m; sourceTree = "<group>"; };
		F54E3A361450E6C90059BF53 /* ASICloudFilesCDNRequest.h */ = {isa = PBXFileReference; fileEncoding = 4; lastKnownFileType = sourcecode.c.h; path = ASICloudFilesCDNRequest.h; sourceTree = "<group>"; };
		F54E3A371450E6C90059BF53 /* ASICloudFilesCDNRequest.m */ = {isa = PBXFileReference; fileEncoding = 4; lastKnownFileType = sourcecode.c.objc; path = ASICloudFilesCDNRequest.m; sourceTree = "<group>"; };
		F54E3A381450E6C90059BF53 /* ASICloudFilesContainer.h */ = {isa = PBXFileReference; fileEncoding = 4; lastKnownFileType = sourcecode.c.h; path = ASICloudFilesContainer.h; sourceTree = "<group>"; };
		F54E3A391450E6C90059BF53 /* ASICloudFilesContainer.m */ = {isa = PBXFileReference; fileEncoding = 4; lastKnownFileType = sourcecode.c.objc; path = ASICloudFilesContainer.m; sourceTree = "<group>"; };
		F54E3A3A1450E6C90059BF53 /* ASICloudFilesContainerRequest.h */ = {isa = PBXFileReference; fileEncoding = 4; lastKnownFileType = sourcecode.c.h; path = ASICloudFilesContainerRequest.h; sourceTree = "<group>"; };
		F54E3A3B1450E6C90059BF53 /* ASICloudFilesContainerRequest.m */ = {isa = PBXFileReference; fileEncoding = 4; lastKnownFileType = sourcecode.c.objc; path = ASICloudFilesContainerRequest.m; sourceTree = "<group>"; };
		F54E3A3C1450E6C90059BF53 /* ASICloudFilesContainerXMLParserDelegate.h */ = {isa = PBXFileReference; fileEncoding = 4; lastKnownFileType = sourcecode.c.h; path = ASICloudFilesContainerXMLParserDelegate.h; sourceTree = "<group>"; };
		F54E3A3D1450E6C90059BF53 /* ASICloudFilesContainerXMLParserDelegate.m */ = {isa = PBXFileReference; fileEncoding = 4; lastKnownFileType = sourcecode.c.objc; path = ASICloudFilesContainerXMLParserDelegate.m; sourceTree = "<group>"; };
		F54E3A3E1450E6C90059BF53 /* ASICloudFilesObject.h */ = {isa = PBXFileReference; fileEncoding = 4; lastKnownFileType = sourcecode.c.h; path = ASICloudFilesObject.h; sourceTree = "<group>"; };
		F54E3A3F1450E6C90059BF53 /* ASICloudFilesObject.m */ = {isa = PBXFileReference; fileEncoding = 4; lastKnownFileType = sourcecode.c.objc; path = ASICloudFilesObject.m; sourceTree = "<group>"; };
		F54E3A401450E6C90059BF53 /* ASICloudFilesObjectRequest.h */ = {isa = PBXFileReference; fileEncoding = 4; lastKnownFileType = sourcecode.c.h; path = ASICloudFilesObjectRequest.h; sourceTree = "<group>"; };
		F54E3A411450E6C90059BF53 /* ASICloudFilesObjectRequest.m */ = {isa = PBXFileReference; fileEncoding = 4; lastKnownFileType = sourcecode.c.objc; path = ASICloudFilesObjectRequest.m; sourceTree = "<group>"; };
		F54E3A421450E6C90059BF53 /* ASICloudFilesRequest.h */ = {isa = PBXFileReference; fileEncoding = 4; lastKnownFileType = sourcecode.c.h; path = ASICloudFilesRequest.h; sourceTree = "<group>"; };
		F54E3A431450E6C90059BF53 /* ASICloudFilesRequest.m */ = {isa = PBXFileReference; fileEncoding = 4; lastKnownFileType = sourcecode.c.objc; path = ASICloudFilesRequest.m; sourceTree = "<group>"; };
		F54E3A451450E6C90059BF53 /* ASINSXMLParserCompat.h */ = {isa = PBXFileReference; fileEncoding = 4; lastKnownFileType = sourcecode.c.h; path = ASINSXMLParserCompat.h; sourceTree = "<group>"; };
		F54E3A461450E6C90059BF53 /* ASIS3Bucket.h */ = {isa = PBXFileReference; fileEncoding = 4; lastKnownFileType = sourcecode.c.h; path = ASIS3Bucket.h; sourceTree = "<group>"; };
		F54E3A471450E6C90059BF53 /* ASIS3Bucket.m */ = {isa = PBXFileReference; fileEncoding = 4; lastKnownFileType = sourcecode.c.objc; path = ASIS3Bucket.m; sourceTree = "<group>"; };
		F54E3A481450E6C90059BF53 /* ASIS3BucketObject.h */ = {isa = PBXFileReference; fileEncoding = 4; lastKnownFileType = sourcecode.c.h; path = ASIS3BucketObject.h; sourceTree = "<group>"; };
		F54E3A491450E6C90059BF53 /* ASIS3BucketObject.m */ = {isa = PBXFileReference; fileEncoding = 4; lastKnownFileType = sourcecode.c.objc; path = ASIS3BucketObject.m; sourceTree = "<group>"; };
		F54E3A4A1450E6C90059BF53 /* ASIS3BucketRequest.h */ = {isa = PBXFileReference; fileEncoding = 4; lastKnownFileType = sourcecode.c.h; path = ASIS3BucketRequest.h; sourceTree = "<group>"; };
		F54E3A4B1450E6C90059BF53 /* ASIS3BucketRequest.m */ = {isa = PBXFileReference; fileEncoding = 4; lastKnownFileType = sourcecode.c.objc; path = ASIS3BucketRequest.m; sourceTree = "<group>"; };
		F54E3A4C1450E6C90059BF53 /* ASIS3ObjectRequest.h */ = {isa = PBXFileReference; fileEncoding = 4; lastKnownFileType = sourcecode.c.h; path = ASIS3ObjectRequest.h; sourceTree = "<group>"; };
		F54E3A4D1450E6C90059BF53 /* ASIS3ObjectRequest.m */ = {isa = PBXFileReference; fileEncoding = 4; lastKnownFileType = sourcecode.c.objc; path = ASIS3ObjectRequest.m; sourceTree = "<group>"; };
		F54E3A4E1450E6C90059BF53 /* ASIS3Request.h */ = {isa = PBXFileReference; fileEncoding = 4; lastKnownFileType = sourcecode.c.h; path = ASIS3Request.h; sourceTree = "<group>"; };
		F54E3A4F1450E6C90059BF53 /* ASIS3Request.m */ = {isa = PBXFileReference; fileEncoding = 4; lastKnownFileType = sourcecode.c.objc; path = ASIS3Request.m; sourceTree = "<group>"; };
		F54E3A501450E6C90059BF53 /* ASIS3ServiceRequest.h */ = {isa = PBXFileReference; fileEncoding = 4; lastKnownFileType = sourcecode.c.h; path = ASIS3ServiceRequest.h; sourceTree = "<group>"; };
		F54E3A511450E6C90059BF53 /* ASIS3ServiceRequest.m */ = {isa = PBXFileReference; fileEncoding = 4; lastKnownFileType = sourcecode.c.objc; path = ASIS3ServiceRequest.m; sourceTree = "<group>"; };
		F54E3A691450E6E80059BF53 /* NSObject+SBJson.h */ = {isa = PBXFileReference; fileEncoding = 4; lastKnownFileType = sourcecode.c.h; name = "NSObject+SBJson.h"; path = "../json-framework/Classes/NSObject+SBJson.h"; sourceTree = "<group>"; };
		F54E3A6A1450E6E80059BF53 /* NSObject+SBJson.m */ = {isa = PBXFileReference; fileEncoding = 4; lastKnownFileType = sourcecode.c.objc; name = "NSObject+SBJson.m"; path = "../json-framework/Classes/NSObject+SBJson.m"; sourceTree = "<group>"; };
		F54E3A6B1450E6E80059BF53 /* SBJson.h */ = {isa = PBXFileReference; fileEncoding = 4; lastKnownFileType = sourcecode.c.h; name = SBJson.h; path = "../json-framework/Classes/SBJson.h"; sourceTree = "<group>"; };
		F54E3A6C1450E6E80059BF53 /* SBJsonParser.h */ = {isa = PBXFileReference; fileEncoding = 4; lastKnownFileType = sourcecode.c.h; name = SBJsonParser.h; path = "../json-framework/Classes/SBJsonParser.h"; sourceTree = "<group>"; };
		F54E3A6D1450E6E80059BF53 /* SBJsonParser.m */ = {isa = PBXFileReference; fileEncoding = 4; lastKnownFileType = sourcecode.c.objc; name = SBJsonParser.m; path = "../json-framework/Classes/SBJsonParser.m"; sourceTree = "<group>"; };
		F54E3A6E1450E6E80059BF53 /* SBJsonStreamParser.h */ = {isa = PBXFileReference; fileEncoding = 4; lastKnownFileType = sourcecode.c.h; name = SBJsonStreamParser.h; path = "../json-framework/Classes/SBJsonStreamParser.h"; sourceTree = "<group>"; };
		F54E3A6F1450E6E80059BF53 /* SBJsonStreamParser.m */ = {isa = PBXFileReference; fileEncoding = 4; lastKnownFileType = sourcecode.c.objc; name = SBJsonStreamParser.m; path = "../json-framework/Classes/SBJsonStreamParser.m"; sourceTree = "<group>"; };
		F54E3A701450E6E80059BF53 /* SBJsonStreamParserAccumulator.h */ = {isa = PBXFileReference; fileEncoding = 4; lastKnownFileType = sourcecode.c.h; name = SBJsonStreamParserAccumulator.h; path = "../json-framework/Classes/SBJsonStreamParserAccumulator.h"; sourceTree = "<group>"; };
		F54E3A711450E6E80059BF53 /* SBJsonStreamParserAccumulator.m */ = {isa = PBXFileReference; fileEncoding = 4; lastKnownFileType = sourcecode.c.objc; name = SBJsonStreamParserAccumulator.m; path = "../json-framework/Classes/SBJsonStreamParserAccumulator.m"; sourceTree = "<group>"; };
		F54E3A721450E6E80059BF53 /* SBJsonStreamParserAdapter.h */ = {isa = PBXFileReference; fileEncoding = 4; lastKnownFileType = sourcecode.c.h; name = SBJsonStreamParserAdapter.h; path = "../json-framework/Classes/SBJsonStreamParserAdapter.h"; sourceTree = "<group>"; };
		F54E3A731450E6E80059BF53 /* SBJsonStreamParserAdapter.m */ = {isa = PBXFileReference; fileEncoding = 4; lastKnownFileType = sourcecode.c.objc; name = SBJsonStreamParserAdapter.m; path = "../json-framework/Classes/SBJsonStreamParserAdapter.m"; sourceTree = "<group>"; };
		F54E3A741450E6E80059BF53 /* SBJsonStreamParserState.h */ = {isa = PBXFileReference; fileEncoding = 4; lastKnownFileType = sourcecode.c.h; name = SBJsonStreamParserState.h; path = "../json-framework/Classes/SBJsonStreamParserState.h"; sourceTree = "<group>"; };
		F54E3A751450E6E80059BF53 /* SBJsonStreamParserState.m */ = {isa = PBXFileReference; fileEncoding = 4; lastKnownFileType = sourcecode.c.objc; name = SBJsonStreamParserState.m; path = "../json-framework/Classes/SBJsonStreamParserState.m"; sourceTree = "<group>"; };
		F54E3A761450E6E80059BF53 /* SBJsonStreamWriter.h */ = {isa = PBXFileReference; fileEncoding = 4; lastKnownFileType = sourcecode.c.h; name = SBJsonStreamWriter.h; path = "../json-framework/Classes/SBJsonStreamWriter.h"; sourceTree = "<group>"; };
		F54E3A771450E6E80059BF53 /* SBJsonStreamWriter.m */ = {isa = PBXFileReference; fileEncoding = 4; lastKnownFileType = sourcecode.c.objc; name = SBJsonStreamWriter.m; path = "../json-framework/Classes/SBJsonStreamWriter.m"; sourceTree = "<group>"; };
		F54E3A781450E6E80059BF53 /* SBJsonStreamWriterAccumulator.h */ = {isa = PBXFileReference; fileEncoding = 4; lastKnownFileType = sourcecode.c.h; name = SBJsonStreamWriterAccumulator.h; path = "../json-framework/Classes/SBJsonStreamWriterAccumulator.h"; sourceTree = "<group>"; };
		F54E3A791450E6E80059BF53 /* SBJsonStreamWriterAccumulator.m */ = {isa = PBXFileReference; fileEncoding = 4; lastKnownFileType = sourcecode.c.objc; name = SBJsonStreamWriterAccumulator.m; path = "../json-framework/Classes/SBJsonStreamWriterAccumulator.m"; sourceTree = "<group>"; };
		F54E3A7A1450E6E80059BF53 /* SBJsonStreamWriterState.h */ = {isa = PBXFileReference; fileEncoding = 4; lastKnownFileType = sourcecode.c.h; name = SBJsonStreamWriterState.h; path = "../json-framework/Classes/SBJsonStreamWriterState.h"; sourceTree = "<group>"; };
		F54E3A7B1450E6E80059BF53 /* SBJsonStreamWriterState.m */ = {isa = PBXFileReference; fileEncoding = 4; lastKnownFileType = sourcecode.c.objc; name = SBJsonStreamWriterState.m; path = "../json-framework/Classes/SBJsonStreamWriterState.m"; sourceTree = "<group>"; };
		F54E3A7C1450E6E80059BF53 /* SBJsonTokeniser.h */ = {isa = PBXFileReference; fileEncoding = 4; lastKnownFileType = sourcecode.c.h; name = SBJsonTokeniser.h; path = "../json-framework/Classes/SBJsonTokeniser.h"; sourceTree = "<group>"; };
		F54E3A7D1450E6E80059BF53 /* SBJsonTokeniser.m */ = {isa = PBXFileReference; fileEncoding = 4; lastKnownFileType = sourcecode.c.objc; name = SBJsonTokeniser.m; path = "../json-framework/Classes/SBJsonTokeniser.m"; sourceTree = "<group>"; };
		F54E3A7E1450E6E80059BF53 /* SBJsonUTF8Stream.h */ = {isa = PBXFileReference; fileEncoding = 4; lastKnownFileType = sourcecode.c.h; name = SBJsonUTF8Stream.h; path = "../json-framework/Classes/SBJsonUTF8Stream.h"; sourceTree = "<group>"; };
		F54E3A7F1450E6E80059BF53 /* SBJsonUTF8Stream.m */ = {isa = PBXFileReference; fileEncoding = 4; lastKnownFileType = sourcecode.c.objc; name = SBJsonUTF8Stream.m; path = "../json-framework/Classes/SBJsonUTF8Stream.m"; sourceTree = "<group>"; };
		F54E3A801450E6E80059BF53 /* SBJsonWriter.h */ = {isa = PBXFileReference; fileEncoding = 4; lastKnownFileType = sourcecode.c.h; name = SBJsonWriter.h; path = "../json-framework/Classes/SBJsonWriter.h"; sourceTree = "<group>"; };
		F54E3A811450E6E80059BF53 /* SBJsonWriter.m */ = {isa = PBXFileReference; fileEncoding = 4; lastKnownFileType = sourcecode.c.objc; name = SBJsonWriter.m; path = "../json-framework/Classes/SBJsonWriter.m"; sourceTree = "<group>"; };
		F54E3A8F1450EA340059BF53 /* Reachability.h */ = {isa = PBXFileReference; fileEncoding = 4; lastKnownFileType = sourcecode.c.h; name = Reachability.h; path = "../asi-http-request/External/Reachability/Reachability.h"; sourceTree = "<group>"; };
		F54E3A901450EA340059BF53 /* Reachability.m */ = {isa = PBXFileReference; fileEncoding = 4; lastKnownFileType = sourcecode.c.objc; name = Reachability.m; path = "../asi-http-request/External/Reachability/Reachability.m"; sourceTree = "<group>"; };
		F54E3A981450EAD40059BF53 /* CFNetwork.framework */ = {isa = PBXFileReference; lastKnownFileType = wrapper.framework; name = CFNetwork.framework; path = System/Library/Frameworks/CFNetwork.framework; sourceTree = SDKROOT; };
		F54E3A9A1450EAE10059BF53 /* SystemConfiguration.framework */ = {isa = PBXFileReference; lastKnownFileType = wrapper.framework; name = SystemConfiguration.framework; path = System/Library/Frameworks/SystemConfiguration.framework; sourceTree = SDKROOT; };
		F54E3A9C1450EAEA0059BF53 /* MobileCoreServices.framework */ = {isa = PBXFileReference; lastKnownFileType = wrapper.framework; name = MobileCoreServices.framework; path = System/Library/Frameworks/MobileCoreServices.framework; sourceTree = SDKROOT; };
		F54E3A9E1450EB000059BF53 /* libz.dylib */ = {isa = PBXFileReference; lastKnownFileType = "compiled.mach-o.dylib"; name = libz.dylib; path = usr/lib/libz.dylib; sourceTree = SDKROOT; };
		F54E3AA01450EB080059BF53 /* libxml2.dylib */ = {isa = PBXFileReference; lastKnownFileType = "compiled.mach-o.dylib"; name = libxml2.dylib; path = usr/lib/libxml2.dylib; sourceTree = SDKROOT; };
		F56147AC1450BFB800D2653A /* GHUnitIOS.framework */ = {isa = PBXFileReference; lastKnownFileType = wrapper.framework; name = GHUnitIOS.framework; path = "../gh-unit/Project-iOS/build/Framework/GHUnitIOS.framework"; sourceTree = "<group>"; };
		F56147B21450C72A00D2653A /* NSNotificationCenter+OCMAdditions.h */ = {isa = PBXFileReference; fileEncoding = 4; lastKnownFileType = sourcecode.c.h; path = "NSNotificationCenter+OCMAdditions.h"; sourceTree = "<group>"; };
		F56147B31450C72A00D2653A /* OCMArg.h */ = {isa = PBXFileReference; fileEncoding = 4; lastKnownFileType = sourcecode.c.h; path = OCMArg.h; sourceTree = "<group>"; };
		F56147B41450C72A00D2653A /* OCMConstraint.h */ = {isa = PBXFileReference; fileEncoding = 4; lastKnownFileType = sourcecode.c.h; path = OCMConstraint.h; sourceTree = "<group>"; };
		F56147B51450C72A00D2653A /* OCMock.h */ = {isa = PBXFileReference; fileEncoding = 4; lastKnownFileType = sourcecode.c.h; path = OCMock.h; sourceTree = "<group>"; };
		F56147B61450C72A00D2653A /* OCMockObject.h */ = {isa = PBXFileReference; fileEncoding = 4; lastKnownFileType = sourcecode.c.h; path = OCMockObject.h; sourceTree = "<group>"; };
		F56147B71450C72A00D2653A /* OCMockRecorder.h */ = {isa = PBXFileReference; fileEncoding = 4; lastKnownFileType = sourcecode.c.h; path = OCMockRecorder.h; sourceTree = "<group>"; };
		F56147B81450C72A00D2653A /* libOCMock.a */ = {isa = PBXFileReference; lastKnownFileType = archive.ar; path = libOCMock.a; sourceTree = "<group>"; };
		F56147BA1450C86700D2653A /* OCMockWorkingTest.m */ = {isa = PBXFileReference; fileEncoding = 4; lastKnownFileType = sourcecode.c.objc; path = OCMockWorkingTest.m; sourceTree = "<group>"; };
		F56147BC1450CCC700D2653A /* LjsSecurityManagerTests.m */ = {isa = PBXFileReference; fileEncoding = 4; lastKnownFileType = sourcecode.c.objc; path = LjsSecurityManagerTests.m; sourceTree = "<group>"; };
/* End PBXFileReference section */

/* Begin PBXFrameworksBuildPhase section */
		F50FE6981410C6F60051FC7E /* Frameworks */ = {
			isa = PBXFrameworksBuildPhase;
			buildActionMask = 2147483647;
			files = (
				F54E3AA11450EB080059BF53 /* libxml2.dylib in Frameworks */,
				F54E3A9F1450EB000059BF53 /* libz.dylib in Frameworks */,
				F54E3A9D1450EAEA0059BF53 /* MobileCoreServices.framework in Frameworks */,
				F54E3A9B1450EAE10059BF53 /* SystemConfiguration.framework in Frameworks */,
				F54E3A991450EAD40059BF53 /* CFNetwork.framework in Frameworks */,
				F50FE6A01410C6F60051FC7E /* UIKit.framework in Frameworks */,
				F50FE6A21410C6F60051FC7E /* Foundation.framework in Frameworks */,
				F50FE6A41410C6F60051FC7E /* CoreGraphics.framework in Frameworks */,
				F50FE7351410D3160051FC7E /* Security.framework in Frameworks */,
				F56147AD1450BFB800D2653A /* GHUnitIOS.framework in Frameworks */,
				F56147B91450C72A00D2653A /* libOCMock.a in Frameworks */,
			);
			runOnlyForDeploymentPostprocessing = 0;
		};
/* End PBXFrameworksBuildPhase section */

/* Begin PBXGroup section */
		F50FE6901410C6F60051FC7E = {
			isa = PBXGroup;
			children = (
				F5448AC31450B63B0065E516 /* ThirdParty */,
				F5448AB81450B63B0065E516 /* Logging */,
				F50FE6D71410CC250051FC7E /* Tests */,
				F50FE6E81410CC420051FC7E /* Utilities */,
				F50FE6A51410C6F60051FC7E /* Tests-iOS */,
				F50FE69E1410C6F60051FC7E /* Frameworks */,
				F50FE69C1410C6F60051FC7E /* Products */,
			);
			sourceTree = "<group>";
		};
		F50FE69C1410C6F60051FC7E /* Products */ = {
			isa = PBXGroup;
			children = (
				F50FE69B1410C6F60051FC7E /* Tests-iOS.app */,
			);
			name = Products;
			sourceTree = "<group>";
		};
		F50FE69E1410C6F60051FC7E /* Frameworks */ = {
			isa = PBXGroup;
			children = (
				F54E3AA01450EB080059BF53 /* libxml2.dylib */,
				F54E3A9E1450EB000059BF53 /* libz.dylib */,
				F54E3A9C1450EAEA0059BF53 /* MobileCoreServices.framework */,
				F54E3A9A1450EAE10059BF53 /* SystemConfiguration.framework */,
				F54E3A981450EAD40059BF53 /* CFNetwork.framework */,
				F56147AC1450BFB800D2653A /* GHUnitIOS.framework */,
				F50FE7331410D30D0051FC7E /* Security.framework */,
				F50FE6C41410C7BD0051FC7E /* GHUnit */,
				F50FE69F1410C6F60051FC7E /* UIKit.framework */,
				F50FE6A11410C6F60051FC7E /* Foundation.framework */,
				F50FE6A31410C6F60051FC7E /* CoreGraphics.framework */,
			);
			name = Frameworks;
			sourceTree = "<group>";
		};
		F50FE6A51410C6F60051FC7E /* Tests-iOS */ = {
			isa = PBXGroup;
			children = (
				F50FE6A61410C6F60051FC7E /* Supporting Files */,
			);
			path = "Tests-iOS";
			sourceTree = "<group>";
		};
		F50FE6A61410C6F60051FC7E /* Supporting Files */ = {
			isa = PBXGroup;
			children = (
				F50FE6A71410C6F60051FC7E /* Tests-iOS-Info.plist */,
				F50FE6A81410C6F60051FC7E /* InfoPlist.strings */,
				F50FE6AB1410C6F60051FC7E /* main.m */,
				F50FE6AD1410C6F60051FC7E /* Tests-iOS-Prefix.pch */,
			);
			name = "Supporting Files";
			sourceTree = "<group>";
		};
		F50FE6C41410C7BD0051FC7E /* GHUnit */ = {
			isa = PBXGroup;
			children = (
				F50FE6C51410C7BD0051FC7E /* GHUnitIOS.framework */,
			);
			path = GHUnit;
			sourceTree = "<group>";
		};
		F50FE6D71410CC250051FC7E /* Tests */ = {
			isa = PBXGroup;
			children = (
				F50FE6D81410CC250051FC7E /* Unit */,
				F56147BA1450C86700D2653A /* OCMockWorkingTest.m */,
			);
			name = Tests;
			path = ../Tests;
			sourceTree = "<group>";
		};
		F50FE6D81410CC250051FC7E /* Unit */ = {
			isa = PBXGroup;
			children = (
				F54E39771450E2530059BF53 /* LjsJsonRpcReplyTests.m */,
				F56147BC1450CCC700D2653A /* LjsSecurityManagerTests.m */,
				F50FE6D91410CC250051FC7E /* LjsDateHelperTests.m */,
				F50FE6DA1410CC250051FC7E /* LjsDecimalAideTests.m */,
				F50FE6DB1410CC250051FC7E /* LjsFormattersTests.m */,
				F50FE6DC1410CC250051FC7E /* LjsIdGeneratorTests.m */,
				F50FE6DD1410CC250051FC7E /* LjsKeychainTests.m */,
				F50FE6DE1410CC250051FC7E /* LjsVariatesTests.m */,
				F529524714232F47009C67EE /* LjsValidatorTests.m */,
			);
			path = Unit;
			sourceTree = "<group>";
		};
		F50FE6E81410CC420051FC7E /* Utilities */ = {
			isa = PBXGroup;
			children = (
				F54E399F1450E4570059BF53 /* ASIHTTP */,
				F54E39731450E22C0059BF53 /* JSON-RPC */,
				F5448AD11450B6590065E516 /* LjsKeychainManager.h */,
				F5448AD21450B6590065E516 /* LjsKeychainManager.m */,
				F50FE7301410D2D40051FC7E /* LjsGlobals.h */,
				F50FE7311410D2D50051FC7E /* LjsGlobals.m */,
				F50FE72A1410CD560051FC7E /* LjsFormatters.h */,
				F50FE72B1410CD560051FC7E /* LjsFormatters.m */,
				F50FE6E91410CC420051FC7E /* LjsDateHelper.h */,
				F50FE6EA1410CC420051FC7E /* LjsDateHelper.m */,
				F50FE6EB1410CC420051FC7E /* LjsDecimalAide.h */,
				F50FE6EC1410CC420051FC7E /* LjsDecimalAide.m */,
				F50FE6ED1410CC420051FC7E /* LjsDNHandler.h */,
				F50FE6EE1410CC420051FC7E /* LjsDNHandler.m */,
				F50FE6EF1410CC420051FC7E /* LjsFileUtilities.h */,
				F50FE6F01410CC420051FC7E /* LjsFileUtilities.m */,
				F50FE6F11410CC420051FC7E /* LjsFormatter.h */,
				F529524914234EA4009C67EE /* LjsFormatter.m */,
				F50FE6F31410CC420051FC7E /* LjsIdGenerator.h */,
				F50FE6F41410CC420051FC7E /* LjsIdGenerator.m */,
				F50FE6F51410CC420051FC7E /* LjsObjectWithUUID.h */,
				F50FE6F61410CC420051FC7E /* LjsObjectWithUUID.m */,
				F50FE6F71410CC420051FC7E /* LjsVariates.h */,
				F50FE6F81410CC420051FC7E /* LjsVariates.m */,
				F529524314232EB5009C67EE /* LjsValidator.h */,
				F529524414232EB5009C67EE /* LjsValidator.m */,
			);
			name = Utilities;
			path = ../Utilities;
			sourceTree = "<group>";
		};
		F5448AB81450B63B0065E516 /* Logging */ = {
			isa = PBXGroup;
			children = (
				F5448AB91450B63B0065E516 /* config-for-debug-and-release-block.txt */,
				F5448ABA1450B63B0065E516 /* LjsDefaultFormatter.h */,
				F5448ABB1450B63B0065E516 /* LjsDefaultFormatter.m */,
				F5448ABC1450B63B0065E516 /* LjsLog.h */,
				F5448ABD1450B63B0065E516 /* LjsMessageBuilder.h */,
				F5448ABE1450B63B0065E516 /* LjsMessageBuilder.m */,
				F5448ABF1450B63B0065E516 /* LjsTailingFileManager.h */,
				F5448AC01450B63B0065E516 /* LjsTailingFileManager.m */,
				F5448AC11450B63B0065E516 /* Lumberjack.h */,
				F5448AC21450B63B0065E516 /* main.m-for-cocoa-app.txt */,
			);
			name = Logging;
			path = ../Logging;
			sourceTree = "<group>";
		};
		F5448AC31450B63B0065E516 /* ThirdParty */ = {
			isa = PBXGroup;
			children = (
				F54E3A8E1450EA180059BF53 /* Reachability */,
				F54E3A681450E6D20059BF53 /* SBJSON */,
				F54E3A1D1450E6A90059BF53 /* ASIHTTPRequest */,
				F56147AE1450C72A00D2653A /* ocmock */,
				F5448AD81450B86E0065E516 /* Lumberjack */,
				F5448AD41450B6FB0065E516 /* FTSW */,
				F5448AC41450B63B0065E516 /* Reporter */,
				F5448AC71450B63B0065E516 /* Security */,
			);
			name = ThirdParty;
			path = ../ThirdParty;
			sourceTree = "<group>";
		};
		F5448AC41450B63B0065E516 /* Reporter */ = {
			isa = PBXGroup;
			children = (
				F5448AC51450B63B0065E516 /* Reporter.h */,
				F5448AC61450B63B0065E516 /* Reporter.m */,
			);
			path = Reporter;
			sourceTree = "<group>";
		};
		F5448AC71450B63B0065E516 /* Security */ = {
			isa = PBXGroup;
			children = (
				F5448AC81450B63B0065E516 /* SFHFKeychainUtils.h */,
				F5448AC91450B63B0065E516 /* SFHFKeychainUtils.m */,
			);
			path = Security;
			sourceTree = "<group>";
		};
		F5448AD41450B6FB0065E516 /* FTSW */ = {
			isa = PBXGroup;
			children = (
				F5448AD51450B6FB0065E516 /* FTSWAbstractSingleton.h */,
				F5448AD61450B6FB0065E516 /* FTSWAbstractSingleton.m */,
			);
			path = FTSW;
			sourceTree = "<group>";
		};
		F5448AD81450B86E0065E516 /* Lumberjack */ = {
			isa = PBXGroup;
			children = (
				F5448AD91450B86E0065E516 /* DDAbstractDatabaseLogger.h */,
				F5448ADA1450B86E0065E516 /* DDAbstractDatabaseLogger.m */,
				F5448ADB1450B86E0065E516 /* DDASLLogger.h */,
				F5448ADC1450B86E0065E516 /* DDASLLogger.m */,
				F5448ADD1450B86E0065E516 /* DDFileLogger.h */,
				F5448ADE1450B86E0065E516 /* DDFileLogger.m */,
				F5448ADF1450B86E0065E516 /* DDLog.h */,
				F5448AE01450B86E0065E516 /* DDLog.m */,
				F5448AE11450B86E0065E516 /* DDTTYLogger.h */,
				F5448AE21450B86E0065E516 /* DDTTYLogger.m */,
				F5448AE31450B86E0065E516 /* Extensions */,
			);
			name = Lumberjack;
			path = ../cocoalumberjack/Lumberjack;
			sourceTree = "<group>";
		};
		F5448AE31450B86E0065E516 /* Extensions */ = {
			isa = PBXGroup;
			children = (
				F5448AE41450B86E0065E516 /* ContextFilterLogFormatter.h */,
				F5448AE51450B86E0065E516 /* ContextFilterLogFormatter.m */,
				F5448AE61450B86E0065E516 /* DispatchQueueLogFormatter.h */,
				F5448AE71450B86E0065E516 /* DispatchQueueLogFormatter.m */,
				F5448AE81450B86E0065E516 /* README.txt */,
			);
			path = Extensions;
			sourceTree = "<group>";
		};
		F54E39731450E22C0059BF53 /* JSON-RPC */ = {
			isa = PBXGroup;
			children = (
				F54E39741450E22C0059BF53 /* LjsJsonRpcReply.h */,
				F54E39751450E22C0059BF53 /* LjsJsonRpcReply.m */,
			);
			path = "JSON-RPC";
			sourceTree = "<group>";
		};
		F54E399F1450E4570059BF53 /* ASIHTTP */ = {
			isa = PBXGroup;
			children = (
				F54E39A01450E4570059BF53 /* ASIHTTPResponseUtils.h */,
				F54E39A11450E4570059BF53 /* ASIHTTPResponseUtils.m */,
			);
			path = ASIHTTP;
			sourceTree = "<group>";
		};
		F54E3A1D1450E6A90059BF53 /* ASIHTTPRequest */ = {
			isa = PBXGroup;
			children = (
				F54E3A1E1450E6C90059BF53 /* ASIAuthenticationDialog.h */,
				F54E3A1F1450E6C90059BF53 /* ASIAuthenticationDialog.m */,
				F54E3A201450E6C90059BF53 /* ASICacheDelegate.h */,
				F54E3A211450E6C90059BF53 /* ASIDataCompressor.h */,
				F54E3A221450E6C90059BF53 /* ASIDataCompressor.m */,
				F54E3A231450E6C90059BF53 /* ASIDataDecompressor.h */,
				F54E3A241450E6C90059BF53 /* ASIDataDecompressor.m */,
				F54E3A251450E6C90059BF53 /* ASIDownloadCache.h */,
				F54E3A261450E6C90059BF53 /* ASIDownloadCache.m */,
				F54E3A271450E6C90059BF53 /* ASIFormDataRequest.h */,
				F54E3A281450E6C90059BF53 /* ASIFormDataRequest.m */,
				F54E3A291450E6C90059BF53 /* ASIHTTPRequest.h */,
				F54E3A2A1450E6C90059BF53 /* ASIHTTPRequest.m */,
				F54E3A2B1450E6C90059BF53 /* ASIHTTPRequestConfig.h */,
				F54E3A2C1450E6C90059BF53 /* ASIHTTPRequestDelegate.h */,
				F54E3A2D1450E6C90059BF53 /* ASIInputStream.h */,
				F54E3A2E1450E6C90059BF53 /* ASIInputStream.m */,
				F54E3A2F1450E6C90059BF53 /* ASINetworkQueue.h */,
				F54E3A301450E6C90059BF53 /* ASINetworkQueue.m */,
				F54E3A311450E6C90059BF53 /* ASIProgressDelegate.h */,
				F54E3A321450E6C90059BF53 /* ASIWebPageRequest */,
				F54E3A351450E6C90059BF53 /* CloudFiles */,
				F54E3A441450E6C90059BF53 /* S3 */,
			);
			name = ASIHTTPRequest;
			sourceTree = "<group>";
		};
		F54E3A321450E6C90059BF53 /* ASIWebPageRequest */ = {
			isa = PBXGroup;
			children = (
				F54E3A331450E6C90059BF53 /* ASIWebPageRequest.h */,
				F54E3A341450E6C90059BF53 /* ASIWebPageRequest.m */,
			);
			name = ASIWebPageRequest;
			path = "../asi-http-request/Classes/ASIWebPageRequest";
			sourceTree = "<group>";
		};
		F54E3A351450E6C90059BF53 /* CloudFiles */ = {
			isa = PBXGroup;
			children = (
				F54E3A361450E6C90059BF53 /* ASICloudFilesCDNRequest.h */,
				F54E3A371450E6C90059BF53 /* ASICloudFilesCDNRequest.m */,
				F54E3A381450E6C90059BF53 /* ASICloudFilesContainer.h */,
				F54E3A391450E6C90059BF53 /* ASICloudFilesContainer.m */,
				F54E3A3A1450E6C90059BF53 /* ASICloudFilesContainerRequest.h */,
				F54E3A3B1450E6C90059BF53 /* ASICloudFilesContainerRequest.m */,
				F54E3A3C1450E6C90059BF53 /* ASICloudFilesContainerXMLParserDelegate.h */,
				F54E3A3D1450E6C90059BF53 /* ASICloudFilesContainerXMLParserDelegate.m */,
				F54E3A3E1450E6C90059BF53 /* ASICloudFilesObject.h */,
				F54E3A3F1450E6C90059BF53 /* ASICloudFilesObject.m */,
				F54E3A401450E6C90059BF53 /* ASICloudFilesObjectRequest.h */,
				F54E3A411450E6C90059BF53 /* ASICloudFilesObjectRequest.m */,
				F54E3A421450E6C90059BF53 /* ASICloudFilesRequest.h */,
				F54E3A431450E6C90059BF53 /* ASICloudFilesRequest.m */,
			);
			name = CloudFiles;
			path = "../asi-http-request/Classes/CloudFiles";
			sourceTree = "<group>";
		};
		F54E3A441450E6C90059BF53 /* S3 */ = {
			isa = PBXGroup;
			children = (
				F54E3A451450E6C90059BF53 /* ASINSXMLParserCompat.h */,
				F54E3A461450E6C90059BF53 /* ASIS3Bucket.h */,
				F54E3A471450E6C90059BF53 /* ASIS3Bucket.m */,
				F54E3A481450E6C90059BF53 /* ASIS3BucketObject.h */,
				F54E3A491450E6C90059BF53 /* ASIS3BucketObject.m */,
				F54E3A4A1450E6C90059BF53 /* ASIS3BucketRequest.h */,
				F54E3A4B1450E6C90059BF53 /* ASIS3BucketRequest.m */,
				F54E3A4C1450E6C90059BF53 /* ASIS3ObjectRequest.h */,
				F54E3A4D1450E6C90059BF53 /* ASIS3ObjectRequest.m */,
				F54E3A4E1450E6C90059BF53 /* ASIS3Request.h */,
				F54E3A4F1450E6C90059BF53 /* ASIS3Request.m */,
				F54E3A501450E6C90059BF53 /* ASIS3ServiceRequest.h */,
				F54E3A511450E6C90059BF53 /* ASIS3ServiceRequest.m */,
			);
			name = S3;
			path = "../asi-http-request/Classes/S3";
			sourceTree = "<group>";
		};
		F54E3A681450E6D20059BF53 /* SBJSON */ = {
			isa = PBXGroup;
			children = (
				F54E3A691450E6E80059BF53 /* NSObject+SBJson.h */,
				F54E3A6A1450E6E80059BF53 /* NSObject+SBJson.m */,
				F54E3A6B1450E6E80059BF53 /* SBJson.h */,
				F54E3A6C1450E6E80059BF53 /* SBJsonParser.h */,
				F54E3A6D1450E6E80059BF53 /* SBJsonParser.m */,
				F54E3A6E1450E6E80059BF53 /* SBJsonStreamParser.h */,
				F54E3A6F1450E6E80059BF53 /* SBJsonStreamParser.m */,
				F54E3A701450E6E80059BF53 /* SBJsonStreamParserAccumulator.h */,
				F54E3A711450E6E80059BF53 /* SBJsonStreamParserAccumulator.m */,
				F54E3A721450E6E80059BF53 /* SBJsonStreamParserAdapter.h */,
				F54E3A731450E6E80059BF53 /* SBJsonStreamParserAdapter.m */,
				F54E3A741450E6E80059BF53 /* SBJsonStreamParserState.h */,
				F54E3A751450E6E80059BF53 /* SBJsonStreamParserState.m */,
				F54E3A761450E6E80059BF53 /* SBJsonStreamWriter.h */,
				F54E3A771450E6E80059BF53 /* SBJsonStreamWriter.m */,
				F54E3A781450E6E80059BF53 /* SBJsonStreamWriterAccumulator.h */,
				F54E3A791450E6E80059BF53 /* SBJsonStreamWriterAccumulator.m */,
				F54E3A7A1450E6E80059BF53 /* SBJsonStreamWriterState.h */,
				F54E3A7B1450E6E80059BF53 /* SBJsonStreamWriterState.m */,
				F54E3A7C1450E6E80059BF53 /* SBJsonTokeniser.h */,
				F54E3A7D1450E6E80059BF53 /* SBJsonTokeniser.m */,
				F54E3A7E1450E6E80059BF53 /* SBJsonUTF8Stream.h */,
				F54E3A7F1450E6E80059BF53 /* SBJsonUTF8Stream.m */,
				F54E3A801450E6E80059BF53 /* SBJsonWriter.h */,
				F54E3A811450E6E80059BF53 /* SBJsonWriter.m */,
			);
			name = SBJSON;
			sourceTree = "<group>";
		};
		F54E3A8E1450EA180059BF53 /* Reachability */ = {
			isa = PBXGroup;
			children = (
				F54E3A8F1450EA340059BF53 /* Reachability.h */,
				F54E3A901450EA340059BF53 /* Reachability.m */,
			);
			name = Reachability;
			sourceTree = "<group>";
		};
		F56147AE1450C72A00D2653A /* ocmock */ = {
			isa = PBXGroup;
			children = (
				F56147AF1450C72A00D2653A /* Library */,
			);
			name = ocmock;
			path = ../ocmock;
			sourceTree = "<group>";
		};
		F56147AF1450C72A00D2653A /* Library */ = {
			isa = PBXGroup;
			children = (
				F56147B01450C72A00D2653A /* Headers */,
				F56147B81450C72A00D2653A /* libOCMock.a */,
			);
			path = Library;
			sourceTree = "<group>";
		};
		F56147B01450C72A00D2653A /* Headers */ = {
			isa = PBXGroup;
			children = (
				F56147B11450C72A00D2653A /* OCMock */,
			);
			path = Headers;
			sourceTree = "<group>";
		};
		F56147B11450C72A00D2653A /* OCMock */ = {
			isa = PBXGroup;
			children = (
				F56147B21450C72A00D2653A /* NSNotificationCenter+OCMAdditions.h */,
				F56147B31450C72A00D2653A /* OCMArg.h */,
				F56147B41450C72A00D2653A /* OCMConstraint.h */,
				F56147B51450C72A00D2653A /* OCMock.h */,
				F56147B61450C72A00D2653A /* OCMockObject.h */,
				F56147B71450C72A00D2653A /* OCMockRecorder.h */,
			);
			path = OCMock;
			sourceTree = "<group>";
		};
/* End PBXGroup section */

/* Begin PBXNativeTarget section */
		F50FE69A1410C6F60051FC7E /* Tests-iOS */ = {
			isa = PBXNativeTarget;
			buildConfigurationList = F50FE6C11410C6F60051FC7E /* Build configuration list for PBXNativeTarget "Tests-iOS" */;
			buildPhases = (
				F50FE6971410C6F60051FC7E /* Sources */,
				F50FE6981410C6F60051FC7E /* Frameworks */,
				F50FE6991410C6F60051FC7E /* Resources */,
			);
			buildRules = (
			);
			dependencies = (
			);
			name = "Tests-iOS";
			productName = "Tests-iOS";
			productReference = F50FE69B1410C6F60051FC7E /* Tests-iOS.app */;
			productType = "com.apple.product-type.application";
		};
/* End PBXNativeTarget section */

/* Begin PBXProject section */
		F50FE6921410C6F60051FC7E /* Project object */ = {
			isa = PBXProject;
			attributes = {
				LastUpgradeCheck = 0420;
				ORGANIZATIONNAME = "Little Joy Software";
			};
			buildConfigurationList = F50FE6951410C6F60051FC7E /* Build configuration list for PBXProject "Tests-iOS" */;
			compatibilityVersion = "Xcode 3.2";
			developmentRegion = English;
			hasScannedForEncodings = 0;
			knownRegions = (
				en,
			);
			mainGroup = F50FE6901410C6F60051FC7E;
			productRefGroup = F50FE69C1410C6F60051FC7E /* Products */;
			projectDirPath = "";
			projectRoot = "";
			targets = (
				F50FE69A1410C6F60051FC7E /* Tests-iOS */,
			);
		};
/* End PBXProject section */

/* Begin PBXResourcesBuildPhase section */
		F50FE6991410C6F60051FC7E /* Resources */ = {
			isa = PBXResourcesBuildPhase;
			buildActionMask = 2147483647;
			files = (
				F50FE6AA1410C6F60051FC7E /* InfoPlist.strings in Resources */,
				F5448ACA1450B63B0065E516 /* config-for-debug-and-release-block.txt in Resources */,
				F5448ACE1450B63B0065E516 /* main.m-for-cocoa-app.txt in Resources */,
				F5448AF01450B86E0065E516 /* README.txt in Resources */,
			);
			runOnlyForDeploymentPostprocessing = 0;
		};
/* End PBXResourcesBuildPhase section */

/* Begin PBXSourcesBuildPhase section */
		F50FE6971410C6F60051FC7E /* Sources */ = {
			isa = PBXSourcesBuildPhase;
			buildActionMask = 2147483647;
			files = (
				F50FE6AC1410C6F60051FC7E /* main.m in Sources */,
				F50FE6DF1410CC250051FC7E /* LjsDateHelperTests.m in Sources */,
				F50FE6E01410CC250051FC7E /* LjsDecimalAideTests.m in Sources */,
				F50FE6E11410CC250051FC7E /* LjsFormattersTests.m in Sources */,
				F50FE6E21410CC250051FC7E /* LjsIdGeneratorTests.m in Sources */,
				F50FE6E31410CC250051FC7E /* LjsKeychainTests.m in Sources */,
				F50FE6E41410CC250051FC7E /* LjsVariatesTests.m in Sources */,
				F50FE6FF1410CC420051FC7E /* LjsDateHelper.m in Sources */,
				F50FE7001410CC420051FC7E /* LjsDecimalAide.m in Sources */,
				F50FE7011410CC420051FC7E /* LjsDNHandler.m in Sources */,
				F50FE7021410CC420051FC7E /* LjsFileUtilities.m in Sources */,
				F50FE7041410CC420051FC7E /* LjsIdGenerator.m in Sources */,
				F50FE7051410CC420051FC7E /* LjsObjectWithUUID.m in Sources */,
				F50FE7061410CC420051FC7E /* LjsVariates.m in Sources */,
				F50FE72C1410CD570051FC7E /* LjsFormatters.m in Sources */,
				F50FE7321410D2D60051FC7E /* LjsGlobals.m in Sources */,
				F529524514232EB5009C67EE /* LjsValidator.m in Sources */,
				F529524814232F47009C67EE /* LjsValidatorTests.m in Sources */,
				F529524A14234EA4009C67EE /* LjsFormatter.m in Sources */,
				F5448ACB1450B63B0065E516 /* LjsDefaultFormatter.m in Sources */,
				F5448ACC1450B63B0065E516 /* LjsMessageBuilder.m in Sources */,
				F5448ACD1450B63B0065E516 /* LjsTailingFileManager.m in Sources */,
				F5448ACF1450B63B0065E516 /* Reporter.m in Sources */,
				F5448AD01450B63B0065E516 /* SFHFKeychainUtils.m in Sources */,
				F5448AD31450B6590065E516 /* LjsKeychainManager.m in Sources */,
				F5448AD71450B6FB0065E516 /* FTSWAbstractSingleton.m in Sources */,
				F5448AE91450B86E0065E516 /* DDAbstractDatabaseLogger.m in Sources */,
				F5448AEA1450B86E0065E516 /* DDASLLogger.m in Sources */,
				F5448AEB1450B86E0065E516 /* DDFileLogger.m in Sources */,
				F5448AEC1450B86E0065E516 /* DDLog.m in Sources */,
				F5448AED1450B86E0065E516 /* DDTTYLogger.m in Sources */,
				F5448AEE1450B86E0065E516 /* ContextFilterLogFormatter.m in Sources */,
				F5448AEF1450B86E0065E516 /* DispatchQueueLogFormatter.m in Sources */,
				F56147BB1450C86700D2653A /* OCMockWorkingTest.m in Sources */,
				F56147BD1450CCC700D2653A /* LjsSecurityManagerTests.m in Sources */,
				F54E39761450E22C0059BF53 /* LjsJsonRpcReply.m in Sources */,
				F54E39781450E2530059BF53 /* LjsJsonRpcReplyTests.m in Sources */,
				F54E39A21450E4570059BF53 /* ASIHTTPResponseUtils.m in Sources */,
				F54E3A521450E6C90059BF53 /* ASIAuthenticationDialog.m in Sources */,
				F54E3A531450E6C90059BF53 /* ASIDataCompressor.m in Sources */,
				F54E3A541450E6C90059BF53 /* ASIDataDecompressor.m in Sources */,
				F54E3A551450E6C90059BF53 /* ASIDownloadCache.m in Sources */,
				F54E3A561450E6C90059BF53 /* ASIFormDataRequest.m in Sources */,
				F54E3A571450E6C90059BF53 /* ASIHTTPRequest.m in Sources */,
				F54E3A581450E6C90059BF53 /* ASIInputStream.m in Sources */,
				F54E3A591450E6C90059BF53 /* ASINetworkQueue.m in Sources */,
				F54E3A5A1450E6C90059BF53 /* ASIWebPageRequest.m in Sources */,
				F54E3A5B1450E6C90059BF53 /* ASICloudFilesCDNRequest.m in Sources */,
				F54E3A5C1450E6C90059BF53 /* ASICloudFilesContainer.m in Sources */,
				F54E3A5D1450E6C90059BF53 /* ASICloudFilesContainerRequest.m in Sources */,
				F54E3A5E1450E6C90059BF53 /* ASICloudFilesContainerXMLParserDelegate.m in Sources */,
				F54E3A5F1450E6C90059BF53 /* ASICloudFilesObject.m in Sources */,
				F54E3A601450E6C90059BF53 /* ASICloudFilesObjectRequest.m in Sources */,
				F54E3A611450E6C90059BF53 /* ASICloudFilesRequest.m in Sources */,
				F54E3A621450E6C90059BF53 /* ASIS3Bucket.m in Sources */,
				F54E3A631450E6C90059BF53 /* ASIS3BucketObject.m in Sources */,
				F54E3A641450E6C90059BF53 /* ASIS3BucketRequest.m in Sources */,
				F54E3A651450E6C90059BF53 /* ASIS3ObjectRequest.m in Sources */,
				F54E3A661450E6C90059BF53 /* ASIS3Request.m in Sources */,
				F54E3A671450E6C90059BF53 /* ASIS3ServiceRequest.m in Sources */,
				F54E3A821450E6E80059BF53 /* NSObject+SBJson.m in Sources */,
				F54E3A831450E6E80059BF53 /* SBJsonParser.m in Sources */,
				F54E3A841450E6E80059BF53 /* SBJsonStreamParser.m in Sources */,
				F54E3A851450E6E80059BF53 /* SBJsonStreamParserAccumulator.m in Sources */,
				F54E3A861450E6E80059BF53 /* SBJsonStreamParserAdapter.m in Sources */,
				F54E3A871450E6E80059BF53 /* SBJsonStreamParserState.m in Sources */,
				F54E3A881450E6E80059BF53 /* SBJsonStreamWriter.m in Sources */,
				F54E3A891450E6E80059BF53 /* SBJsonStreamWriterAccumulator.m in Sources */,
				F54E3A8A1450E6E80059BF53 /* SBJsonStreamWriterState.m in Sources */,
				F54E3A8B1450E6E80059BF53 /* SBJsonTokeniser.m in Sources */,
				F54E3A8C1450E6E80059BF53 /* SBJsonUTF8Stream.m in Sources */,
				F54E3A8D1450E6E80059BF53 /* SBJsonWriter.m in Sources */,
				F54E3A911450EA340059BF53 /* Reachability.m in Sources */,
			);
			runOnlyForDeploymentPostprocessing = 0;
		};
/* End PBXSourcesBuildPhase section */

/* Begin PBXVariantGroup section */
		F50FE6A81410C6F60051FC7E /* InfoPlist.strings */ = {
			isa = PBXVariantGroup;
			children = (
				F50FE6A91410C6F60051FC7E /* en */,
			);
			name = InfoPlist.strings;
			sourceTree = "<group>";
		};
/* End PBXVariantGroup section */

/* Begin XCBuildConfiguration section */
		F50FE6BF1410C6F60051FC7E /* Debug */ = {
			isa = XCBuildConfiguration;
			buildSettings = {
				ALWAYS_SEARCH_USER_PATHS = NO;
				ARCHS = "$(ARCHS_STANDARD_32_BIT)";
				"CODE_SIGN_IDENTITY[sdk=iphoneos*]" = "iPhone Developer";
				COPY_PHASE_STRIP = NO;
				GCC_C_LANGUAGE_STANDARD = gnu99;
				GCC_DYNAMIC_NO_PIC = NO;
				GCC_OPTIMIZATION_LEVEL = 0;
				GCC_PREPROCESSOR_DEFINITIONS = (
					"DEBUG=1",
					"$(inherited)",
				);
				GCC_PREPROCESSOR_DEFINITIONS_NOT_USED_IN_PRECOMPS = LOG_CONFIGURATION_DEBUG;
				GCC_SYMBOLS_PRIVATE_EXTERN = NO;
				GCC_VERSION = com.apple.compilers.llvm.clang.1_0;
				GCC_WARN_ABOUT_MISSING_PROTOTYPES = YES;
				GCC_WARN_ABOUT_RETURN_TYPE = YES;
				GCC_WARN_UNUSED_VARIABLE = YES;
				IPHONEOS_DEPLOYMENT_TARGET = 4.3;
				SDKROOT = iphoneos;
				TARGETED_DEVICE_FAMILY = "1,2";
			};
			name = Debug;
		};
		F50FE6C01410C6F60051FC7E /* Release */ = {
			isa = XCBuildConfiguration;
			buildSettings = {
				ALWAYS_SEARCH_USER_PATHS = NO;
				ARCHS = "$(ARCHS_STANDARD_32_BIT)";
				"CODE_SIGN_IDENTITY[sdk=iphoneos*]" = "iPhone Developer";
				COPY_PHASE_STRIP = YES;
				GCC_C_LANGUAGE_STANDARD = gnu99;
				GCC_PREPROCESSOR_DEFINITIONS_NOT_USED_IN_PRECOMPS = LOG_CONFIGURATION_DEBUG;
				GCC_VERSION = com.apple.compilers.llvm.clang.1_0;
				GCC_WARN_ABOUT_MISSING_PROTOTYPES = YES;
				GCC_WARN_ABOUT_RETURN_TYPE = YES;
				GCC_WARN_UNUSED_VARIABLE = YES;
				IPHONEOS_DEPLOYMENT_TARGET = 4.3;
				OTHER_CFLAGS = "-DNS_BLOCK_ASSERTIONS=1";
				SDKROOT = iphoneos;
				TARGETED_DEVICE_FAMILY = "1,2";
				VALIDATE_PRODUCT = YES;
			};
			name = Release;
		};
		F50FE6C21410C6F60051FC7E /* Debug */ = {
			isa = XCBuildConfiguration;
			buildSettings = {
				FRAMEWORK_SEARCH_PATHS = (
					"$(inherited)",
					"\"$(SRCROOT)/../gh-unit/Project-iOS/build/Framework\"",
				);
				GCC_PRECOMPILE_PREFIX_HEADER = YES;
				GCC_PREFIX_HEADER = "Tests-iOS/Tests-iOS-Prefix.pch";
				GCC_PREPROCESSOR_DEFINITIONS_NOT_USED_IN_PRECOMPS = "";
				"GCC_PREPROCESSOR_DEFINITIONS_NOT_USED_IN_PRECOMPS[arch=*]" = LOG_CONFIGURATION_DEBUG;
				HEADER_SEARCH_PATHS = (
					"${SDK_DIR}/usr/include/libxml2",
					"$(PROJECT_DIR)/../ocmock/Library/Headers/**",
				);
				INFOPLIST_FILE = "Tests-iOS/Tests-iOS-Info.plist";
				IPHONEOS_DEPLOYMENT_TARGET = 4.2;
				LIBRARY_SEARCH_PATHS = (
					"$(inherited)",
					"\"$(SRCROOT)/../ocmock/Library\"",
				);
				OTHER_LDFLAGS = (
					"-ObjC",
					"-all_load",
				);
				PRODUCT_NAME = "Tests-iOS";
				USER_HEADER_SEARCH_PATHS = "";
				WRAPPER_EXTENSION = app;
			};
			name = Debug;
		};
		F50FE6C31410C6F60051FC7E /* Release */ = {
			isa = XCBuildConfiguration;
			buildSettings = {
				FRAMEWORK_SEARCH_PATHS = (
					"$(inherited)",
					"\"$(SRCROOT)/../gh-unit/Project-iOS/build/Framework\"",
				);
				GCC_PRECOMPILE_PREFIX_HEADER = YES;
				GCC_PREFIX_HEADER = "Tests-iOS/Tests-iOS-Prefix.pch";
				GCC_PREPROCESSOR_DEFINITIONS_NOT_USED_IN_PRECOMPS = "";
				HEADER_SEARCH_PATHS = (
					"${SDK_DIR}/usr/include/libxml2",
					"$(PROJECT_DIR)/../ocmock/Library/Headers/**",
				);
				INFOPLIST_FILE = "Tests-iOS/Tests-iOS-Info.plist";
				IPHONEOS_DEPLOYMENT_TARGET = 4.2;
				LIBRARY_SEARCH_PATHS = (
					"$(inherited)",
					"\"$(SRCROOT)/../ocmock/Library\"",
				);
				OTHER_LDFLAGS = (
					"-ObjC",
					"-all_load",
				);
				PRODUCT_NAME = "Tests-iOS";
				USER_HEADER_SEARCH_PATHS = "";
				WRAPPER_EXTENSION = app;
			};
			name = Release;
		};
/* End XCBuildConfiguration section */

/* Begin XCConfigurationList section */
		F50FE6951410C6F60051FC7E /* Build configuration list for PBXProject "Tests-iOS" */ = {
			isa = XCConfigurationList;
			buildConfigurations = (
				F50FE6BF1410C6F60051FC7E /* Debug */,
				F50FE6C01410C6F60051FC7E /* Release */,
			);
			defaultConfigurationIsVisible = 0;
			defaultConfigurationName = Release;
		};
		F50FE6C11410C6F60051FC7E /* Build configuration list for PBXNativeTarget "Tests-iOS" */ = {
			isa = XCConfigurationList;
			buildConfigurations = (
				F50FE6C21410C6F60051FC7E /* Debug */,
				F50FE6C31410C6F60051FC7E /* Release */,
			);
			defaultConfigurationIsVisible = 0;
			defaultConfigurationName = Release;
		};
/* End XCConfigurationList section */
	};
	rootObject = F50FE6921410C6F60051FC7E /* Project object */;
}
