// !$*UTF8*$!
{
	archiveVersion = 1;
	classes = {
	};
	objectVersion = 46;
	objects = {

/* Begin PBXBuildFile section */
		F501859F145196340053A064 /* UIKit.framework in Frameworks */ = {isa = PBXBuildFile; fileRef = F501859E145196340053A064 /* UIKit.framework */; };
		F50185A1145196340053A064 /* Foundation.framework in Frameworks */ = {isa = PBXBuildFile; fileRef = F50185A0145196340053A064 /* Foundation.framework */; };
		F50185A3145196340053A064 /* CoreGraphics.framework in Frameworks */ = {isa = PBXBuildFile; fileRef = F50185A2145196340053A064 /* CoreGraphics.framework */; };
		F50185A9145196340053A064 /* InfoPlist.strings in Resources */ = {isa = PBXBuildFile; fileRef = F50185A7145196340053A064 /* InfoPlist.strings */; };
		F50185AB145196340053A064 /* main.m in Sources */ = {isa = PBXBuildFile; fileRef = F50185AA145196340053A064 /* main.m */; };
		F50185AF145196340053A064 /* LJSAppDelegate.m in Sources */ = {isa = PBXBuildFile; fileRef = F50185AE145196340053A064 /* LJSAppDelegate.m */; };
		F50185B2145196340053A064 /* LJSViewController.m in Sources */ = {isa = PBXBuildFile; fileRef = F50185B1145196340053A064 /* LJSViewController.m */; };
		F50185B5145196340053A064 /* LJSViewController_iPhone.xib in Resources */ = {isa = PBXBuildFile; fileRef = F50185B3145196340053A064 /* LJSViewController_iPhone.xib */; };
		F50185B8145196340053A064 /* LJSViewController_iPad.xib in Resources */ = {isa = PBXBuildFile; fileRef = F50185B6145196340053A064 /* LJSViewController_iPad.xib */; };
		F50185F41451978A0053A064 /* WebSocketLogger.m in Sources */ = {isa = PBXBuildFile; fileRef = F50185F31451978A0053A064 /* WebSocketLogger.m */; };
		F5018633145198760053A064 /* config-for-debug-and-release-block.txt in Resources */ = {isa = PBXBuildFile; fileRef = F5018627145198760053A064 /* config-for-debug-and-release-block.txt */; };
		F5018634145198760053A064 /* LjsDefaultFormatter.m in Sources */ = {isa = PBXBuildFile; fileRef = F5018629145198760053A064 /* LjsDefaultFormatter.m */; };
		F5018635145198760053A064 /* LjsMessageBuilder.m in Sources */ = {isa = PBXBuildFile; fileRef = F501862C145198760053A064 /* LjsMessageBuilder.m */; };
		F5018638145198760053A064 /* main.m-for-cocoa-app.txt in Resources */ = {isa = PBXBuildFile; fileRef = F5018632145198760053A064 /* main.m-for-cocoa-app.txt */; };
		F5018649145199400053A064 /* LjsHTTPFileLogger.m in Sources */ = {isa = PBXBuildFile; fileRef = F5018643145199400053A064 /* LjsHTTPFileLogger.m */; };
		F501864A145199400053A064 /* LjsHTTPLogConnection.m in Sources */ = {isa = PBXBuildFile; fileRef = F5018646145199400053A064 /* LjsHTTPLogConnection.m */; };
		F501864D1451A4C20053A064 /* CFNetwork.framework in Frameworks */ = {isa = PBXBuildFile; fileRef = F501864C1451A4C20053A064 /* CFNetwork.framework */; };
		F5302D2614557BD900FDD946 /* LjsWebSocket.m in Sources */ = {isa = PBXBuildFile; fileRef = F5302D2514557BD900FDD946 /* LjsWebSocket.m */; };
		F5707AC31461514B003726FE /* DDAbstractDatabaseLogger.m in Sources */ = {isa = PBXBuildFile; fileRef = F5707AB41461514B003726FE /* DDAbstractDatabaseLogger.m */; };
		F5707AC41461514B003726FE /* DDASLLogger.m in Sources */ = {isa = PBXBuildFile; fileRef = F5707AB61461514B003726FE /* DDASLLogger.m */; };
		F5707AC51461514B003726FE /* DDFileLogger.m in Sources */ = {isa = PBXBuildFile; fileRef = F5707AB81461514B003726FE /* DDFileLogger.m */; };
		F5707AC61461514B003726FE /* DDLog.m in Sources */ = {isa = PBXBuildFile; fileRef = F5707ABA1461514B003726FE /* DDLog.m */; };
		F5707AC71461514B003726FE /* DDTTYLogger.m in Sources */ = {isa = PBXBuildFile; fileRef = F5707ABC1461514B003726FE /* DDTTYLogger.m */; };
		F5707AC81461514B003726FE /* ContextFilterLogFormatter.m in Sources */ = {isa = PBXBuildFile; fileRef = F5707ABF1461514B003726FE /* ContextFilterLogFormatter.m */; };
		F5707AC91461514B003726FE /* DispatchQueueLogFormatter.m in Sources */ = {isa = PBXBuildFile; fileRef = F5707AC11461514B003726FE /* DispatchQueueLogFormatter.m */; };
		F5707ACA1461514B003726FE /* README.txt in Resources */ = {isa = PBXBuildFile; fileRef = F5707AC21461514B003726FE /* README.txt */; };
		F5707AEB1461515E003726FE /* DDData.m in Sources */ = {isa = PBXBuildFile; fileRef = F5707ACD1461515E003726FE /* DDData.m */; };
		F5707AEC1461515E003726FE /* DDNumber.m in Sources */ = {isa = PBXBuildFile; fileRef = F5707ACF1461515E003726FE /* DDNumber.m */; };
		F5707AED1461515E003726FE /* DDRange.m in Sources */ = {isa = PBXBuildFile; fileRef = F5707AD11461515E003726FE /* DDRange.m */; };
		F5707AEE1461515E003726FE /* GCDAsyncSocket.m in Sources */ = {isa = PBXBuildFile; fileRef = F5707AD31461515E003726FE /* GCDAsyncSocket.m */; };
		F5707AEF1461515E003726FE /* HTTPAsyncFileResponse.m in Sources */ = {isa = PBXBuildFile; fileRef = F5707AD51461515E003726FE /* HTTPAsyncFileResponse.m */; };
		F5707AF01461515E003726FE /* HTTPAuthenticationRequest.m in Sources */ = {isa = PBXBuildFile; fileRef = F5707AD71461515E003726FE /* HTTPAuthenticationRequest.m */; };
		F5707AF11461515E003726FE /* HTTPConnection.m in Sources */ = {isa = PBXBuildFile; fileRef = F5707AD91461515E003726FE /* HTTPConnection.m */; };
		F5707AF21461515E003726FE /* HTTPDataResponse.m in Sources */ = {isa = PBXBuildFile; fileRef = F5707ADB1461515E003726FE /* HTTPDataResponse.m */; };
		F5707AF31461515E003726FE /* HTTPDynamicFileResponse.m in Sources */ = {isa = PBXBuildFile; fileRef = F5707ADD1461515E003726FE /* HTTPDynamicFileResponse.m */; };
		F5707AF41461515E003726FE /* HTTPFileResponse.m in Sources */ = {isa = PBXBuildFile; fileRef = F5707ADF1461515E003726FE /* HTTPFileResponse.m */; };
		F5707AF51461515E003726FE /* HTTPMessage.m in Sources */ = {isa = PBXBuildFile; fileRef = F5707AE21461515E003726FE /* HTTPMessage.m */; };
		F5707AF61461515F003726FE /* HTTPRedirectResponse.m in Sources */ = {isa = PBXBuildFile; fileRef = F5707AE41461515E003726FE /* HTTPRedirectResponse.m */; };
		F5707AF71461515F003726FE /* HTTPServer.m in Sources */ = {isa = PBXBuildFile; fileRef = F5707AE71461515E003726FE /* HTTPServer.m */; };
		F5707AF81461515F003726FE /* LICENSE.txt in Resources */ = {isa = PBXBuildFile; fileRef = F5707AE81461515E003726FE /* LICENSE.txt */; };
		F5707AF91461515F003726FE /* WebSocket.m in Sources */ = {isa = PBXBuildFile; fileRef = F5707AEA1461515E003726FE /* WebSocket.m */; };
		F590BEA614542E5C00E5B89B /* DDFileLogger+CurrentFile.m in Sources */ = {isa = PBXBuildFile; fileRef = F590BEA314542E5C00E5B89B /* DDFileLogger+CurrentFile.m */; };
		F590BEA714542E5C00E5B89B /* LjsFileManager.m in Sources */ = {isa = PBXBuildFile; fileRef = F590BEA514542E5C00E5B89B /* LjsFileManager.m */; };
		F5E6C13D1451E5D100A164BF /* LjsWebSocketLogger.m in Sources */ = {isa = PBXBuildFile; fileRef = F5E6C13C1451E5D100A164BF /* LjsWebSocketLogger.m */; };
		F5E6C1411451E89800A164BF /* LjsWebSocketFormatter.m in Sources */ = {isa = PBXBuildFile; fileRef = F5E6C1401451E89800A164BF /* LjsWebSocketFormatter.m */; };
/* End PBXBuildFile section */

/* Begin PBXFileReference section */
		F501859A145196340053A064 /* Test-LumberjackHTTPLogging.app */ = {isa = PBXFileReference; explicitFileType = wrapper.application; includeInIndex = 0; path = "Test-LumberjackHTTPLogging.app"; sourceTree = BUILT_PRODUCTS_DIR; };
		F501859E145196340053A064 /* UIKit.framework */ = {isa = PBXFileReference; lastKnownFileType = wrapper.framework; name = UIKit.framework; path = System/Library/Frameworks/UIKit.framework; sourceTree = SDKROOT; };
		F50185A0145196340053A064 /* Foundation.framework */ = {isa = PBXFileReference; lastKnownFileType = wrapper.framework; name = Foundation.framework; path = System/Library/Frameworks/Foundation.framework; sourceTree = SDKROOT; };
		F50185A2145196340053A064 /* CoreGraphics.framework */ = {isa = PBXFileReference; lastKnownFileType = wrapper.framework; name = CoreGraphics.framework; path = System/Library/Frameworks/CoreGraphics.framework; sourceTree = SDKROOT; };
		F50185A6145196340053A064 /* Test-LumberjackHTTPLogging-Info.plist */ = {isa = PBXFileReference; lastKnownFileType = text.plist.xml; path = "Test-LumberjackHTTPLogging-Info.plist"; sourceTree = "<group>"; };
		F50185A8145196340053A064 /* en */ = {isa = PBXFileReference; lastKnownFileType = text.plist.strings; name = en; path = en.lproj/InfoPlist.strings; sourceTree = "<group>"; };
		F50185AA145196340053A064 /* main.m */ = {isa = PBXFileReference; lastKnownFileType = sourcecode.c.objc; path = main.m; sourceTree = "<group>"; };
		F50185AC145196340053A064 /* Test-LumberjackHTTPLogging-Prefix.pch */ = {isa = PBXFileReference; lastKnownFileType = sourcecode.c.h; path = "Test-LumberjackHTTPLogging-Prefix.pch"; sourceTree = "<group>"; };
		F50185AD145196340053A064 /* LJSAppDelegate.h */ = {isa = PBXFileReference; lastKnownFileType = sourcecode.c.h; path = LJSAppDelegate.h; sourceTree = "<group>"; };
		F50185AE145196340053A064 /* LJSAppDelegate.m */ = {isa = PBXFileReference; lastKnownFileType = sourcecode.c.objc; path = LJSAppDelegate.m; sourceTree = "<group>"; };
		F50185B0145196340053A064 /* LJSViewController.h */ = {isa = PBXFileReference; lastKnownFileType = sourcecode.c.h; path = LJSViewController.h; sourceTree = "<group>"; };
		F50185B1145196340053A064 /* LJSViewController.m */ = {isa = PBXFileReference; lastKnownFileType = sourcecode.c.objc; path = LJSViewController.m; sourceTree = "<group>"; };
		F50185B4145196340053A064 /* en */ = {isa = PBXFileReference; lastKnownFileType = file.xib; name = en; path = en.lproj/LJSViewController_iPhone.xib; sourceTree = "<group>"; };
		F50185B7145196340053A064 /* en */ = {isa = PBXFileReference; lastKnownFileType = file.xib; name = en; path = en.lproj/LJSViewController_iPad.xib; sourceTree = "<group>"; };
		F50185F21451978A0053A064 /* WebSocketLogger.h */ = {isa = PBXFileReference; fileEncoding = 4; lastKnownFileType = sourcecode.c.h; name = WebSocketLogger.h; path = ../cocoalumberjack/Xcode/WebServerIPhone/Classes/WebSocketLogger.h; sourceTree = "<group>"; };
		F50185F31451978A0053A064 /* WebSocketLogger.m */ = {isa = PBXFileReference; fileEncoding = 4; lastKnownFileType = sourcecode.c.objc; name = WebSocketLogger.m; path = ../cocoalumberjack/Xcode/WebServerIPhone/Classes/WebSocketLogger.m; sourceTree = "<group>"; };
		F5018627145198760053A064 /* config-for-debug-and-release-block.txt */ = {isa = PBXFileReference; fileEncoding = 4; lastKnownFileType = text; path = "config-for-debug-and-release-block.txt"; sourceTree = "<group>"; };
		F5018628145198760053A064 /* LjsDefaultFormatter.h */ = {isa = PBXFileReference; fileEncoding = 4; lastKnownFileType = sourcecode.c.h; path = LjsDefaultFormatter.h; sourceTree = "<group>"; };
		F5018629145198760053A064 /* LjsDefaultFormatter.m */ = {isa = PBXFileReference; fileEncoding = 4; lastKnownFileType = sourcecode.c.objc; path = LjsDefaultFormatter.m; sourceTree = "<group>"; };
		F501862A145198760053A064 /* LjsLog.h */ = {isa = PBXFileReference; fileEncoding = 4; lastKnownFileType = sourcecode.c.h; path = LjsLog.h; sourceTree = "<group>"; };
		F501862B145198760053A064 /* LjsMessageBuilder.h */ = {isa = PBXFileReference; fileEncoding = 4; lastKnownFileType = sourcecode.c.h; path = LjsMessageBuilder.h; sourceTree = "<group>"; };
		F501862C145198760053A064 /* LjsMessageBuilder.m */ = {isa = PBXFileReference; fileEncoding = 4; lastKnownFileType = sourcecode.c.objc; path = LjsMessageBuilder.m; sourceTree = "<group>"; };
		F5018631145198760053A064 /* Lumberjack.h */ = {isa = PBXFileReference; fileEncoding = 4; lastKnownFileType = sourcecode.c.h; path = Lumberjack.h; sourceTree = "<group>"; };
		F5018632145198760053A064 /* main.m-for-cocoa-app.txt */ = {isa = PBXFileReference; fileEncoding = 4; lastKnownFileType = text; path = "main.m-for-cocoa-app.txt"; sourceTree = "<group>"; };
		F5018642145199400053A064 /* LjsHTTPFileLogger.h */ = {isa = PBXFileReference; fileEncoding = 4; lastKnownFileType = sourcecode.c.h; path = LjsHTTPFileLogger.h; sourceTree = "<group>"; };
		F5018643145199400053A064 /* LjsHTTPFileLogger.m */ = {isa = PBXFileReference; fileEncoding = 4; lastKnownFileType = sourcecode.c.objc; path = LjsHTTPFileLogger.m; sourceTree = "<group>"; };
		F5018644145199400053A064 /* LjsHTTPLog.h */ = {isa = PBXFileReference; fileEncoding = 4; lastKnownFileType = sourcecode.c.h; path = LjsHTTPLog.h; sourceTree = "<group>"; };
		F5018645145199400053A064 /* LjsHTTPLogConnection.h */ = {isa = PBXFileReference; fileEncoding = 4; lastKnownFileType = sourcecode.c.h; path = LjsHTTPLogConnection.h; sourceTree = "<group>"; };
		F5018646145199400053A064 /* LjsHTTPLogConnection.m */ = {isa = PBXFileReference; fileEncoding = 4; lastKnownFileType = sourcecode.c.objc; path = LjsHTTPLogConnection.m; sourceTree = "<group>"; };
		F501864C1451A4C20053A064 /* CFNetwork.framework */ = {isa = PBXFileReference; lastKnownFileType = wrapper.framework; name = CFNetwork.framework; path = System/Library/Frameworks/CFNetwork.framework; sourceTree = SDKROOT; };
		F5302D2414557BD900FDD946 /* LjsWebSocket.h */ = {isa = PBXFileReference; fileEncoding = 4; lastKnownFileType = sourcecode.c.h; path = LjsWebSocket.h; sourceTree = "<group>"; };
		F5302D2514557BD900FDD946 /* LjsWebSocket.m */ = {isa = PBXFileReference; fileEncoding = 4; lastKnownFileType = sourcecode.c.objc; path = LjsWebSocket.m; sourceTree = "<group>"; };
		F5707AB31461514B003726FE /* DDAbstractDatabaseLogger.h */ = {isa = PBXFileReference; fileEncoding = 4; lastKnownFileType = sourcecode.c.h; path = DDAbstractDatabaseLogger.h; sourceTree = "<group>"; };
		F5707AB41461514B003726FE /* DDAbstractDatabaseLogger.m */ = {isa = PBXFileReference; fileEncoding = 4; lastKnownFileType = sourcecode.c.objc; path = DDAbstractDatabaseLogger.m; sourceTree = "<group>"; };
		F5707AB51461514B003726FE /* DDASLLogger.h */ = {isa = PBXFileReference; fileEncoding = 4; lastKnownFileType = sourcecode.c.h; path = DDASLLogger.h; sourceTree = "<group>"; };
		F5707AB61461514B003726FE /* DDASLLogger.m */ = {isa = PBXFileReference; fileEncoding = 4; lastKnownFileType = sourcecode.c.objc; path = DDASLLogger.m; sourceTree = "<group>"; };
		F5707AB71461514B003726FE /* DDFileLogger.h */ = {isa = PBXFileReference; fileEncoding = 4; lastKnownFileType = sourcecode.c.h; path = DDFileLogger.h; sourceTree = "<group>"; };
		F5707AB81461514B003726FE /* DDFileLogger.m */ = {isa = PBXFileReference; fileEncoding = 4; lastKnownFileType = sourcecode.c.objc; path = DDFileLogger.m; sourceTree = "<group>"; };
		F5707AB91461514B003726FE /* DDLog.h */ = {isa = PBXFileReference; fileEncoding = 4; lastKnownFileType = sourcecode.c.h; path = DDLog.h; sourceTree = "<group>"; };
		F5707ABA1461514B003726FE /* DDLog.m */ = {isa = PBXFileReference; fileEncoding = 4; lastKnownFileType = sourcecode.c.objc; path = DDLog.m; sourceTree = "<group>"; };
		F5707ABB1461514B003726FE /* DDTTYLogger.h */ = {isa = PBXFileReference; fileEncoding = 4; lastKnownFileType = sourcecode.c.h; path = DDTTYLogger.h; sourceTree = "<group>"; };
		F5707ABC1461514B003726FE /* DDTTYLogger.m */ = {isa = PBXFileReference; fileEncoding = 4; lastKnownFileType = sourcecode.c.objc; path = DDTTYLogger.m; sourceTree = "<group>"; };
		F5707ABE1461514B003726FE /* ContextFilterLogFormatter.h */ = {isa = PBXFileReference; fileEncoding = 4; lastKnownFileType = sourcecode.c.h; path = ContextFilterLogFormatter.h; sourceTree = "<group>"; };
		F5707ABF1461514B003726FE /* ContextFilterLogFormatter.m */ = {isa = PBXFileReference; fileEncoding = 4; lastKnownFileType = sourcecode.c.objc; path = ContextFilterLogFormatter.m; sourceTree = "<group>"; };
		F5707AC01461514B003726FE /* DispatchQueueLogFormatter.h */ = {isa = PBXFileReference; fileEncoding = 4; lastKnownFileType = sourcecode.c.h; path = DispatchQueueLogFormatter.h; sourceTree = "<group>"; };
		F5707AC11461514B003726FE /* DispatchQueueLogFormatter.m */ = {isa = PBXFileReference; fileEncoding = 4; lastKnownFileType = sourcecode.c.objc; path = DispatchQueueLogFormatter.m; sourceTree = "<group>"; };
		F5707AC21461514B003726FE /* README.txt */ = {isa = PBXFileReference; fileEncoding = 4; lastKnownFileType = text; path = README.txt; sourceTree = "<group>"; };
		F5707ACC1461515E003726FE /* DDData.h */ = {isa = PBXFileReference; fileEncoding = 4; lastKnownFileType = sourcecode.c.h; path = DDData.h; sourceTree = "<group>"; };
		F5707ACD1461515E003726FE /* DDData.m */ = {isa = PBXFileReference; fileEncoding = 4; lastKnownFileType = sourcecode.c.objc; path = DDData.m; sourceTree = "<group>"; };
		F5707ACE1461515E003726FE /* DDNumber.h */ = {isa = PBXFileReference; fileEncoding = 4; lastKnownFileType = sourcecode.c.h; path = DDNumber.h; sourceTree = "<group>"; };
		F5707ACF1461515E003726FE /* DDNumber.m */ = {isa = PBXFileReference; fileEncoding = 4; lastKnownFileType = sourcecode.c.objc; path = DDNumber.m; sourceTree = "<group>"; };
		F5707AD01461515E003726FE /* DDRange.h */ = {isa = PBXFileReference; fileEncoding = 4; lastKnownFileType = sourcecode.c.h; path = DDRange.h; sourceTree = "<group>"; };
		F5707AD11461515E003726FE /* DDRange.m */ = {isa = PBXFileReference; fileEncoding = 4; lastKnownFileType = sourcecode.c.objc; path = DDRange.m; sourceTree = "<group>"; };
		F5707AD21461515E003726FE /* GCDAsyncSocket.h */ = {isa = PBXFileReference; fileEncoding = 4; lastKnownFileType = sourcecode.c.h; path = GCDAsyncSocket.h; sourceTree = "<group>"; };
		F5707AD31461515E003726FE /* GCDAsyncSocket.m */ = {isa = PBXFileReference; fileEncoding = 4; lastKnownFileType = sourcecode.c.objc; path = GCDAsyncSocket.m; sourceTree = "<group>"; };
		F5707AD41461515E003726FE /* HTTPAsyncFileResponse.h */ = {isa = PBXFileReference; fileEncoding = 4; lastKnownFileType = sourcecode.c.h; path = HTTPAsyncFileResponse.h; sourceTree = "<group>"; };
		F5707AD51461515E003726FE /* HTTPAsyncFileResponse.m */ = {isa = PBXFileReference; fileEncoding = 4; lastKnownFileType = sourcecode.c.objc; path = HTTPAsyncFileResponse.m; sourceTree = "<group>"; };
		F5707AD61461515E003726FE /* HTTPAuthenticationRequest.h */ = {isa = PBXFileReference; fileEncoding = 4; lastKnownFileType = sourcecode.c.h; path = HTTPAuthenticationRequest.h; sourceTree = "<group>"; };
		F5707AD71461515E003726FE /* HTTPAuthenticationRequest.m */ = {isa = PBXFileReference; fileEncoding = 4; lastKnownFileType = sourcecode.c.objc; path = HTTPAuthenticationRequest.m; sourceTree = "<group>"; };
		F5707AD81461515E003726FE /* HTTPConnection.h */ = {isa = PBXFileReference; fileEncoding = 4; lastKnownFileType = sourcecode.c.h; path = HTTPConnection.h; sourceTree = "<group>"; };
		F5707AD91461515E003726FE /* HTTPConnection.m */ = {isa = PBXFileReference; fileEncoding = 4; lastKnownFileType = sourcecode.c.objc; path = HTTPConnection.m; sourceTree = "<group>"; };
		F5707ADA1461515E003726FE /* HTTPDataResponse.h */ = {isa = PBXFileReference; fileEncoding = 4; lastKnownFileType = sourcecode.c.h; path = HTTPDataResponse.h; sourceTree = "<group>"; };
		F5707ADB1461515E003726FE /* HTTPDataResponse.m */ = {isa = PBXFileReference; fileEncoding = 4; lastKnownFileType = sourcecode.c.objc; path = HTTPDataResponse.m; sourceTree = "<group>"; };
		F5707ADC1461515E003726FE /* HTTPDynamicFileResponse.h */ = {isa = PBXFileReference; fileEncoding = 4; lastKnownFileType = sourcecode.c.h; path = HTTPDynamicFileResponse.h; sourceTree = "<group>"; };
		F5707ADD1461515E003726FE /* HTTPDynamicFileResponse.m */ = {isa = PBXFileReference; fileEncoding = 4; lastKnownFileType = sourcecode.c.objc; path = HTTPDynamicFileResponse.m; sourceTree = "<group>"; };
		F5707ADE1461515E003726FE /* HTTPFileResponse.h */ = {isa = PBXFileReference; fileEncoding = 4; lastKnownFileType = sourcecode.c.h; path = HTTPFileResponse.h; sourceTree = "<group>"; };
		F5707ADF1461515E003726FE /* HTTPFileResponse.m */ = {isa = PBXFileReference; fileEncoding = 4; lastKnownFileType = sourcecode.c.objc; path = HTTPFileResponse.m; sourceTree = "<group>"; };
		F5707AE01461515E003726FE /* HTTPLogging.h */ = {isa = PBXFileReference; fileEncoding = 4; lastKnownFileType = sourcecode.c.h; path = HTTPLogging.h; sourceTree = "<group>"; };
		F5707AE11461515E003726FE /* HTTPMessage.h */ = {isa = PBXFileReference; fileEncoding = 4; lastKnownFileType = sourcecode.c.h; path = HTTPMessage.h; sourceTree = "<group>"; };
		F5707AE21461515E003726FE /* HTTPMessage.m */ = {isa = PBXFileReference; fileEncoding = 4; lastKnownFileType = sourcecode.c.objc; path = HTTPMessage.m; sourceTree = "<group>"; };
		F5707AE31461515E003726FE /* HTTPRedirectResponse.h */ = {isa = PBXFileReference; fileEncoding = 4; lastKnownFileType = sourcecode.c.h; path = HTTPRedirectResponse.h; sourceTree = "<group>"; };
		F5707AE41461515E003726FE /* HTTPRedirectResponse.m */ = {isa = PBXFileReference; fileEncoding = 4; lastKnownFileType = sourcecode.c.objc; path = HTTPRedirectResponse.m; sourceTree = "<group>"; };
		F5707AE51461515E003726FE /* HTTPResponse.h */ = {isa = PBXFileReference; fileEncoding = 4; lastKnownFileType = sourcecode.c.h; path = HTTPResponse.h; sourceTree = "<group>"; };
		F5707AE61461515E003726FE /* HTTPServer.h */ = {isa = PBXFileReference; fileEncoding = 4; lastKnownFileType = sourcecode.c.h; path = HTTPServer.h; sourceTree = "<group>"; };
		F5707AE71461515E003726FE /* HTTPServer.m */ = {isa = PBXFileReference; fileEncoding = 4; lastKnownFileType = sourcecode.c.objc; path = HTTPServer.m; sourceTree = "<group>"; };
		F5707AE81461515E003726FE /* LICENSE.txt */ = {isa = PBXFileReference; fileEncoding = 4; lastKnownFileType = text; path = LICENSE.txt; sourceTree = "<group>"; };
		F5707AE91461515E003726FE /* WebSocket.h */ = {isa = PBXFileReference; fileEncoding = 4; lastKnownFileType = sourcecode.c.h; path = WebSocket.h; sourceTree = "<group>"; };
		F5707AEA1461515E003726FE /* WebSocket.m */ = {isa = PBXFileReference; fileEncoding = 4; lastKnownFileType = sourcecode.c.objc; path = WebSocket.m; sourceTree = "<group>"; };
		F590BEA214542E5C00E5B89B /* DDFileLogger+CurrentFile.h */ = {isa = PBXFileReference; fileEncoding = 4; lastKnownFileType = sourcecode.c.h; path = "DDFileLogger+CurrentFile.h"; sourceTree = "<group>"; };
		F590BEA314542E5C00E5B89B /* DDFileLogger+CurrentFile.m */ = {isa = PBXFileReference; fileEncoding = 4; lastKnownFileType = sourcecode.c.objc; path = "DDFileLogger+CurrentFile.m"; sourceTree = "<group>"; };
		F590BEA414542E5C00E5B89B /* LjsFileManager.h */ = {isa = PBXFileReference; fileEncoding = 4; lastKnownFileType = sourcecode.c.h; path = LjsFileManager.h; sourceTree = "<group>"; };
		F590BEA514542E5C00E5B89B /* LjsFileManager.m */ = {isa = PBXFileReference; fileEncoding = 4; lastKnownFileType = sourcecode.c.objc; path = LjsFileManager.m; sourceTree = "<group>"; };
		F5E6C13B1451E5D100A164BF /* LjsWebSocketLogger.h */ = {isa = PBXFileReference; fileEncoding = 4; lastKnownFileType = sourcecode.c.h; path = LjsWebSocketLogger.h; sourceTree = "<group>"; };
		F5E6C13C1451E5D100A164BF /* LjsWebSocketLogger.m */ = {isa = PBXFileReference; fileEncoding = 4; lastKnownFileType = sourcecode.c.objc; path = LjsWebSocketLogger.m; sourceTree = "<group>"; };
		F5E6C13F1451E89800A164BF /* LjsWebSocketFormatter.h */ = {isa = PBXFileReference; fileEncoding = 4; lastKnownFileType = sourcecode.c.h; path = LjsWebSocketFormatter.h; sourceTree = "<group>"; };
		F5E6C1401451E89800A164BF /* LjsWebSocketFormatter.m */ = {isa = PBXFileReference; fileEncoding = 4; lastKnownFileType = sourcecode.c.objc; path = LjsWebSocketFormatter.m; sourceTree = "<group>"; };
/* End PBXFileReference section */

/* Begin PBXFrameworksBuildPhase section */
		F5018597145196340053A064 /* Frameworks */ = {
			isa = PBXFrameworksBuildPhase;
			buildActionMask = 2147483647;
			files = (
				F501859F145196340053A064 /* UIKit.framework in Frameworks */,
				F501864D1451A4C20053A064 /* CFNetwork.framework in Frameworks */,
				F50185A1145196340053A064 /* Foundation.framework in Frameworks */,
				F50185A3145196340053A064 /* CoreGraphics.framework in Frameworks */,
			);
			runOnlyForDeploymentPostprocessing = 0;
		};
/* End PBXFrameworksBuildPhase section */

/* Begin PBXGroup section */
		F501858F145196340053A064 = {
			isa = PBXGroup;
			children = (
				F5018626145198760053A064 /* Logging */,
				F50185CB145197140053A064 /* ThirdParty */,
				F5018641145199400053A064 /* LoggingHTTP */,
				F50185A4145196340053A064 /* Test-LumberjackHTTPLogging */,
				F501859D145196340053A064 /* Frameworks */,
				F501859B145196340053A064 /* Products */,
			);
			sourceTree = "<group>";
		};
		F501859B145196340053A064 /* Products */ = {
			isa = PBXGroup;
			children = (
				F501859A145196340053A064 /* Test-LumberjackHTTPLogging.app */,
			);
			name = Products;
			sourceTree = "<group>";
		};
		F501859D145196340053A064 /* Frameworks */ = {
			isa = PBXGroup;
			children = (
				F501864C1451A4C20053A064 /* CFNetwork.framework */,
				F501859E145196340053A064 /* UIKit.framework */,
				F50185A0145196340053A064 /* Foundation.framework */,
				F50185A2145196340053A064 /* CoreGraphics.framework */,
			);
			name = Frameworks;
			sourceTree = "<group>";
		};
		F50185A4145196340053A064 /* Test-LumberjackHTTPLogging */ = {
			isa = PBXGroup;
			children = (
				F50185AD145196340053A064 /* LJSAppDelegate.h */,
				F50185AE145196340053A064 /* LJSAppDelegate.m */,
				F50185B0145196340053A064 /* LJSViewController.h */,
				F50185B1145196340053A064 /* LJSViewController.m */,
				F50185B3145196340053A064 /* LJSViewController_iPhone.xib */,
				F50185B6145196340053A064 /* LJSViewController_iPad.xib */,
				F50185A5145196340053A064 /* Supporting Files */,
			);
			path = "Test-LumberjackHTTPLogging";
			sourceTree = "<group>";
		};
		F50185A5145196340053A064 /* Supporting Files */ = {
			isa = PBXGroup;
			children = (
				F50185A6145196340053A064 /* Test-LumberjackHTTPLogging-Info.plist */,
				F50185A7145196340053A064 /* InfoPlist.strings */,
				F50185AA145196340053A064 /* main.m */,
				F50185AC145196340053A064 /* Test-LumberjackHTTPLogging-Prefix.pch */,
			);
			name = "Supporting Files";
			sourceTree = "<group>";
		};
		F50185CB145197140053A064 /* ThirdParty */ = {
			isa = PBXGroup;
			children = (
				F5707AB21461514B003726FE /* Lumberjack */,
				F50185F1145197480053A064 /* LumberjackWebServer-iPhone */,
			);
			name = ThirdParty;
			path = ../ThirdParty;
			sourceTree = "<group>";
		};
		F50185F1145197480053A064 /* LumberjackWebServer-iPhone */ = {
			isa = PBXGroup;
			children = (
				F5707ACB1461515E003726FE /* CocoaHTTPServer */,
				F50185F21451978A0053A064 /* WebSocketLogger.h */,
				F50185F31451978A0053A064 /* WebSocketLogger.m */,
			);
			name = "LumberjackWebServer-iPhone";
			sourceTree = "<group>";
		};
		F5018626145198760053A064 /* Logging */ = {
			isa = PBXGroup;
			children = (
				F590BEA214542E5C00E5B89B /* DDFileLogger+CurrentFile.h */,
				F590BEA314542E5C00E5B89B /* DDFileLogger+CurrentFile.m */,
				F590BEA414542E5C00E5B89B /* LjsFileManager.h */,
				F590BEA514542E5C00E5B89B /* LjsFileManager.m */,
				F5018627145198760053A064 /* config-for-debug-and-release-block.txt */,
				F5018628145198760053A064 /* LjsDefaultFormatter.h */,
				F5018629145198760053A064 /* LjsDefaultFormatter.m */,
				F501862A145198760053A064 /* LjsLog.h */,
				F501862B145198760053A064 /* LjsMessageBuilder.h */,
				F501862C145198760053A064 /* LjsMessageBuilder.m */,
				F5018631145198760053A064 /* Lumberjack.h */,
				F5018632145198760053A064 /* main.m-for-cocoa-app.txt */,
			);
			name = Logging;
			path = ../Logging;
			sourceTree = "<group>";
		};
		F5018641145199400053A064 /* LoggingHTTP */ = {
			isa = PBXGroup;
			children = (
				F5018642145199400053A064 /* LjsHTTPFileLogger.h */,
				F5018643145199400053A064 /* LjsHTTPFileLogger.m */,
				F5018644145199400053A064 /* LjsHTTPLog.h */,
				F5018645145199400053A064 /* LjsHTTPLogConnection.h */,
				F5018646145199400053A064 /* LjsHTTPLogConnection.m */,
				F5E6C13B1451E5D100A164BF /* LjsWebSocketLogger.h */,
				F5E6C13C1451E5D100A164BF /* LjsWebSocketLogger.m */,
				F5E6C13F1451E89800A164BF /* LjsWebSocketFormatter.h */,
				F5E6C1401451E89800A164BF /* LjsWebSocketFormatter.m */,
				F5302D2414557BD900FDD946 /* LjsWebSocket.h */,
				F5302D2514557BD900FDD946 /* LjsWebSocket.m */,
			);
			name = LoggingHTTP;
			path = ../LoggingHTTP;
			sourceTree = "<group>";
		};
		F5707AB21461514B003726FE /* Lumberjack */ = {
			isa = PBXGroup;
			children = (
				F5707AB31461514B003726FE /* DDAbstractDatabaseLogger.h */,
				F5707AB41461514B003726FE /* DDAbstractDatabaseLogger.m */,
				F5707AB51461514B003726FE /* DDASLLogger.h */,
				F5707AB61461514B003726FE /* DDASLLogger.m */,
				F5707AB71461514B003726FE /* DDFileLogger.h */,
				F5707AB81461514B003726FE /* DDFileLogger.m */,
				F5707AB91461514B003726FE /* DDLog.h */,
				F5707ABA1461514B003726FE /* DDLog.m */,
				F5707ABB1461514B003726FE /* DDTTYLogger.h */,
				F5707ABC1461514B003726FE /* DDTTYLogger.m */,
				F5707ABD1461514B003726FE /* Extensions */,
			);
			name = Lumberjack;
			path = ../cocoalumberjack/Lumberjack;
			sourceTree = "<group>";
		};
		F5707ABD1461514B003726FE /* Extensions */ = {
			isa = PBXGroup;
			children = (
				F5707ABE1461514B003726FE /* ContextFilterLogFormatter.h */,
				F5707ABF1461514B003726FE /* ContextFilterLogFormatter.m */,
				F5707AC01461514B003726FE /* DispatchQueueLogFormatter.h */,
				F5707AC11461514B003726FE /* DispatchQueueLogFormatter.m */,
				F5707AC21461514B003726FE /* README.txt */,
			);
			path = Extensions;
			sourceTree = "<group>";
		};
		F5707ACB1461515E003726FE /* CocoaHTTPServer */ = {
			isa = PBXGroup;
			children = (
				F5707ACC1461515E003726FE /* DDData.h */,
				F5707ACD1461515E003726FE /* DDData.m */,
				F5707ACE1461515E003726FE /* DDNumber.h */,
				F5707ACF1461515E003726FE /* DDNumber.m */,
				F5707AD01461515E003726FE /* DDRange.h */,
				F5707AD11461515E003726FE /* DDRange.m */,
				F5707AD21461515E003726FE /* GCDAsyncSocket.h */,
				F5707AD31461515E003726FE /* GCDAsyncSocket.m */,
				F5707AD41461515E003726FE /* HTTPAsyncFileResponse.h */,
				F5707AD51461515E003726FE /* HTTPAsyncFileResponse.m */,
				F5707AD61461515E003726FE /* HTTPAuthenticationRequest.h */,
				F5707AD71461515E003726FE /* HTTPAuthenticationRequest.m */,
				F5707AD81461515E003726FE /* HTTPConnection.h */,
				F5707AD91461515E003726FE /* HTTPConnection.m */,
				F5707ADA1461515E003726FE /* HTTPDataResponse.h */,
				F5707ADB1461515E003726FE /* HTTPDataResponse.m */,
				F5707ADC1461515E003726FE /* HTTPDynamicFileResponse.h */,
				F5707ADD1461515E003726FE /* HTTPDynamicFileResponse.m */,
				F5707ADE1461515E003726FE /* HTTPFileResponse.h */,
				F5707ADF1461515E003726FE /* HTTPFileResponse.m */,
				F5707AE01461515E003726FE /* HTTPLogging.h */,
				F5707AE11461515E003726FE /* HTTPMessage.h */,
				F5707AE21461515E003726FE /* HTTPMessage.m */,
				F5707AE31461515E003726FE /* HTTPRedirectResponse.h */,
				F5707AE41461515E003726FE /* HTTPRedirectResponse.m */,
				F5707AE51461515E003726FE /* HTTPResponse.h */,
				F5707AE61461515E003726FE /* HTTPServer.h */,
				F5707AE71461515E003726FE /* HTTPServer.m */,
				F5707AE81461515E003726FE /* LICENSE.txt */,
				F5707AE91461515E003726FE /* WebSocket.h */,
				F5707AEA1461515E003726FE /* WebSocket.m */,
			);
			name = CocoaHTTPServer;
			path = ../cocoalumberjack/Xcode/WebServerIPhone/Vendor/CocoaHTTPServer;
			sourceTree = "<group>";
		};
/* End PBXGroup section */

/* Begin PBXNativeTarget section */
		F5018599145196340053A064 /* Test-LumberjackHTTPLogging */ = {
			isa = PBXNativeTarget;
			buildConfigurationList = F50185BB145196340053A064 /* Build configuration list for PBXNativeTarget "Test-LumberjackHTTPLogging" */;
			buildPhases = (
				F5018596145196340053A064 /* Sources */,
				F5018597145196340053A064 /* Frameworks */,
				F5018598145196340053A064 /* Resources */,
			);
			buildRules = (
			);
			dependencies = (
			);
			name = "Test-LumberjackHTTPLogging";
			productName = "Test-LumberjackHTTPLogging";
			productReference = F501859A145196340053A064 /* Test-LumberjackHTTPLogging.app */;
			productType = "com.apple.product-type.application";
		};
/* End PBXNativeTarget section */

/* Begin PBXProject section */
		F5018591145196340053A064 /* Project object */ = {
			isa = PBXProject;
			attributes = {
				LastUpgradeCheck = 0420;
				ORGANIZATIONNAME = "Little Joy Software";
			};
			buildConfigurationList = F5018594145196340053A064 /* Build configuration list for PBXProject "Test-LumberjackHTTPLogging" */;
			compatibilityVersion = "Xcode 3.2";
			developmentRegion = English;
			hasScannedForEncodings = 0;
			knownRegions = (
				en,
			);
			mainGroup = F501858F145196340053A064;
			productRefGroup = F501859B145196340053A064 /* Products */;
			projectDirPath = "";
			projectRoot = "";
			targets = (
				F5018599145196340053A064 /* Test-LumberjackHTTPLogging */,
			);
		};
/* End PBXProject section */

/* Begin PBXResourcesBuildPhase section */
		F5018598145196340053A064 /* Resources */ = {
			isa = PBXResourcesBuildPhase;
			buildActionMask = 2147483647;
			files = (
				F50185A9145196340053A064 /* InfoPlist.strings in Resources */,
				F50185B5145196340053A064 /* LJSViewController_iPhone.xib in Resources */,
				F50185B8145196340053A064 /* LJSViewController_iPad.xib in Resources */,
				F5018633145198760053A064 /* config-for-debug-and-release-block.txt in Resources */,
				F5018638145198760053A064 /* main.m-for-cocoa-app.txt in Resources */,
				F5707ACA1461514B003726FE /* README.txt in Resources */,
				F5707AF81461515F003726FE /* LICENSE.txt in Resources */,
			);
			runOnlyForDeploymentPostprocessing = 0;
		};
/* End PBXResourcesBuildPhase section */

/* Begin PBXSourcesBuildPhase section */
		F5018596145196340053A064 /* Sources */ = {
			isa = PBXSourcesBuildPhase;
			buildActionMask = 2147483647;
			files = (
				F50185AB145196340053A064 /* main.m in Sources */,
				F50185AF145196340053A064 /* LJSAppDelegate.m in Sources */,
				F50185B2145196340053A064 /* LJSViewController.m in Sources */,
				F50185F41451978A0053A064 /* WebSocketLogger.m in Sources */,
				F5018634145198760053A064 /* LjsDefaultFormatter.m in Sources */,
				F5018635145198760053A064 /* LjsMessageBuilder.m in Sources */,
				F5018649145199400053A064 /* LjsHTTPFileLogger.m in Sources */,
				F501864A145199400053A064 /* LjsHTTPLogConnection.m in Sources */,
				F5E6C13D1451E5D100A164BF /* LjsWebSocketLogger.m in Sources */,
				F5E6C1411451E89800A164BF /* LjsWebSocketFormatter.m in Sources */,
				F590BEA614542E5C00E5B89B /* DDFileLogger+CurrentFile.m in Sources */,
				F590BEA714542E5C00E5B89B /* LjsFileManager.m in Sources */,
				F5302D2614557BD900FDD946 /* LjsWebSocket.m in Sources */,
				F5707AC31461514B003726FE /* DDAbstractDatabaseLogger.m in Sources */,
				F5707AC41461514B003726FE /* DDASLLogger.m in Sources */,
				F5707AC51461514B003726FE /* DDFileLogger.m in Sources */,
				F5707AC61461514B003726FE /* DDLog.m in Sources */,
				F5707AC71461514B003726FE /* DDTTYLogger.m in Sources */,
				F5707AC81461514B003726FE /* ContextFilterLogFormatter.m in Sources */,
				F5707AC91461514B003726FE /* DispatchQueueLogFormatter.m in Sources */,
				F5707AEB1461515E003726FE /* DDData.m in Sources */,
				F5707AEC1461515E003726FE /* DDNumber.m in Sources */,
				F5707AED1461515E003726FE /* DDRange.m in Sources */,
				F5707AEE1461515E003726FE /* GCDAsyncSocket.m in Sources */,
				F5707AEF1461515E003726FE /* HTTPAsyncFileResponse.m in Sources */,
				F5707AF01461515E003726FE /* HTTPAuthenticationRequest.m in Sources */,
				F5707AF11461515E003726FE /* HTTPConnection.m in Sources */,
				F5707AF21461515E003726FE /* HTTPDataResponse.m in Sources */,
				F5707AF31461515E003726FE /* HTTPDynamicFileResponse.m in Sources */,
				F5707AF41461515E003726FE /* HTTPFileResponse.m in Sources */,
				F5707AF51461515E003726FE /* HTTPMessage.m in Sources */,
				F5707AF61461515F003726FE /* HTTPRedirectResponse.m in Sources */,
				F5707AF71461515F003726FE /* HTTPServer.m in Sources */,
				F5707AF91461515F003726FE /* WebSocket.m in Sources */,
			);
			runOnlyForDeploymentPostprocessing = 0;
		};
/* End PBXSourcesBuildPhase section */

/* Begin PBXVariantGroup section */
		F50185A7145196340053A064 /* InfoPlist.strings */ = {
			isa = PBXVariantGroup;
			children = (
				F50185A8145196340053A064 /* en */,
			);
			name = InfoPlist.strings;
			sourceTree = "<group>";
		};
		F50185B3145196340053A064 /* LJSViewController_iPhone.xib */ = {
			isa = PBXVariantGroup;
			children = (
				F50185B4145196340053A064 /* en */,
			);
			name = LJSViewController_iPhone.xib;
			sourceTree = "<group>";
		};
		F50185B6145196340053A064 /* LJSViewController_iPad.xib */ = {
			isa = PBXVariantGroup;
			children = (
				F50185B7145196340053A064 /* en */,
			);
			name = LJSViewController_iPad.xib;
			sourceTree = "<group>";
		};
/* End PBXVariantGroup section */

/* Begin XCBuildConfiguration section */
		F50185B9145196340053A064 /* Debug */ = {
			isa = XCBuildConfiguration;
			buildSettings = {
				ALWAYS_SEARCH_USER_PATHS = NO;
				ARCHS = (
					armv6,
					"$(ARCHS_STANDARD_32_BIT)",
				);
				"CODE_SIGN_IDENTITY[sdk=iphoneos*]" = "iPhone Developer";
				COPY_PHASE_STRIP = NO;
				GCC_C_LANGUAGE_STANDARD = gnu99;
				GCC_DYNAMIC_NO_PIC = NO;
				GCC_OPTIMIZATION_LEVEL = 0;
				GCC_PREPROCESSOR_DEFINITIONS = (
					"DEBUG=1",
					"$(inherited)",
				);
				GCC_SYMBOLS_PRIVATE_EXTERN = NO;
				GCC_VERSION = com.apple.compilers.llvm.clang.1_0;
				GCC_WARN_ABOUT_MISSING_PROTOTYPES = YES;
				GCC_WARN_ABOUT_RETURN_TYPE = YES;
				GCC_WARN_UNUSED_VARIABLE = YES;
				IPHONEOS_DEPLOYMENT_TARGET = 4.2;
				SDKROOT = iphoneos;
				TARGETED_DEVICE_FAMILY = "1,2";
			};
			name = Debug;
		};
		F50185BA145196340053A064 /* Release */ = {
			isa = XCBuildConfiguration;
			buildSettings = {
				ALWAYS_SEARCH_USER_PATHS = NO;
				ARCHS = (
					armv6,
					"$(ARCHS_STANDARD_32_BIT)",
				);
				"CODE_SIGN_IDENTITY[sdk=iphoneos*]" = "iPhone Developer";
				COPY_PHASE_STRIP = YES;
				GCC_C_LANGUAGE_STANDARD = gnu99;
				GCC_VERSION = com.apple.compilers.llvm.clang.1_0;
				GCC_WARN_ABOUT_MISSING_PROTOTYPES = YES;
				GCC_WARN_ABOUT_RETURN_TYPE = YES;
				GCC_WARN_UNUSED_VARIABLE = YES;
				IPHONEOS_DEPLOYMENT_TARGET = 4.2;
				OTHER_CFLAGS = "-DNS_BLOCK_ASSERTIONS=1";
				SDKROOT = iphoneos;
				TARGETED_DEVICE_FAMILY = "1,2";
				VALIDATE_PRODUCT = YES;
			};
			name = Release;
		};
		F50185BC145196340053A064 /* Debug */ = {
			isa = XCBuildConfiguration;
			buildSettings = {
				"CODE_SIGN_IDENTITY[sdk=iphoneos*]" = "iPhone Developer: Joshua Moody (8QEQJFT59F)";
				GCC_PRECOMPILE_PREFIX_HEADER = YES;
				GCC_PREFIX_HEADER = "Test-LumberjackHTTPLogging/Test-LumberjackHTTPLogging-Prefix.pch";
				GCC_PREPROCESSOR_DEFINITIONS_NOT_USED_IN_PRECOMPS = LOG_CONFIGURATION_DEBUG;
				GCC_VERSION = "";
				INFOPLIST_FILE = "Test-LumberjackHTTPLogging/Test-LumberjackHTTPLogging-Info.plist";
				IPHONEOS_DEPLOYMENT_TARGET = 4.2;
				PRODUCT_NAME = "$(TARGET_NAME)";
				"PROVISIONING_PROFILE[sdk=iphoneos*]" = "C9350E76-9459-463D-BEEE-A00CE9EE1BE3";
				WRAPPER_EXTENSION = app;
			};
			name = Debug;
		};
		F50185BD145196340053A064 /* Release */ = {
			isa = XCBuildConfiguration;
			buildSettings = {
				GCC_PRECOMPILE_PREFIX_HEADER = YES;
				GCC_PREFIX_HEADER = "Test-LumberjackHTTPLogging/Test-LumberjackHTTPLogging-Prefix.pch";
				GCC_PREPROCESSOR_DEFINITIONS_NOT_USED_IN_PRECOMPS = LOG_CONFIGURATION_DEBUG;
				GCC_VERSION = "";
				INFOPLIST_FILE = "Test-LumberjackHTTPLogging/Test-LumberjackHTTPLogging-Info.plist";
				IPHONEOS_DEPLOYMENT_TARGET = 4.2;
				PRODUCT_NAME = "$(TARGET_NAME)";
				WRAPPER_EXTENSION = app;
			};
			name = Release;
		};
/* End XCBuildConfiguration section */

/* Begin XCConfigurationList section */
		F5018594145196340053A064 /* Build configuration list for PBXProject "Test-LumberjackHTTPLogging" */ = {
			isa = XCConfigurationList;
			buildConfigurations = (
				F50185B9145196340053A064 /* Debug */,
				F50185BA145196340053A064 /* Release */,
			);
			defaultConfigurationIsVisible = 0;
			defaultConfigurationName = Release;
		};
		F50185BB145196340053A064 /* Build configuration list for PBXNativeTarget "Test-LumberjackHTTPLogging" */ = {
			isa = XCConfigurationList;
			buildConfigurations = (
				F50185BC145196340053A064 /* Debug */,
				F50185BD145196340053A064 /* Release */,
			);
			defaultConfigurationIsVisible = 0;
			defaultConfigurationName = Release;
		};
/* End XCConfigurationList section */
	};
	rootObject = F5018591145196340053A064 /* Project object */;
}
