// !$*UTF8*$!
{
	archiveVersion = 1;
	classes = {
	};
	objectVersion = 46;
	objects = {

/* Begin PBXBuildFile section */
		F501859F145196340053A064 /* UIKit.framework in Frameworks */ = {isa = PBXBuildFile; fileRef = F501859E145196340053A064 /* UIKit.framework */; };
		F50185A1145196340053A064 /* Foundation.framework in Frameworks */ = {isa = PBXBuildFile; fileRef = F50185A0145196340053A064 /* Foundation.framework */; };
		F50185A3145196340053A064 /* CoreGraphics.framework in Frameworks */ = {isa = PBXBuildFile; fileRef = F50185A2145196340053A064 /* CoreGraphics.framework */; };
		F50185A9145196340053A064 /* InfoPlist.strings in Resources */ = {isa = PBXBuildFile; fileRef = F50185A7145196340053A064 /* InfoPlist.strings */; };
		F50185AB145196340053A064 /* main.m in Sources */ = {isa = PBXBuildFile; fileRef = F50185AA145196340053A064 /* main.m */; };
		F50185AF145196340053A064 /* LJSAppDelegate.m in Sources */ = {isa = PBXBuildFile; fileRef = F50185AE145196340053A064 /* LJSAppDelegate.m */; };
		F50185B2145196340053A064 /* LJSViewController.m in Sources */ = {isa = PBXBuildFile; fileRef = F50185B1145196340053A064 /* LJSViewController.m */; };
		F50185B5145196340053A064 /* LJSViewController_iPhone.xib in Resources */ = {isa = PBXBuildFile; fileRef = F50185B3145196340053A064 /* LJSViewController_iPhone.xib */; };
		F50185B8145196340053A064 /* LJSViewController_iPad.xib in Resources */ = {isa = PBXBuildFile; fileRef = F50185B6145196340053A064 /* LJSViewController_iPad.xib */; };
		F5018633145198760053A064 /* config-for-debug-and-release-block.txt in Resources */ = {isa = PBXBuildFile; fileRef = F5018627145198760053A064 /* config-for-debug-and-release-block.txt */; };
		F5018634145198760053A064 /* LjsDefaultFormatter.m in Sources */ = {isa = PBXBuildFile; fileRef = F5018629145198760053A064 /* LjsDefaultFormatter.m */; };
		F5018635145198760053A064 /* LjsMessageBuilder.m in Sources */ = {isa = PBXBuildFile; fileRef = F501862C145198760053A064 /* LjsMessageBuilder.m */; };
		F5018649145199400053A064 /* LjsHTTPFileLogger.m in Sources */ = {isa = PBXBuildFile; fileRef = F5018643145199400053A064 /* LjsHTTPFileLogger.m */; };
		F501864A145199400053A064 /* LjsHTTPLogConnection.m in Sources */ = {isa = PBXBuildFile; fileRef = F5018646145199400053A064 /* LjsHTTPLogConnection.m */; };
		F501864D1451A4C20053A064 /* CFNetwork.framework in Frameworks */ = {isa = PBXBuildFile; fileRef = F501864C1451A4C20053A064 /* CFNetwork.framework */; };
		F5302D2614557BD900FDD946 /* LjsWebSocket.m in Sources */ = {isa = PBXBuildFile; fileRef = F5302D2514557BD900FDD946 /* LjsWebSocket.m */; };
		F590BEA614542E5C00E5B89B /* DDFileLogger+CurrentFile.m in Sources */ = {isa = PBXBuildFile; fileRef = F590BEA314542E5C00E5B89B /* DDFileLogger+CurrentFile.m */; };
		F590BEA714542E5C00E5B89B /* LjsFileManager.m in Sources */ = {isa = PBXBuildFile; fileRef = F590BEA514542E5C00E5B89B /* LjsFileManager.m */; };
		F5B0E9801461981E00CA24F5 /* DDAbstractDatabaseLogger.m in Sources */ = {isa = PBXBuildFile; fileRef = F5B0E9711461981E00CA24F5 /* DDAbstractDatabaseLogger.m */; settings = {COMPILER_FLAGS = "-fobjc-arc"; }; };
		F5B0E9811461981E00CA24F5 /* DDASLLogger.m in Sources */ = {isa = PBXBuildFile; fileRef = F5B0E9731461981E00CA24F5 /* DDASLLogger.m */; settings = {COMPILER_FLAGS = "-fobjc-arc"; }; };
		F5B0E9821461981E00CA24F5 /* DDFileLogger.m in Sources */ = {isa = PBXBuildFile; fileRef = F5B0E9751461981E00CA24F5 /* DDFileLogger.m */; settings = {COMPILER_FLAGS = "-fobjc-arc"; }; };
		F5B0E9831461981E00CA24F5 /* DDLog.m in Sources */ = {isa = PBXBuildFile; fileRef = F5B0E9771461981E00CA24F5 /* DDLog.m */; settings = {COMPILER_FLAGS = "-fobjc-arc"; }; };
		F5B0E9841461981E00CA24F5 /* DDTTYLogger.m in Sources */ = {isa = PBXBuildFile; fileRef = F5B0E9791461981E00CA24F5 /* DDTTYLogger.m */; settings = {COMPILER_FLAGS = "-fobjc-arc"; }; };
		F5B0E9851461981E00CA24F5 /* ContextFilterLogFormatter.m in Sources */ = {isa = PBXBuildFile; fileRef = F5B0E97C1461981E00CA24F5 /* ContextFilterLogFormatter.m */; settings = {COMPILER_FLAGS = "-fobjc-arc"; }; };
		F5B0E9861461981E00CA24F5 /* DispatchQueueLogFormatter.m in Sources */ = {isa = PBXBuildFile; fileRef = F5B0E97E1461981E00CA24F5 /* DispatchQueueLogFormatter.m */; settings = {COMPILER_FLAGS = "-fobjc-arc"; }; };
		F5B0E9871461981E00CA24F5 /* README.txt in Resources */ = {isa = PBXBuildFile; fileRef = F5B0E97F1461981E00CA24F5 /* README.txt */; };
		F5B0E9C214619B3800CA24F5 /* WebSocketLogger.m in Sources */ = {isa = PBXBuildFile; fileRef = F5B0E9C114619B3800CA24F5 /* WebSocketLogger.m */; };
		F5B0E9C414619B6E00CA24F5 /* Web in Resources */ = {isa = PBXBuildFile; fileRef = F5B0E9C314619B6E00CA24F5 /* Web */; };
		F5B0E9C714619BBA00CA24F5 /* LjsHttpLogManager.m in Sources */ = {isa = PBXBuildFile; fileRef = F5B0E9C614619BBA00CA24F5 /* LjsHttpLogManager.m */; };
		F5C4EC2114B43FD500F7FE1D /* DDData.m in Sources */ = {isa = PBXBuildFile; fileRef = F5C4EC0514B43FD500F7FE1D /* DDData.m */; };
		F5C4EC2214B43FD500F7FE1D /* DDNumber.m in Sources */ = {isa = PBXBuildFile; fileRef = F5C4EC0714B43FD500F7FE1D /* DDNumber.m */; };
		F5C4EC2314B43FD500F7FE1D /* DDRange.m in Sources */ = {isa = PBXBuildFile; fileRef = F5C4EC0914B43FD500F7FE1D /* DDRange.m */; };
		F5C4EC2414B43FD500F7FE1D /* HTTPAuthenticationRequest.m in Sources */ = {isa = PBXBuildFile; fileRef = F5C4EC0B14B43FD500F7FE1D /* HTTPAuthenticationRequest.m */; };
		F5C4EC2514B43FD500F7FE1D /* HTTPConnection.m in Sources */ = {isa = PBXBuildFile; fileRef = F5C4EC0D14B43FD500F7FE1D /* HTTPConnection.m */; };
		F5C4EC2614B43FD500F7FE1D /* HTTPMessage.m in Sources */ = {isa = PBXBuildFile; fileRef = F5C4EC1014B43FD500F7FE1D /* HTTPMessage.m */; };
		F5C4EC2714B43FD500F7FE1D /* HTTPServer.m in Sources */ = {isa = PBXBuildFile; fileRef = F5C4EC1314B43FD500F7FE1D /* HTTPServer.m */; };
		F5C4EC2814B43FD500F7FE1D /* HTTPAsyncFileResponse.m in Sources */ = {isa = PBXBuildFile; fileRef = F5C4EC1614B43FD500F7FE1D /* HTTPAsyncFileResponse.m */; };
		F5C4EC2914B43FD500F7FE1D /* HTTPDataResponse.m in Sources */ = {isa = PBXBuildFile; fileRef = F5C4EC1814B43FD500F7FE1D /* HTTPDataResponse.m */; };
		F5C4EC2A14B43FD500F7FE1D /* HTTPDynamicFileResponse.m in Sources */ = {isa = PBXBuildFile; fileRef = F5C4EC1A14B43FD500F7FE1D /* HTTPDynamicFileResponse.m */; };
		F5C4EC2B14B43FD500F7FE1D /* HTTPFileResponse.m in Sources */ = {isa = PBXBuildFile; fileRef = F5C4EC1C14B43FD500F7FE1D /* HTTPFileResponse.m */; };
		F5C4EC2C14B43FD500F7FE1D /* HTTPRedirectResponse.m in Sources */ = {isa = PBXBuildFile; fileRef = F5C4EC1E14B43FD500F7FE1D /* HTTPRedirectResponse.m */; };
		F5C4EC2D14B43FD500F7FE1D /* WebSocket.m in Sources */ = {isa = PBXBuildFile; fileRef = F5C4EC2014B43FD500F7FE1D /* WebSocket.m */; };
		F5C4ECFB14B4401E00F7FE1D /* Documentation.html in Resources */ = {isa = PBXBuildFile; fileRef = F5C4EC2F14B4401D00F7FE1D /* Documentation.html */; };
		F5C4ECFC14B4401E00F7FE1D /* GCDAsyncSocket.m in Sources */ = {isa = PBXBuildFile; fileRef = F5C4EC3114B4401D00F7FE1D /* GCDAsyncSocket.m */; };
		F5C4ECFD14B4401E00F7FE1D /* GCDAsyncUdpSocket.m in Sources */ = {isa = PBXBuildFile; fileRef = F5C4EC3314B4401D00F7FE1D /* GCDAsyncUdpSocket.m */; };
		F5E6C13D1451E5D100A164BF /* LjsWebSocketLogger.m in Sources */ = {isa = PBXBuildFile; fileRef = F5E6C13C1451E5D100A164BF /* LjsWebSocketLogger.m */; };
		F5E6C1411451E89800A164BF /* LjsWebSocketFormatter.m in Sources */ = {isa = PBXBuildFile; fileRef = F5E6C1401451E89800A164BF /* LjsWebSocketFormatter.m */; };
/* End PBXBuildFile section */

/* Begin PBXFileReference section */
		F501859A145196340053A064 /* Test-LumberjackHTTPLogging.app */ = {isa = PBXFileReference; explicitFileType = wrapper.application; includeInIndex = 0; path = "Test-LumberjackHTTPLogging.app"; sourceTree = BUILT_PRODUCTS_DIR; };
		F501859E145196340053A064 /* UIKit.framework */ = {isa = PBXFileReference; lastKnownFileType = wrapper.framework; name = UIKit.framework; path = System/Library/Frameworks/UIKit.framework; sourceTree = SDKROOT; };
		F50185A0145196340053A064 /* Foundation.framework */ = {isa = PBXFileReference; lastKnownFileType = wrapper.framework; name = Foundation.framework; path = System/Library/Frameworks/Foundation.framework; sourceTree = SDKROOT; };
		F50185A2145196340053A064 /* CoreGraphics.framework */ = {isa = PBXFileReference; lastKnownFileType = wrapper.framework; name = CoreGraphics.framework; path = System/Library/Frameworks/CoreGraphics.framework; sourceTree = SDKROOT; };
		F50185A6145196340053A064 /* Test-LumberjackHTTPLogging-Info.plist */ = {isa = PBXFileReference; lastKnownFileType = text.plist.xml; path = "Test-LumberjackHTTPLogging-Info.plist"; sourceTree = "<group>"; };
		F50185A8145196340053A064 /* en */ = {isa = PBXFileReference; lastKnownFileType = text.plist.strings; name = en; path = en.lproj/InfoPlist.strings; sourceTree = "<group>"; };
		F50185AA145196340053A064 /* main.m */ = {isa = PBXFileReference; lastKnownFileType = sourcecode.c.objc; path = main.m; sourceTree = "<group>"; };
		F50185AC145196340053A064 /* Test-LumberjackHTTPLogging-Prefix.pch */ = {isa = PBXFileReference; lastKnownFileType = sourcecode.c.h; path = "Test-LumberjackHTTPLogging-Prefix.pch"; sourceTree = "<group>"; };
		F50185AD145196340053A064 /* LJSAppDelegate.h */ = {isa = PBXFileReference; lastKnownFileType = sourcecode.c.h; path = LJSAppDelegate.h; sourceTree = "<group>"; };
		F50185AE145196340053A064 /* LJSAppDelegate.m */ = {isa = PBXFileReference; lastKnownFileType = sourcecode.c.objc; path = LJSAppDelegate.m; sourceTree = "<group>"; };
		F50185B0145196340053A064 /* LJSViewController.h */ = {isa = PBXFileReference; lastKnownFileType = sourcecode.c.h; path = LJSViewController.h; sourceTree = "<group>"; };
		F50185B1145196340053A064 /* LJSViewController.m */ = {isa = PBXFileReference; lastKnownFileType = sourcecode.c.objc; path = LJSViewController.m; sourceTree = "<group>"; };
		F50185B4145196340053A064 /* en */ = {isa = PBXFileReference; lastKnownFileType = file.xib; name = en; path = en.lproj/LJSViewController_iPhone.xib; sourceTree = "<group>"; };
		F50185B7145196340053A064 /* en */ = {isa = PBXFileReference; lastKnownFileType = file.xib; name = en; path = en.lproj/LJSViewController_iPad.xib; sourceTree = "<group>"; };
		F5018627145198760053A064 /* config-for-debug-and-release-block.txt */ = {isa = PBXFileReference; fileEncoding = 4; lastKnownFileType = text; path = "config-for-debug-and-release-block.txt"; sourceTree = "<group>"; };
		F5018628145198760053A064 /* LjsDefaultFormatter.h */ = {isa = PBXFileReference; fileEncoding = 4; lastKnownFileType = sourcecode.c.h; path = LjsDefaultFormatter.h; sourceTree = "<group>"; };
		F5018629145198760053A064 /* LjsDefaultFormatter.m */ = {isa = PBXFileReference; fileEncoding = 4; lastKnownFileType = sourcecode.c.objc; path = LjsDefaultFormatter.m; sourceTree = "<group>"; };
		F501862A145198760053A064 /* LjsLog.h */ = {isa = PBXFileReference; fileEncoding = 4; lastKnownFileType = sourcecode.c.h; path = LjsLog.h; sourceTree = "<group>"; };
		F501862B145198760053A064 /* LjsMessageBuilder.h */ = {isa = PBXFileReference; fileEncoding = 4; lastKnownFileType = sourcecode.c.h; path = LjsMessageBuilder.h; sourceTree = "<group>"; };
		F501862C145198760053A064 /* LjsMessageBuilder.m */ = {isa = PBXFileReference; fileEncoding = 4; lastKnownFileType = sourcecode.c.objc; path = LjsMessageBuilder.m; sourceTree = "<group>"; };
		F5018631145198760053A064 /* Lumberjack.h */ = {isa = PBXFileReference; fileEncoding = 4; lastKnownFileType = sourcecode.c.h; path = Lumberjack.h; sourceTree = "<group>"; };
		F5018642145199400053A064 /* LjsHTTPFileLogger.h */ = {isa = PBXFileReference; fileEncoding = 4; lastKnownFileType = sourcecode.c.h; path = LjsHTTPFileLogger.h; sourceTree = "<group>"; };
		F5018643145199400053A064 /* LjsHTTPFileLogger.m */ = {isa = PBXFileReference; fileEncoding = 4; lastKnownFileType = sourcecode.c.objc; path = LjsHTTPFileLogger.m; sourceTree = "<group>"; };
		F5018644145199400053A064 /* LjsHTTPLog.h */ = {isa = PBXFileReference; fileEncoding = 4; lastKnownFileType = sourcecode.c.h; path = LjsHTTPLog.h; sourceTree = "<group>"; };
		F5018645145199400053A064 /* LjsHTTPLogConnection.h */ = {isa = PBXFileReference; fileEncoding = 4; lastKnownFileType = sourcecode.c.h; path = LjsHTTPLogConnection.h; sourceTree = "<group>"; };
		F5018646145199400053A064 /* LjsHTTPLogConnection.m */ = {isa = PBXFileReference; fileEncoding = 4; lastKnownFileType = sourcecode.c.objc; path = LjsHTTPLogConnection.m; sourceTree = "<group>"; };
		F501864C1451A4C20053A064 /* CFNetwork.framework */ = {isa = PBXFileReference; lastKnownFileType = wrapper.framework; name = CFNetwork.framework; path = System/Library/Frameworks/CFNetwork.framework; sourceTree = SDKROOT; };
		F5302D2414557BD900FDD946 /* LjsWebSocket.h */ = {isa = PBXFileReference; fileEncoding = 4; lastKnownFileType = sourcecode.c.h; path = LjsWebSocket.h; sourceTree = "<group>"; };
		F5302D2514557BD900FDD946 /* LjsWebSocket.m */ = {isa = PBXFileReference; fileEncoding = 4; lastKnownFileType = sourcecode.c.objc; path = LjsWebSocket.m; sourceTree = "<group>"; };
		F590BEA214542E5C00E5B89B /* DDFileLogger+CurrentFile.h */ = {isa = PBXFileReference; fileEncoding = 4; lastKnownFileType = sourcecode.c.h; path = "DDFileLogger+CurrentFile.h"; sourceTree = "<group>"; };
		F590BEA314542E5C00E5B89B /* DDFileLogger+CurrentFile.m */ = {isa = PBXFileReference; fileEncoding = 4; lastKnownFileType = sourcecode.c.objc; path = "DDFileLogger+CurrentFile.m"; sourceTree = "<group>"; };
		F590BEA414542E5C00E5B89B /* LjsFileManager.h */ = {isa = PBXFileReference; fileEncoding = 4; lastKnownFileType = sourcecode.c.h; path = LjsFileManager.h; sourceTree = "<group>"; };
		F590BEA514542E5C00E5B89B /* LjsFileManager.m */ = {isa = PBXFileReference; fileEncoding = 4; lastKnownFileType = sourcecode.c.objc; path = LjsFileManager.m; sourceTree = "<group>"; };
		F5B0E9701461981E00CA24F5 /* DDAbstractDatabaseLogger.h */ = {isa = PBXFileReference; fileEncoding = 4; lastKnownFileType = sourcecode.c.h; path = DDAbstractDatabaseLogger.h; sourceTree = "<group>"; };
		F5B0E9711461981E00CA24F5 /* DDAbstractDatabaseLogger.m */ = {isa = PBXFileReference; fileEncoding = 4; lastKnownFileType = sourcecode.c.objc; path = DDAbstractDatabaseLogger.m; sourceTree = "<group>"; };
		F5B0E9721461981E00CA24F5 /* DDASLLogger.h */ = {isa = PBXFileReference; fileEncoding = 4; lastKnownFileType = sourcecode.c.h; path = DDASLLogger.h; sourceTree = "<group>"; };
		F5B0E9731461981E00CA24F5 /* DDASLLogger.m */ = {isa = PBXFileReference; fileEncoding = 4; lastKnownFileType = sourcecode.c.objc; path = DDASLLogger.m; sourceTree = "<group>"; };
		F5B0E9741461981E00CA24F5 /* DDFileLogger.h */ = {isa = PBXFileReference; fileEncoding = 4; lastKnownFileType = sourcecode.c.h; path = DDFileLogger.h; sourceTree = "<group>"; };
		F5B0E9751461981E00CA24F5 /* DDFileLogger.m */ = {isa = PBXFileReference; fileEncoding = 4; lastKnownFileType = sourcecode.c.objc; path = DDFileLogger.m; sourceTree = "<group>"; };
		F5B0E9761461981E00CA24F5 /* DDLog.h */ = {isa = PBXFileReference; fileEncoding = 4; lastKnownFileType = sourcecode.c.h; path = DDLog.h; sourceTree = "<group>"; };
		F5B0E9771461981E00CA24F5 /* DDLog.m */ = {isa = PBXFileReference; fileEncoding = 4; lastKnownFileType = sourcecode.c.objc; path = DDLog.m; sourceTree = "<group>"; };
		F5B0E9781461981E00CA24F5 /* DDTTYLogger.h */ = {isa = PBXFileReference; fileEncoding = 4; lastKnownFileType = sourcecode.c.h; path = DDTTYLogger.h; sourceTree = "<group>"; };
		F5B0E9791461981E00CA24F5 /* DDTTYLogger.m */ = {isa = PBXFileReference; fileEncoding = 4; lastKnownFileType = sourcecode.c.objc; path = DDTTYLogger.m; sourceTree = "<group>"; };
		F5B0E97B1461981E00CA24F5 /* ContextFilterLogFormatter.h */ = {isa = PBXFileReference; fileEncoding = 4; lastKnownFileType = sourcecode.c.h; path = ContextFilterLogFormatter.h; sourceTree = "<group>"; };
		F5B0E97C1461981E00CA24F5 /* ContextFilterLogFormatter.m */ = {isa = PBXFileReference; fileEncoding = 4; lastKnownFileType = sourcecode.c.objc; path = ContextFilterLogFormatter.m; sourceTree = "<group>"; };
		F5B0E97D1461981E00CA24F5 /* DispatchQueueLogFormatter.h */ = {isa = PBXFileReference; fileEncoding = 4; lastKnownFileType = sourcecode.c.h; path = DispatchQueueLogFormatter.h; sourceTree = "<group>"; };
		F5B0E97E1461981E00CA24F5 /* DispatchQueueLogFormatter.m */ = {isa = PBXFileReference; fileEncoding = 4; lastKnownFileType = sourcecode.c.objc; path = DispatchQueueLogFormatter.m; sourceTree = "<group>"; };
		F5B0E97F1461981E00CA24F5 /* README.txt */ = {isa = PBXFileReference; fileEncoding = 4; lastKnownFileType = text; path = README.txt; sourceTree = "<group>"; };
		F5B0E9C014619B3800CA24F5 /* WebSocketLogger.h */ = {isa = PBXFileReference; fileEncoding = 4; lastKnownFileType = sourcecode.c.h; name = WebSocketLogger.h; path = ../CocoaLumberjack/Xcode/WebServerIPhone/Classes/WebSocketLogger.h; sourceTree = "<group>"; };
		F5B0E9C114619B3800CA24F5 /* WebSocketLogger.m */ = {isa = PBXFileReference; fileEncoding = 4; lastKnownFileType = sourcecode.c.objc; name = WebSocketLogger.m; path = ../CocoaLumberjack/Xcode/WebServerIPhone/Classes/WebSocketLogger.m; sourceTree = "<group>"; };
		F5B0E9C314619B6E00CA24F5 /* Web */ = {isa = PBXFileReference; lastKnownFileType = folder; name = Web; path = ../CocoaLumberjack/Xcode/WebServerIPhone/Web; sourceTree = "<group>"; };
		F5B0E9C514619BBA00CA24F5 /* LjsHttpLogManager.h */ = {isa = PBXFileReference; fileEncoding = 4; lastKnownFileType = sourcecode.c.h; path = LjsHttpLogManager.h; sourceTree = "<group>"; };
		F5B0E9C614619BBA00CA24F5 /* LjsHttpLogManager.m */ = {isa = PBXFileReference; fileEncoding = 4; lastKnownFileType = sourcecode.c.objc; path = LjsHttpLogManager.m; sourceTree = "<group>"; };
		F5C4EC0414B43FD500F7FE1D /* DDData.h */ = {isa = PBXFileReference; fileEncoding = 4; lastKnownFileType = sourcecode.c.h; path = DDData.h; sourceTree = "<group>"; };
		F5C4EC0514B43FD500F7FE1D /* DDData.m */ = {isa = PBXFileReference; fileEncoding = 4; lastKnownFileType = sourcecode.c.objc; path = DDData.m; sourceTree = "<group>"; };
		F5C4EC0614B43FD500F7FE1D /* DDNumber.h */ = {isa = PBXFileReference; fileEncoding = 4; lastKnownFileType = sourcecode.c.h; path = DDNumber.h; sourceTree = "<group>"; };
		F5C4EC0714B43FD500F7FE1D /* DDNumber.m */ = {isa = PBXFileReference; fileEncoding = 4; lastKnownFileType = sourcecode.c.objc; path = DDNumber.m; sourceTree = "<group>"; };
		F5C4EC0814B43FD500F7FE1D /* DDRange.h */ = {isa = PBXFileReference; fileEncoding = 4; lastKnownFileType = sourcecode.c.h; path = DDRange.h; sourceTree = "<group>"; };
		F5C4EC0914B43FD500F7FE1D /* DDRange.m */ = {isa = PBXFileReference; fileEncoding = 4; lastKnownFileType = sourcecode.c.objc; path = DDRange.m; sourceTree = "<group>"; };
		F5C4EC0A14B43FD500F7FE1D /* HTTPAuthenticationRequest.h */ = {isa = PBXFileReference; fileEncoding = 4; lastKnownFileType = sourcecode.c.h; path = HTTPAuthenticationRequest.h; sourceTree = "<group>"; };
		F5C4EC0B14B43FD500F7FE1D /* HTTPAuthenticationRequest.m */ = {isa = PBXFileReference; fileEncoding = 4; lastKnownFileType = sourcecode.c.objc; path = HTTPAuthenticationRequest.m; sourceTree = "<group>"; };
		F5C4EC0C14B43FD500F7FE1D /* HTTPConnection.h */ = {isa = PBXFileReference; fileEncoding = 4; lastKnownFileType = sourcecode.c.h; path = HTTPConnection.h; sourceTree = "<group>"; };
		F5C4EC0D14B43FD500F7FE1D /* HTTPConnection.m */ = {isa = PBXFileReference; fileEncoding = 4; lastKnownFileType = sourcecode.c.objc; path = HTTPConnection.m; sourceTree = "<group>"; };
		F5C4EC0E14B43FD500F7FE1D /* HTTPLogging.h */ = {isa = PBXFileReference; fileEncoding = 4; lastKnownFileType = sourcecode.c.h; path = HTTPLogging.h; sourceTree = "<group>"; };
		F5C4EC0F14B43FD500F7FE1D /* HTTPMessage.h */ = {isa = PBXFileReference; fileEncoding = 4; lastKnownFileType = sourcecode.c.h; path = HTTPMessage.h; sourceTree = "<group>"; };
		F5C4EC1014B43FD500F7FE1D /* HTTPMessage.m */ = {isa = PBXFileReference; fileEncoding = 4; lastKnownFileType = sourcecode.c.objc; path = HTTPMessage.m; sourceTree = "<group>"; };
		F5C4EC1114B43FD500F7FE1D /* HTTPResponse.h */ = {isa = PBXFileReference; fileEncoding = 4; lastKnownFileType = sourcecode.c.h; path = HTTPResponse.h; sourceTree = "<group>"; };
		F5C4EC1214B43FD500F7FE1D /* HTTPServer.h */ = {isa = PBXFileReference; fileEncoding = 4; lastKnownFileType = sourcecode.c.h; path = HTTPServer.h; sourceTree = "<group>"; };
		F5C4EC1314B43FD500F7FE1D /* HTTPServer.m */ = {isa = PBXFileReference; fileEncoding = 4; lastKnownFileType = sourcecode.c.objc; path = HTTPServer.m; sourceTree = "<group>"; };
		F5C4EC1514B43FD500F7FE1D /* HTTPAsyncFileResponse.h */ = {isa = PBXFileReference; fileEncoding = 4; lastKnownFileType = sourcecode.c.h; path = HTTPAsyncFileResponse.h; sourceTree = "<group>"; };
		F5C4EC1614B43FD500F7FE1D /* HTTPAsyncFileResponse.m */ = {isa = PBXFileReference; fileEncoding = 4; lastKnownFileType = sourcecode.c.objc; path = HTTPAsyncFileResponse.m; sourceTree = "<group>"; };
		F5C4EC1714B43FD500F7FE1D /* HTTPDataResponse.h */ = {isa = PBXFileReference; fileEncoding = 4; lastKnownFileType = sourcecode.c.h; path = HTTPDataResponse.h; sourceTree = "<group>"; };
		F5C4EC1814B43FD500F7FE1D /* HTTPDataResponse.m */ = {isa = PBXFileReference; fileEncoding = 4; lastKnownFileType = sourcecode.c.objc; path = HTTPDataResponse.m; sourceTree = "<group>"; };
		F5C4EC1914B43FD500F7FE1D /* HTTPDynamicFileResponse.h */ = {isa = PBXFileReference; fileEncoding = 4; lastKnownFileType = sourcecode.c.h; path = HTTPDynamicFileResponse.h; sourceTree = "<group>"; };
		F5C4EC1A14B43FD500F7FE1D /* HTTPDynamicFileResponse.m */ = {isa = PBXFileReference; fileEncoding = 4; lastKnownFileType = sourcecode.c.objc; path = HTTPDynamicFileResponse.m; sourceTree = "<group>"; };
		F5C4EC1B14B43FD500F7FE1D /* HTTPFileResponse.h */ = {isa = PBXFileReference; fileEncoding = 4; lastKnownFileType = sourcecode.c.h; path = HTTPFileResponse.h; sourceTree = "<group>"; };
		F5C4EC1C14B43FD500F7FE1D /* HTTPFileResponse.m */ = {isa = PBXFileReference; fileEncoding = 4; lastKnownFileType = sourcecode.c.objc; path = HTTPFileResponse.m; sourceTree = "<group>"; };
		F5C4EC1D14B43FD500F7FE1D /* HTTPRedirectResponse.h */ = {isa = PBXFileReference; fileEncoding = 4; lastKnownFileType = sourcecode.c.h; path = HTTPRedirectResponse.h; sourceTree = "<group>"; };
		F5C4EC1E14B43FD500F7FE1D /* HTTPRedirectResponse.m */ = {isa = PBXFileReference; fileEncoding = 4; lastKnownFileType = sourcecode.c.objc; path = HTTPRedirectResponse.m; sourceTree = "<group>"; };
		F5C4EC1F14B43FD500F7FE1D /* WebSocket.h */ = {isa = PBXFileReference; fileEncoding = 4; lastKnownFileType = sourcecode.c.h; path = WebSocket.h; sourceTree = "<group>"; };
		F5C4EC2014B43FD500F7FE1D /* WebSocket.m */ = {isa = PBXFileReference; fileEncoding = 4; lastKnownFileType = sourcecode.c.objc; path = WebSocket.m; sourceTree = "<group>"; };
		F5C4EC2F14B4401D00F7FE1D /* Documentation.html */ = {isa = PBXFileReference; fileEncoding = 4; lastKnownFileType = text.html; path = Documentation.html; sourceTree = "<group>"; };
		F5C4EC3014B4401D00F7FE1D /* GCDAsyncSocket.h */ = {isa = PBXFileReference; fileEncoding = 4; lastKnownFileType = sourcecode.c.h; path = GCDAsyncSocket.h; sourceTree = "<group>"; };
		F5C4EC3114B4401D00F7FE1D /* GCDAsyncSocket.m */ = {isa = PBXFileReference; fileEncoding = 4; lastKnownFileType = sourcecode.c.objc; path = GCDAsyncSocket.m; sourceTree = "<group>"; };
		F5C4EC3214B4401D00F7FE1D /* GCDAsyncUdpSocket.h */ = {isa = PBXFileReference; fileEncoding = 4; lastKnownFileType = sourcecode.c.h; path = GCDAsyncUdpSocket.h; sourceTree = "<group>"; };
		F5C4EC3314B4401D00F7FE1D /* GCDAsyncUdpSocket.m */ = {isa = PBXFileReference; fileEncoding = 4; lastKnownFileType = sourcecode.c.objc; path = GCDAsyncUdpSocket.m; sourceTree = "<group>"; };
		F5E6C13B1451E5D100A164BF /* LjsWebSocketLogger.h */ = {isa = PBXFileReference; fileEncoding = 4; lastKnownFileType = sourcecode.c.h; path = LjsWebSocketLogger.h; sourceTree = "<group>"; };
		F5E6C13C1451E5D100A164BF /* LjsWebSocketLogger.m */ = {isa = PBXFileReference; fileEncoding = 4; lastKnownFileType = sourcecode.c.objc; path = LjsWebSocketLogger.m; sourceTree = "<group>"; };
		F5E6C13F1451E89800A164BF /* LjsWebSocketFormatter.h */ = {isa = PBXFileReference; fileEncoding = 4; lastKnownFileType = sourcecode.c.h; path = LjsWebSocketFormatter.h; sourceTree = "<group>"; };
		F5E6C1401451E89800A164BF /* LjsWebSocketFormatter.m */ = {isa = PBXFileReference; fileEncoding = 4; lastKnownFileType = sourcecode.c.objc; path = LjsWebSocketFormatter.m; sourceTree = "<group>"; };
/* End PBXFileReference section */

/* Begin PBXFrameworksBuildPhase section */
		F5018597145196340053A064 /* Frameworks */ = {
			isa = PBXFrameworksBuildPhase;
			buildActionMask = 2147483647;
			files = (
				F501859F145196340053A064 /* UIKit.framework in Frameworks */,
				F501864D1451A4C20053A064 /* CFNetwork.framework in Frameworks */,
				F50185A1145196340053A064 /* Foundation.framework in Frameworks */,
				F50185A3145196340053A064 /* CoreGraphics.framework in Frameworks */,
			);
			runOnlyForDeploymentPostprocessing = 0;
		};
/* End PBXFrameworksBuildPhase section */

/* Begin PBXGroup section */
		F501858F145196340053A064 = {
			isa = PBXGroup;
			children = (
				F5018626145198760053A064 /* Logging */,
				F50185CB145197140053A064 /* ThirdParty */,
				F5018641145199400053A064 /* LoggingHTTP */,
				F50185A4145196340053A064 /* Test-LumberjackHTTPLogging */,
				F501859D145196340053A064 /* Frameworks */,
				F501859B145196340053A064 /* Products */,
			);
			sourceTree = "<group>";
		};
		F501859B145196340053A064 /* Products */ = {
			isa = PBXGroup;
			children = (
				F501859A145196340053A064 /* Test-LumberjackHTTPLogging.app */,
			);
			name = Products;
			sourceTree = "<group>";
		};
		F501859D145196340053A064 /* Frameworks */ = {
			isa = PBXGroup;
			children = (
				F501864C1451A4C20053A064 /* CFNetwork.framework */,
				F501859E145196340053A064 /* UIKit.framework */,
				F50185A0145196340053A064 /* Foundation.framework */,
				F50185A2145196340053A064 /* CoreGraphics.framework */,
			);
			name = Frameworks;
			sourceTree = "<group>";
		};
		F50185A4145196340053A064 /* Test-LumberjackHTTPLogging */ = {
			isa = PBXGroup;
			children = (
				F50185AD145196340053A064 /* LJSAppDelegate.h */,
				F50185AE145196340053A064 /* LJSAppDelegate.m */,
				F50185B0145196340053A064 /* LJSViewController.h */,
				F50185B1145196340053A064 /* LJSViewController.m */,
				F50185B3145196340053A064 /* LJSViewController_iPhone.xib */,
				F50185B6145196340053A064 /* LJSViewController_iPad.xib */,
				F50185A5145196340053A064 /* Supporting Files */,
			);
			path = "Test-LumberjackHTTPLogging";
			sourceTree = "<group>";
		};
		F50185A5145196340053A064 /* Supporting Files */ = {
			isa = PBXGroup;
			children = (
				F50185A6145196340053A064 /* Test-LumberjackHTTPLogging-Info.plist */,
				F50185A7145196340053A064 /* InfoPlist.strings */,
				F50185AA145196340053A064 /* main.m */,
				F50185AC145196340053A064 /* Test-LumberjackHTTPLogging-Prefix.pch */,
			);
			name = "Supporting Files";
			sourceTree = "<group>";
		};
		F50185CB145197140053A064 /* ThirdParty */ = {
			isa = PBXGroup;
			children = (
				F5C4EC2E14B4401D00F7FE1D /* Cocoa GCD */,
				F5C4EC0214B43FD500F7FE1D /* Cocoa HTTP Server */,
				F5B0E96F1461981E00CA24F5 /* Lumberjack */,
				F50185F1145197480053A064 /* LumberjackWebServer-iPhone */,
			);
			name = ThirdParty;
			path = ../ThirdParty;
			sourceTree = "<group>";
		};
		F50185F1145197480053A064 /* LumberjackWebServer-iPhone */ = {
			isa = PBXGroup;
			children = (
				F5B0E9C314619B6E00CA24F5 /* Web */,
				F5B0E9C014619B3800CA24F5 /* WebSocketLogger.h */,
				F5B0E9C114619B3800CA24F5 /* WebSocketLogger.m */,
			);
			name = "LumberjackWebServer-iPhone";
			sourceTree = "<group>";
		};
		F5018626145198760053A064 /* Logging */ = {
			isa = PBXGroup;
			children = (
				F590BEA214542E5C00E5B89B /* DDFileLogger+CurrentFile.h */,
				F590BEA314542E5C00E5B89B /* DDFileLogger+CurrentFile.m */,
				F590BEA414542E5C00E5B89B /* LjsFileManager.h */,
				F590BEA514542E5C00E5B89B /* LjsFileManager.m */,
				F5018627145198760053A064 /* config-for-debug-and-release-block.txt */,
				F5018628145198760053A064 /* LjsDefaultFormatter.h */,
				F5018629145198760053A064 /* LjsDefaultFormatter.m */,
				F501862A145198760053A064 /* LjsLog.h */,
				F501862B145198760053A064 /* LjsMessageBuilder.h */,
				F501862C145198760053A064 /* LjsMessageBuilder.m */,
				F5018631145198760053A064 /* Lumberjack.h */,
			);
			name = Logging;
			path = ../Logging;
			sourceTree = "<group>";
		};
		F5018641145199400053A064 /* LoggingHTTP */ = {
			isa = PBXGroup;
			children = (
				F5018642145199400053A064 /* LjsHTTPFileLogger.h */,
				F5018643145199400053A064 /* LjsHTTPFileLogger.m */,
				F5018644145199400053A064 /* LjsHTTPLog.h */,
				F5018645145199400053A064 /* LjsHTTPLogConnection.h */,
				F5018646145199400053A064 /* LjsHTTPLogConnection.m */,
				F5E6C13B1451E5D100A164BF /* LjsWebSocketLogger.h */,
				F5E6C13C1451E5D100A164BF /* LjsWebSocketLogger.m */,
				F5E6C13F1451E89800A164BF /* LjsWebSocketFormatter.h */,
				F5E6C1401451E89800A164BF /* LjsWebSocketFormatter.m */,
				F5302D2414557BD900FDD946 /* LjsWebSocket.h */,
				F5302D2514557BD900FDD946 /* LjsWebSocket.m */,
				F5B0E9C514619BBA00CA24F5 /* LjsHttpLogManager.h */,
				F5B0E9C614619BBA00CA24F5 /* LjsHttpLogManager.m */,
			);
			name = LoggingHTTP;
			path = ../LoggingHTTP;
			sourceTree = "<group>";
		};
		F5B0E96F1461981E00CA24F5 /* Lumberjack */ = {
			isa = PBXGroup;
			children = (
				F5B0E9701461981E00CA24F5 /* DDAbstractDatabaseLogger.h */,
				F5B0E9711461981E00CA24F5 /* DDAbstractDatabaseLogger.m */,
				F5B0E9721461981E00CA24F5 /* DDASLLogger.h */,
				F5B0E9731461981E00CA24F5 /* DDASLLogger.m */,
				F5B0E9741461981E00CA24F5 /* DDFileLogger.h */,
				F5B0E9751461981E00CA24F5 /* DDFileLogger.m */,
				F5B0E9761461981E00CA24F5 /* DDLog.h */,
				F5B0E9771461981E00CA24F5 /* DDLog.m */,
				F5B0E9781461981E00CA24F5 /* DDTTYLogger.h */,
				F5B0E9791461981E00CA24F5 /* DDTTYLogger.m */,
				F5B0E97A1461981E00CA24F5 /* Extensions */,
			);
			name = Lumberjack;
			path = ../CocoaLumberjack/Lumberjack;
			sourceTree = "<group>";
		};
		F5B0E97A1461981E00CA24F5 /* Extensions */ = {
			isa = PBXGroup;
			children = (
				F5B0E97B1461981E00CA24F5 /* ContextFilterLogFormatter.h */,
				F5B0E97C1461981E00CA24F5 /* ContextFilterLogFormatter.m */,
				F5B0E97D1461981E00CA24F5 /* DispatchQueueLogFormatter.h */,
				F5B0E97E1461981E00CA24F5 /* DispatchQueueLogFormatter.m */,
				F5B0E97F1461981E00CA24F5 /* README.txt */,
			);
			path = Extensions;
			sourceTree = "<group>";
		};
		F5C4EC0214B43FD500F7FE1D /* Cocoa HTTP Server */ = {
			isa = PBXGroup;
			children = (
				F5C4EC0314B43FD500F7FE1D /* Categories */,
				F5C4EC0A14B43FD500F7FE1D /* HTTPAuthenticationRequest.h */,
				F5C4EC0B14B43FD500F7FE1D /* HTTPAuthenticationRequest.m */,
				F5C4EC0C14B43FD500F7FE1D /* HTTPConnection.h */,
				F5C4EC0D14B43FD500F7FE1D /* HTTPConnection.m */,
				F5C4EC0E14B43FD500F7FE1D /* HTTPLogging.h */,
				F5C4EC0F14B43FD500F7FE1D /* HTTPMessage.h */,
				F5C4EC1014B43FD500F7FE1D /* HTTPMessage.m */,
				F5C4EC1114B43FD500F7FE1D /* HTTPResponse.h */,
				F5C4EC1214B43FD500F7FE1D /* HTTPServer.h */,
				F5C4EC1314B43FD500F7FE1D /* HTTPServer.m */,
				F5C4EC1414B43FD500F7FE1D /* Responses */,
				F5C4EC1F14B43FD500F7FE1D /* WebSocket.h */,
				F5C4EC2014B43FD500F7FE1D /* WebSocket.m */,
			);
			name = "Cocoa HTTP Server";
			path = ../CocoaHTTPServer/Core;
			sourceTree = "<group>";
		};
		F5C4EC0314B43FD500F7FE1D /* Categories */ = {
			isa = PBXGroup;
			children = (
				F5C4EC0414B43FD500F7FE1D /* DDData.h */,
				F5C4EC0514B43FD500F7FE1D /* DDData.m */,
				F5C4EC0614B43FD500F7FE1D /* DDNumber.h */,
				F5C4EC0714B43FD500F7FE1D /* DDNumber.m */,
				F5C4EC0814B43FD500F7FE1D /* DDRange.h */,
				F5C4EC0914B43FD500F7FE1D /* DDRange.m */,
			);
			path = Categories;
			sourceTree = "<group>";
		};
		F5C4EC1414B43FD500F7FE1D /* Responses */ = {
			isa = PBXGroup;
			children = (
				F5C4EC1514B43FD500F7FE1D /* HTTPAsyncFileResponse.h */,
				F5C4EC1614B43FD500F7FE1D /* HTTPAsyncFileResponse.m */,
				F5C4EC1714B43FD500F7FE1D /* HTTPDataResponse.h */,
				F5C4EC1814B43FD500F7FE1D /* HTTPDataResponse.m */,
				F5C4EC1914B43FD500F7FE1D /* HTTPDynamicFileResponse.h */,
				F5C4EC1A14B43FD500F7FE1D /* HTTPDynamicFileResponse.m */,
				F5C4EC1B14B43FD500F7FE1D /* HTTPFileResponse.h */,
				F5C4EC1C14B43FD500F7FE1D /* HTTPFileResponse.m */,
				F5C4EC1D14B43FD500F7FE1D /* HTTPRedirectResponse.h */,
				F5C4EC1E14B43FD500F7FE1D /* HTTPRedirectResponse.m */,
			);
			path = Responses;
			sourceTree = "<group>";
		};
		F5C4EC2E14B4401D00F7FE1D /* Cocoa GCD */ = {
			isa = PBXGroup;
			children = (
				F5C4EC2F14B4401D00F7FE1D /* Documentation.html */,
				F5C4EC3014B4401D00F7FE1D /* GCDAsyncSocket.h */,
				F5C4EC3114B4401D00F7FE1D /* GCDAsyncSocket.m */,
				F5C4EC3214B4401D00F7FE1D /* GCDAsyncUdpSocket.h */,
				F5C4EC3314B4401D00F7FE1D /* GCDAsyncUdpSocket.m */,
			);
			name = "Cocoa GCD";
			path = ../CocoaAsyncSocket/GCD;
			sourceTree = "<group>";
		};
/* End PBXGroup section */

/* Begin PBXNativeTarget section */
		F5018599145196340053A064 /* Test-LumberjackHTTPLogging */ = {
			isa = PBXNativeTarget;
			buildConfigurationList = F50185BB145196340053A064 /* Build configuration list for PBXNativeTarget "Test-LumberjackHTTPLogging" */;
			buildPhases = (
				F5018596145196340053A064 /* Sources */,
				F5018597145196340053A064 /* Frameworks */,
				F5018598145196340053A064 /* Resources */,
			);
			buildRules = (
			);
			dependencies = (
			);
			name = "Test-LumberjackHTTPLogging";
			productName = "Test-LumberjackHTTPLogging";
			productReference = F501859A145196340053A064 /* Test-LumberjackHTTPLogging.app */;
			productType = "com.apple.product-type.application";
		};
/* End PBXNativeTarget section */

/* Begin PBXProject section */
		F5018591145196340053A064 /* Project object */ = {
			isa = PBXProject;
			attributes = {
				LastUpgradeCheck = 0430;
				ORGANIZATIONNAME = "Little Joy Software";
			};
			buildConfigurationList = F5018594145196340053A064 /* Build configuration list for PBXProject "Test-LumberjackHTTPLogging" */;
			compatibilityVersion = "Xcode 3.2";
			developmentRegion = English;
			hasScannedForEncodings = 0;
			knownRegions = (
				en,
				English,
			);
			mainGroup = F501858F145196340053A064;
			productRefGroup = F501859B145196340053A064 /* Products */;
			projectDirPath = "";
			projectRoot = "";
			targets = (
				F5018599145196340053A064 /* Test-LumberjackHTTPLogging */,
			);
		};
/* End PBXProject section */

/* Begin PBXResourcesBuildPhase section */
		F5018598145196340053A064 /* Resources */ = {
			isa = PBXResourcesBuildPhase;
			buildActionMask = 2147483647;
			files = (
				F50185A9145196340053A064 /* InfoPlist.strings in Resources */,
				F50185B5145196340053A064 /* LJSViewController_iPhone.xib in Resources */,
				F50185B8145196340053A064 /* LJSViewController_iPad.xib in Resources */,
				F5018633145198760053A064 /* config-for-debug-and-release-block.txt in Resources */,
				F5B0E9871461981E00CA24F5 /* README.txt in Resources */,
				F5B0E9C414619B6E00CA24F5 /* Web in Resources */,
				F5C4ECFB14B4401E00F7FE1D /* Documentation.html in Resources */,
			);
			runOnlyForDeploymentPostprocessing = 0;
		};
/* End PBXResourcesBuildPhase section */

/* Begin PBXSourcesBuildPhase section */
		F5018596145196340053A064 /* Sources */ = {
			isa = PBXSourcesBuildPhase;
			buildActionMask = 2147483647;
			files = (
				F50185AB145196340053A064 /* main.m in Sources */,
				F50185AF145196340053A064 /* LJSAppDelegate.m in Sources */,
				F50185B2145196340053A064 /* LJSViewController.m in Sources */,
				F5018634145198760053A064 /* LjsDefaultFormatter.m in Sources */,
				F5018635145198760053A064 /* LjsMessageBuilder.m in Sources */,
				F5018649145199400053A064 /* LjsHTTPFileLogger.m in Sources */,
				F501864A145199400053A064 /* LjsHTTPLogConnection.m in Sources */,
				F5E6C13D1451E5D100A164BF /* LjsWebSocketLogger.m in Sources */,
				F5E6C1411451E89800A164BF /* LjsWebSocketFormatter.m in Sources */,
				F590BEA614542E5C00E5B89B /* DDFileLogger+CurrentFile.m in Sources */,
				F590BEA714542E5C00E5B89B /* LjsFileManager.m in Sources */,
				F5302D2614557BD900FDD946 /* LjsWebSocket.m in Sources */,
				F5B0E9801461981E00CA24F5 /* DDAbstractDatabaseLogger.m in Sources */,
				F5B0E9811461981E00CA24F5 /* DDASLLogger.m in Sources */,
				F5B0E9821461981E00CA24F5 /* DDFileLogger.m in Sources */,
				F5B0E9831461981E00CA24F5 /* DDLog.m in Sources */,
				F5B0E9841461981E00CA24F5 /* DDTTYLogger.m in Sources */,
				F5B0E9851461981E00CA24F5 /* ContextFilterLogFormatter.m in Sources */,
				F5B0E9861461981E00CA24F5 /* DispatchQueueLogFormatter.m in Sources */,
				F5B0E9C214619B3800CA24F5 /* WebSocketLogger.m in Sources */,
				F5B0E9C714619BBA00CA24F5 /* LjsHttpLogManager.m in Sources */,
				F5C4EC2114B43FD500F7FE1D /* DDData.m in Sources */,
				F5C4EC2214B43FD500F7FE1D /* DDNumber.m in Sources */,
				F5C4EC2314B43FD500F7FE1D /* DDRange.m in Sources */,
				F5C4EC2414B43FD500F7FE1D /* HTTPAuthenticationRequest.m in Sources */,
				F5C4EC2514B43FD500F7FE1D /* HTTPConnection.m in Sources */,
				F5C4EC2614B43FD500F7FE1D /* HTTPMessage.m in Sources */,
				F5C4EC2714B43FD500F7FE1D /* HTTPServer.m in Sources */,
				F5C4EC2814B43FD500F7FE1D /* HTTPAsyncFileResponse.m in Sources */,
				F5C4EC2914B43FD500F7FE1D /* HTTPDataResponse.m in Sources */,
				F5C4EC2A14B43FD500F7FE1D /* HTTPDynamicFileResponse.m in Sources */,
				F5C4EC2B14B43FD500F7FE1D /* HTTPFileResponse.m in Sources */,
				F5C4EC2C14B43FD500F7FE1D /* HTTPRedirectResponse.m in Sources */,
				F5C4EC2D14B43FD500F7FE1D /* WebSocket.m in Sources */,
				F5C4ECFC14B4401E00F7FE1D /* GCDAsyncSocket.m in Sources */,
				F5C4ECFD14B4401E00F7FE1D /* GCDAsyncUdpSocket.m in Sources */,
			);
			runOnlyForDeploymentPostprocessing = 0;
		};
/* End PBXSourcesBuildPhase section */

/* Begin PBXVariantGroup section */
		F50185A7145196340053A064 /* InfoPlist.strings */ = {
			isa = PBXVariantGroup;
			children = (
				F50185A8145196340053A064 /* en */,
			);
			name = InfoPlist.strings;
			sourceTree = "<group>";
		};
		F50185B3145196340053A064 /* LJSViewController_iPhone.xib */ = {
			isa = PBXVariantGroup;
			children = (
				F50185B4145196340053A064 /* en */,
			);
			name = LJSViewController_iPhone.xib;
			sourceTree = "<group>";
		};
		F50185B6145196340053A064 /* LJSViewController_iPad.xib */ = {
			isa = PBXVariantGroup;
			children = (
				F50185B7145196340053A064 /* en */,
			);
			name = LJSViewController_iPad.xib;
			sourceTree = "<group>";
		};
/* End PBXVariantGroup section */

/* Begin XCBuildConfiguration section */
		F50185B9145196340053A064 /* Debug */ = {
			isa = XCBuildConfiguration;
			buildSettings = {
				ALWAYS_SEARCH_USER_PATHS = NO;
				ARCHS = (
					armv6,
					"$(ARCHS_STANDARD_32_BIT)",
				);
				"CODE_SIGN_IDENTITY[sdk=iphoneos*]" = "iPhone Developer";
				COPY_PHASE_STRIP = NO;
				GCC_C_LANGUAGE_STANDARD = gnu99;
				GCC_DYNAMIC_NO_PIC = NO;
				GCC_OPTIMIZATION_LEVEL = 0;
				GCC_PREPROCESSOR_DEFINITIONS = (
					"DEBUG=1",
					"$(inherited)",
				);
				GCC_SYMBOLS_PRIVATE_EXTERN = NO;
				GCC_VERSION = com.apple.compilers.llvm.clang.1_0;
				GCC_WARN_ABOUT_MISSING_PROTOTYPES = YES;
				GCC_WARN_ABOUT_RETURN_TYPE = YES;
				GCC_WARN_UNUSED_VARIABLE = YES;
				IPHONEOS_DEPLOYMENT_TARGET = 4.2;
				SDKROOT = iphoneos;
				TARGETED_DEVICE_FAMILY = "1,2";
			};
			name = Debug;
		};
		F50185BA145196340053A064 /* Release */ = {
			isa = XCBuildConfiguration;
			buildSettings = {
				ALWAYS_SEARCH_USER_PATHS = NO;
				ARCHS = (
					armv6,
					"$(ARCHS_STANDARD_32_BIT)",
				);
				"CODE_SIGN_IDENTITY[sdk=iphoneos*]" = "iPhone Developer";
				COPY_PHASE_STRIP = YES;
				GCC_C_LANGUAGE_STANDARD = gnu99;
				GCC_VERSION = com.apple.compilers.llvm.clang.1_0;
				GCC_WARN_ABOUT_MISSING_PROTOTYPES = YES;
				GCC_WARN_ABOUT_RETURN_TYPE = YES;
				GCC_WARN_UNUSED_VARIABLE = YES;
				IPHONEOS_DEPLOYMENT_TARGET = 4.2;
				OTHER_CFLAGS = "-DNS_BLOCK_ASSERTIONS=1";
				SDKROOT = iphoneos;
				TARGETED_DEVICE_FAMILY = "1,2";
				VALIDATE_PRODUCT = YES;
			};
			name = Release;
		};
		F50185BC145196340053A064 /* Debug */ = {
			isa = XCBuildConfiguration;
			buildSettings = {
				"CODE_SIGN_IDENTITY[sdk=iphoneos*]" = "iPhone Developer: Joshua Moody (8QEQJFT59F)";
				GCC_PRECOMPILE_PREFIX_HEADER = YES;
				GCC_PREFIX_HEADER = "Test-LumberjackHTTPLogging/Test-LumberjackHTTPLogging-Prefix.pch";
				GCC_PREPROCESSOR_DEFINITIONS_NOT_USED_IN_PRECOMPS = LOG_CONFIGURATION_DEBUG;
				GCC_VERSION = "";
				INFOPLIST_FILE = "Test-LumberjackHTTPLogging/Test-LumberjackHTTPLogging-Info.plist";
				IPHONEOS_DEPLOYMENT_TARGET = 4.2;
				PRODUCT_NAME = "$(TARGET_NAME)";
				"PROVISIONING_PROFILE[sdk=iphoneos*]" = "C9350E76-9459-463D-BEEE-A00CE9EE1BE3";
				WRAPPER_EXTENSION = app;
			};
			name = Debug;
		};
		F50185BD145196340053A064 /* Release */ = {
			isa = XCBuildConfiguration;
			buildSettings = {
				GCC_PRECOMPILE_PREFIX_HEADER = YES;
				GCC_PREFIX_HEADER = "Test-LumberjackHTTPLogging/Test-LumberjackHTTPLogging-Prefix.pch";
				GCC_PREPROCESSOR_DEFINITIONS_NOT_USED_IN_PRECOMPS = LOG_CONFIGURATION_DEBUG;
				GCC_VERSION = "";
				INFOPLIST_FILE = "Test-LumberjackHTTPLogging/Test-LumberjackHTTPLogging-Info.plist";
				IPHONEOS_DEPLOYMENT_TARGET = 4.2;
				PRODUCT_NAME = "$(TARGET_NAME)";
				WRAPPER_EXTENSION = app;
			};
			name = Release;
		};
/* End XCBuildConfiguration section */

/* Begin XCConfigurationList section */
		F5018594145196340053A064 /* Build configuration list for PBXProject "Test-LumberjackHTTPLogging" */ = {
			isa = XCConfigurationList;
			buildConfigurations = (
				F50185B9145196340053A064 /* Debug */,
				F50185BA145196340053A064 /* Release */,
			);
			defaultConfigurationIsVisible = 0;
			defaultConfigurationName = Release;
		};
		F50185BB145196340053A064 /* Build configuration list for PBXNativeTarget "Test-LumberjackHTTPLogging" */ = {
			isa = XCConfigurationList;
			buildConfigurations = (
				F50185BC145196340053A064 /* Debug */,
				F50185BD145196340053A064 /* Release */,
			);
			defaultConfigurationIsVisible = 0;
			defaultConfigurationName = Release;
		};
/* End XCConfigurationList section */
	};
	rootObject = F5018591145196340053A064 /* Project object */;
}
